
Microsoft Visual Studio Solution File, Format Version 12.00
# Visual Studio 15
Project("{FAE04EC0-301F-11D3-BF4B-00C04F79EFBC}") = "UnityEngine.TestRunner", "UnityEngine.TestRunner.csproj", "{783E4E58-0530-DE31-9B4E-6E7118111895}"
EndProject
Project("{FAE04EC0-301F-11D3-BF4B-00C04F79EFBC}") = "UnityEngine.UI", "UnityEngine.UI.csproj", "{93DA7ACE-437E-1607-9A4B-53FA52A74641}"
EndProject
Project("{FAE04EC0-301F-11D3-BF4B-00C04F79EFBC}") = "Unity.VisualScripting.Flow", "Unity.VisualScripting.Flow.csproj", "{FEFF2AB9-E9A2-022E-46DB-B1B4D4478522}"
EndProject
Project("{FAE04EC0-301F-11D3-BF4B-00C04F79EFBC}") = "Unity.Services.Core.Telemetry", "Unity.Services.Core.Telemetry.csproj", "{7A3F095E-01B4-66CC-FB2B-00ADC41B6991}"
EndProject
Project("{FAE04EC0-301F-11D3-BF4B-00C04F79EFBC}") = "Unity.VisualScripting.State", "Unity.VisualScripting.State.csproj", "{B06483A4-F4D2-A0BC-38E4-199EC1184581}"
EndProject
Project("{FAE04EC0-301F-11D3-BF4B-00C04F79EFBC}") = "Unity.VisualScripting.Core", "Unity.VisualScripting.Core.csproj", "{E0DA3A7B-F5DA-B77B-49CC-F8E07FB37095}"
EndProject
Project("{FAE04EC0-301F-11D3-BF4B-00C04F79EFBC}") = "Unity.Services.Core.Environments.Internal", "Unity.Services.Core.Environments.Internal.csproj", "{148A6CD9-7B14-2064-BBBC-7D76991E360E}"
EndProject
Project("{FAE04EC0-301F-11D3-BF4B-00C04F79EFBC}") = "Unity.TextMeshPro", "Unity.TextMeshPro.csproj", "{F8C6D7BC-436F-46F0-6AB1-DAFDD80E532C}"
EndProject
Project("{FAE04EC0-301F-11D3-BF4B-00C04F79EFBC}") = "Unity.Timeline", "Unity.Timeline.csproj", "{04F31C76-D4DB-2752-935D-EEFBEAD0EF3A}"
EndProject
Project("{FAE04EC0-301F-11D3-BF4B-00C04F79EFBC}") = "Assembly-CSharp", "Assembly-CSharp.csproj", "{7E9DF9C8-0F10-1792-D90A-5562E712173D}"
EndProject
Project("{FAE04EC0-301F-11D3-BF4B-00C04F79EFBC}") = "Unity.Services.Core", "Unity.Services.Core.csproj", "{B595306E-1248-E675-3524-8F4210BCF6AA}"
EndProject
Project("{FAE04EC0-301F-11D3-BF4B-00C04F79EFBC}") = "Unity.Services.Core.Environments", "Unity.Services.Core.Environments.csproj", "{FCBA4955-8D06-644C-2DC9-FCE35A8748EE}"
EndProject
Project("{FAE04EC0-301F-11D3-BF4B-00C04F79EFBC}") = "Unity.Services.Core.Internal", "Unity.Services.Core.Internal.csproj", "{18C17261-07B4-5229-E864-3256686C87BD}"
EndProject
Project("{FAE04EC0-301F-11D3-BF4B-00C04F79EFBC}") = "Unity.Services.Core.Analytics", "Unity.Services.Core.Analytics.csproj", "{FA7B140B-F216-9B5C-B187-7CF33415460B}"
EndProject
Project("{FAE04EC0-301F-11D3-BF4B-00C04F79EFBC}") = "Unity.Services.Core.Scheduler", "Unity.Services.Core.Scheduler.csproj", "{73BCE8CC-ACAB-A586-3A2B-CC9AEB3CE0F9}"
EndProject
Project("{FAE04EC0-301F-11D3-BF4B-00C04F79EFBC}") = "Assembly-CSharp-firstpass", "Assembly-CSharp-firstpass.csproj", "{7AB9D4CE-8D2A-BEE7-A4CF-5CEA3411919A}"
EndProject
Project("{FAE04EC0-301F-11D3-BF4B-00C04F79EFBC}") = "Unity.Services.Core.Registration", "Unity.Services.Core.Registration.csproj", "{4BD9F7EA-ECEE-7460-35DA-FD4B9FE4CA5C}"
EndProject
Project("{FAE04EC0-301F-11D3-BF4B-00C04F79EFBC}") = "Unity.Services.Core.Device", "Unity.Services.Core.Device.csproj", "{E282124E-E4A0-CE76-EC43-71F4C4450947}"
EndProject
Project("{FAE04EC0-301F-11D3-BF4B-00C04F79EFBC}") = "Unity.Services.Core.Threading", "Unity.Services.Core.Threading.csproj", "{96EC6E8C-F08E-89A3-C4CC-07133F8E6213}"
EndProject
Project("{FAE04EC0-301F-11D3-BF4B-00C04F79EFBC}") = "Unity.Services.Core.Networking", "Unity.Services.Core.Networking.csproj", "{6873CB5E-C293-36EC-1572-96D065C6F611}"
EndProject
Project("{FAE04EC0-301F-11D3-BF4B-00C04F79EFBC}") = "Unity.Services.Core.Configuration", "Unity.Services.Core.Configuration.csproj", "{D8FDFB09-ADD5-5395-6222-EA671F2324EA}"
EndProject
Project("{FAE04EC0-301F-11D3-BF4B-00C04F79EFBC}") = "Unity.PlasticSCM.Editor", "Unity.PlasticSCM.Editor.csproj", "{29CE655B-A450-9EAC-8AF9-ED4455A6EAC2}"
EndProject
Project("{FAE04EC0-301F-11D3-BF4B-00C04F79EFBC}") = "Unity.VisualScripting.Core.Editor", "Unity.VisualScripting.Core.Editor.csproj", "{3004B350-035F-A01C-5C9F-566A323270D8}"
EndProject
Project("{FAE04EC0-301F-11D3-BF4B-00C04F79EFBC}") = "Unity.VisualScripting.Flow.Editor", "Unity.VisualScripting.Flow.Editor.csproj", "{BAF151FF-D03E-6985-5AB8-9EE0B5359485}"
EndProject
Project("{FAE04EC0-301F-11D3-BF4B-00C04F79EFBC}") = "Unity.VisualStudio.Editor", "Unity.VisualStudio.Editor.csproj", "{6DF8188E-93FE-DCB4-02E0-D409B430A423}"
EndProject
Project("{FAE04EC0-301F-11D3-BF4B-00C04F79EFBC}") = "Unity.Timeline.Editor", "Unity.Timeline.Editor.csproj", "{CB77A13D-38EC-3E3F-959A-1E964A029333}"
EndProject
Project("{FAE04EC0-301F-11D3-BF4B-00C04F79EFBC}") = "Unity.VisualScripting.State.Editor", "Unity.VisualScripting.State.Editor.csproj", "{106CDBFE-AA0D-AA63-8166-621A59F7FCF6}"
EndProject
Project("{FAE04EC0-301F-11D3-BF4B-00C04F79EFBC}") = "Unity.TextMeshPro.Editor", "Unity.TextMeshPro.Editor.csproj", "{65461800-EB53-C4AA-8528-DEC8512E1713}"
EndProject
Project("{FAE04EC0-301F-11D3-BF4B-00C04F79EFBC}") = "Unity.VisualScripting.SettingsProvider.Editor", "Unity.VisualScripting.SettingsProvider.Editor.csproj", "{C276562E-18C5-F79A-D7F2-C8D81389FEC8}"
EndProject
Project("{FAE04EC0-301F-11D3-BF4B-00C04F79EFBC}") = "Unity.CollabProxy.Editor", "Unity.CollabProxy.Editor.csproj", "{DEEB746A-6427-76C5-7D31-CCDF8969F2F6}"
EndProject
Project("{FAE04EC0-301F-11D3-BF4B-00C04F79EFBC}") = "UnityEditor.TestRunner", "UnityEditor.TestRunner.csproj", "{7F0453DE-2CDE-DFE7-754E-32FDAC9557EC}"
EndProject
Project("{FAE04EC0-301F-11D3-BF4B-00C04F79EFBC}") = "Unity.Services.Core.Editor", "Unity.Services.Core.Editor.csproj", "{FFC16E0B-3356-35E7-0A5F-E67214DD88FF}"
EndProject
Project("{FAE04EC0-301F-11D3-BF4B-00C04F79EFBC}") = "Unity.TestTools.CodeCoverage.Editor", "Unity.TestTools.CodeCoverage.Editor.csproj", "{CD5710B3-4FDB-A03F-0019-F5750B618BD8}"
EndProject
Project("{FAE04EC0-301F-11D3-BF4B-00C04F79EFBC}") = "Unity.Rider.Editor", "Unity.Rider.Editor.csproj", "{DD955147-46D5-4CE5-CF59-97577AC51D9B}"
EndProject
Project("{FAE04EC0-301F-11D3-BF4B-00C04F79EFBC}") = "Unity.Performance.Profile-Analyzer.Editor", "Unity.Performance.Profile-Analyzer.Editor.csproj", "{A220AAC0-5396-A61A-2D2F-08FC75788272}"
EndProject
Project("{FAE04EC0-301F-11D3-BF4B-00C04F79EFBC}") = "Unity.VSCode.Editor", "Unity.VSCode.Editor.csproj", "{4CC33764-1945-93E1-2E4F-03A2347FB148}"
EndProject
Project("{FAE04EC0-301F-11D3-BF4B-00C04F79EFBC}") = "UnityEditor.UI", "UnityEditor.UI.csproj", "{70F401B3-F0A4-F208-EB7A-058CDFB776D3}"
EndProject
Project("{FAE04EC0-301F-11D3-BF4B-00C04F79EFBC}") = "Unity.TestTools.CodeCoverage.Editor.OpenCover.Model", "Unity.TestTools.CodeCoverage.Editor.OpenCover.Model.csproj", "{B0859006-544A-0995-1A6F-746A015E4124}"
EndProject
Project("{FAE04EC0-301F-11D3-BF4B-00C04F79EFBC}") = "Unity.EditorCoroutines.Editor", "Unity.EditorCoroutines.Editor.csproj", "{EB8F8726-5670-FDB6-2D35-04E2CE439492}"
EndProject
Project("{FAE04EC0-301F-11D3-BF4B-00C04F79EFBC}") = "Unity.Settings.Editor", "Unity.Settings.Editor.csproj", "{7930A42D-6A12-EAEA-6205-762376503EFE}"
EndProject
Project("{FAE04EC0-301F-11D3-BF4B-00C04F79EFBC}") = "Unity.Services.Core.Configuration.Editor", "Unity.Services.Core.Configuration.Editor.csproj", "{FE2F068A-8BE8-D450-6D5E-27AC44A223F1}"
EndProject
Project("{FAE04EC0-301F-11D3-BF4B-00C04F79EFBC}") = "Unity.TestTools.CodeCoverage.Editor.OpenCover.Mono.Reflection", "Unity.TestTools.CodeCoverage.Editor.OpenCover.Mono.Reflection.csproj", "{04F11AE8-AD15-6FE2-757A-C3F06CF569B3}"
EndProject
Project("{FAE04EC0-301F-11D3-BF4B-00C04F79EFBC}") = "Unity.VisualScripting.Shared.Editor", "Unity.VisualScripting.Shared.Editor.csproj", "{895D3B1B-C9DE-B503-C545-3B8EA123DF9D}"
EndProject
Global
	GlobalSection(SolutionConfigurationPlatforms) = preSolution
		Debug|Any CPU = Debug|Any CPU
		Release|Any CPU = Release|Any CPU
	EndGlobalSection
	GlobalSection(ProjectConfigurationPlatforms) = postSolution
		{783E4E58-0530-DE31-9B4E-6E7118111895}.Debug|Any CPU.ActiveCfg = Debug|Any CPU
		{783E4E58-0530-DE31-9B4E-6E7118111895}.Debug|Any CPU.Build.0 = Debug|Any CPU
		{783E4E58-0530-DE31-9B4E-6E7118111895}.Release|Any CPU.ActiveCfg = Release|Any CPU
		{783E4E58-0530-DE31-9B4E-6E7118111895}.Release|Any CPU.Build.0 = Release|Any CPU
		{93DA7ACE-437E-1607-9A4B-53FA52A74641}.Debug|Any CPU.ActiveCfg = Debug|Any CPU
		{93DA7ACE-437E-1607-9A4B-53FA52A74641}.Debug|Any CPU.Build.0 = Debug|Any CPU
		{93DA7ACE-437E-1607-9A4B-53FA52A74641}.Release|Any CPU.ActiveCfg = Release|Any CPU
		{93DA7ACE-437E-1607-9A4B-53FA52A74641}.Release|Any CPU.Build.0 = Release|Any CPU
		{FEFF2AB9-E9A2-022E-46DB-B1B4D4478522}.Debug|Any CPU.ActiveCfg = Debug|Any CPU
		{FEFF2AB9-E9A2-022E-46DB-B1B4D4478522}.Debug|Any CPU.Build.0 = Debug|Any CPU
		{FEFF2AB9-E9A2-022E-46DB-B1B4D4478522}.Release|Any CPU.ActiveCfg = Release|Any CPU
		{FEFF2AB9-E9A2-022E-46DB-B1B4D4478522}.Release|Any CPU.Build.0 = Release|Any CPU
		{7A3F095E-01B4-66CC-FB2B-00ADC41B6991}.Debug|Any CPU.ActiveCfg = Debug|Any CPU
		{7A3F095E-01B4-66CC-FB2B-00ADC41B6991}.Debug|Any CPU.Build.0 = Debug|Any CPU
		{7A3F095E-01B4-66CC-FB2B-00ADC41B6991}.Release|Any CPU.ActiveCfg = Release|Any CPU
		{7A3F095E-01B4-66CC-FB2B-00ADC41B6991}.Release|Any CPU.Build.0 = Release|Any CPU
		{B06483A4-F4D2-A0BC-38E4-199EC1184581}.Debug|Any CPU.ActiveCfg = Debug|Any CPU
		{B06483A4-F4D2-A0BC-38E4-199EC1184581}.Debug|Any CPU.Build.0 = Debug|Any CPU
		{B06483A4-F4D2-A0BC-38E4-199EC1184581}.Release|Any CPU.ActiveCfg = Release|Any CPU
		{B06483A4-F4D2-A0BC-38E4-199EC1184581}.Release|Any CPU.Build.0 = Release|Any CPU
		{E0DA3A7B-F5DA-B77B-49CC-F8E07FB37095}.Debug|Any CPU.ActiveCfg = Debug|Any CPU
		{E0DA3A7B-F5DA-B77B-49CC-F8E07FB37095}.Debug|Any CPU.Build.0 = Debug|Any CPU
		{E0DA3A7B-F5DA-B77B-49CC-F8E07FB37095}.Release|Any CPU.ActiveCfg = Release|Any CPU
		{E0DA3A7B-F5DA-B77B-49CC-F8E07FB37095}.Release|Any CPU.Build.0 = Release|Any CPU
		{148A6CD9-7B14-2064-BBBC-7D76991E360E}.Debug|Any CPU.ActiveCfg = Debug|Any CPU
		{148A6CD9-7B14-2064-BBBC-7D76991E360E}.Debug|Any CPU.Build.0 = Debug|Any CPU
		{148A6CD9-7B14-2064-BBBC-7D76991E360E}.Release|Any CPU.ActiveCfg = Release|Any CPU
		{148A6CD9-7B14-2064-BBBC-7D76991E360E}.Release|Any CPU.Build.0 = Release|Any CPU
		{F8C6D7BC-436F-46F0-6AB1-DAFDD80E532C}.Debug|Any CPU.ActiveCfg = Debug|Any CPU
		{F8C6D7BC-436F-46F0-6AB1-DAFDD80E532C}.Debug|Any CPU.Build.0 = Debug|Any CPU
		{F8C6D7BC-436F-46F0-6AB1-DAFDD80E532C}.Release|Any CPU.ActiveCfg = Release|Any CPU
		{F8C6D7BC-436F-46F0-6AB1-DAFDD80E532C}.Release|Any CPU.Build.0 = Release|Any CPU
		{04F31C76-D4DB-2752-935D-EEFBEAD0EF3A}.Debug|Any CPU.ActiveCfg = Debug|Any CPU
		{04F31C76-D4DB-2752-935D-EEFBEAD0EF3A}.Debug|Any CPU.Build.0 = Debug|Any CPU
		{04F31C76-D4DB-2752-935D-EEFBEAD0EF3A}.Release|Any CPU.ActiveCfg = Release|Any CPU
		{04F31C76-D4DB-2752-935D-EEFBEAD0EF3A}.Release|Any CPU.Build.0 = Release|Any CPU
		{7E9DF9C8-0F10-1792-D90A-5562E712173D}.Debug|Any CPU.ActiveCfg = Debug|Any CPU
		{7E9DF9C8-0F10-1792-D90A-5562E712173D}.Debug|Any CPU.Build.0 = Debug|Any CPU
		{7E9DF9C8-0F10-1792-D90A-5562E712173D}.Release|Any CPU.ActiveCfg = Release|Any CPU
		{7E9DF9C8-0F10-1792-D90A-5562E712173D}.Release|Any CPU.Build.0 = Release|Any CPU
		{B595306E-1248-E675-3524-8F4210BCF6AA}.Debug|Any CPU.ActiveCfg = Debug|Any CPU
		{B595306E-1248-E675-3524-8F4210BCF6AA}.Debug|Any CPU.Build.0 = Debug|Any CPU
		{B595306E-1248-E675-3524-8F4210BCF6AA}.Release|Any CPU.ActiveCfg = Release|Any CPU
		{B595306E-1248-E675-3524-8F4210BCF6AA}.Release|Any CPU.Build.0 = Release|Any CPU
		{FCBA4955-8D06-644C-2DC9-FCE35A8748EE}.Debug|Any CPU.ActiveCfg = Debug|Any CPU
		{FCBA4955-8D06-644C-2DC9-FCE35A8748EE}.Debug|Any CPU.Build.0 = Debug|Any CPU
		{FCBA4955-8D06-644C-2DC9-FCE35A8748EE}.Release|Any CPU.ActiveCfg = Release|Any CPU
		{FCBA4955-8D06-644C-2DC9-FCE35A8748EE}.Release|Any CPU.Build.0 = Release|Any CPU
		{18C17261-07B4-5229-E864-3256686C87BD}.Debug|Any CPU.ActiveCfg = Debug|Any CPU
		{18C17261-07B4-5229-E864-3256686C87BD}.Debug|Any CPU.Build.0 = Debug|Any CPU
		{18C17261-07B4-5229-E864-3256686C87BD}.Release|Any CPU.ActiveCfg = Release|Any CPU
		{18C17261-07B4-5229-E864-3256686C87BD}.Release|Any CPU.Build.0 = Release|Any CPU
		{FA7B140B-F216-9B5C-B187-7CF33415460B}.Debug|Any CPU.ActiveCfg = Debug|Any CPU
		{FA7B140B-F216-9B5C-B187-7CF33415460B}.Debug|Any CPU.Build.0 = Debug|Any CPU
		{FA7B140B-F216-9B5C-B187-7CF33415460B}.Release|Any CPU.ActiveCfg = Release|Any CPU
		{FA7B140B-F216-9B5C-B187-7CF33415460B}.Release|Any CPU.Build.0 = Release|Any CPU
		{73BCE8CC-ACAB-A586-3A2B-CC9AEB3CE0F9}.Debug|Any CPU.ActiveCfg = Debug|Any CPU
		{73BCE8CC-ACAB-A586-3A2B-CC9AEB3CE0F9}.Debug|Any CPU.Build.0 = Debug|Any CPU
		{73BCE8CC-ACAB-A586-3A2B-CC9AEB3CE0F9}.Release|Any CPU.ActiveCfg = Release|Any CPU
		{73BCE8CC-ACAB-A586-3A2B-CC9AEB3CE0F9}.Release|Any CPU.Build.0 = Release|Any CPU
		{7AB9D4CE-8D2A-BEE7-A4CF-5CEA3411919A}.Debug|Any CPU.ActiveCfg = Debug|Any CPU
		{7AB9D4CE-8D2A-BEE7-A4CF-5CEA3411919A}.Debug|Any CPU.Build.0 = Debug|Any CPU
		{7AB9D4CE-8D2A-BEE7-A4CF-5CEA3411919A}.Release|Any CPU.ActiveCfg = Release|Any CPU
		{7AB9D4CE-8D2A-BEE7-A4CF-5CEA3411919A}.Release|Any CPU.Build.0 = Release|Any CPU
		{4BD9F7EA-ECEE-7460-35DA-FD4B9FE4CA5C}.Debug|Any CPU.ActiveCfg = Debug|Any CPU
		{4BD9F7EA-ECEE-7460-35DA-FD4B9FE4CA5C}.Debug|Any CPU.Build.0 = Debug|Any CPU
		{4BD9F7EA-ECEE-7460-35DA-FD4B9FE4CA5C}.Release|Any CPU.ActiveCfg = Release|Any CPU
		{4BD9F7EA-ECEE-7460-35DA-FD4B9FE4CA5C}.Release|Any CPU.Build.0 = Release|Any CPU
		{E282124E-E4A0-CE76-EC43-71F4C4450947}.Debug|Any CPU.ActiveCfg = Debug|Any CPU
		{E282124E-E4A0-CE76-EC43-71F4C4450947}.Debug|Any CPU.Build.0 = Debug|Any CPU
		{E282124E-E4A0-CE76-EC43-71F4C4450947}.Release|Any CPU.ActiveCfg = Release|Any CPU
		{E282124E-E4A0-CE76-EC43-71F4C4450947}.Release|Any CPU.Build.0 = Release|Any CPU
		{96EC6E8C-F08E-89A3-C4CC-07133F8E6213}.Debug|Any CPU.ActiveCfg = Debug|Any CPU
		{96EC6E8C-F08E-89A3-C4CC-07133F8E6213}.Debug|Any CPU.Build.0 = Debug|Any CPU
		{96EC6E8C-F08E-89A3-C4CC-07133F8E6213}.Release|Any CPU.ActiveCfg = Release|Any CPU
		{96EC6E8C-F08E-89A3-C4CC-07133F8E6213}.Release|Any CPU.Build.0 = Release|Any CPU
		{6873CB5E-C293-36EC-1572-96D065C6F611}.Debug|Any CPU.ActiveCfg = Debug|Any CPU
		{6873CB5E-C293-36EC-1572-96D065C6F611}.Debug|Any CPU.Build.0 = Debug|Any CPU
		{6873CB5E-C293-36EC-1572-96D065C6F611}.Release|Any CPU.ActiveCfg = Release|Any CPU
		{6873CB5E-C293-36EC-1572-96D065C6F611}.Release|Any CPU.Build.0 = Release|Any CPU
		{D8FDFB09-ADD5-5395-6222-EA671F2324EA}.Debug|Any CPU.ActiveCfg = Debug|Any CPU
		{D8FDFB09-ADD5-5395-6222-EA671F2324EA}.Debug|Any CPU.Build.0 = Debug|Any CPU
		{D8FDFB09-ADD5-5395-6222-EA671F2324EA}.Release|Any CPU.ActiveCfg = Release|Any CPU
		{D8FDFB09-ADD5-5395-6222-EA671F2324EA}.Release|Any CPU.Build.0 = Release|Any CPU
		{29CE655B-A450-9EAC-8AF9-ED4455A6EAC2}.Debug|Any CPU.ActiveCfg = Debug|Any CPU
		{29CE655B-A450-9EAC-8AF9-ED4455A6EAC2}.Debug|Any CPU.Build.0 = Debug|Any CPU
		{29CE655B-A450-9EAC-8AF9-ED4455A6EAC2}.Release|Any CPU.ActiveCfg = Release|Any CPU
		{29CE655B-A450-9EAC-8AF9-ED4455A6EAC2}.Release|Any CPU.Build.0 = Release|Any CPU
		{3004B350-035F-A01C-5C9F-566A323270D8}.Debug|Any CPU.ActiveCfg = Debug|Any CPU
		{3004B350-035F-A01C-5C9F-566A323270D8}.Debug|Any CPU.Build.0 = Debug|Any CPU
		{3004B350-035F-A01C-5C9F-566A323270D8}.Release|Any CPU.ActiveCfg = Release|Any CPU
		{3004B350-035F-A01C-5C9F-566A323270D8}.Release|Any CPU.Build.0 = Release|Any CPU
		{BAF151FF-D03E-6985-5AB8-9EE0B5359485}.Debug|Any CPU.ActiveCfg = Debug|Any CPU
		{BAF151FF-D03E-6985-5AB8-9EE0B5359485}.Debug|Any CPU.Build.0 = Debug|Any CPU
		{BAF151FF-D03E-6985-5AB8-9EE0B5359485}.Release|Any CPU.ActiveCfg = Release|Any CPU
		{BAF151FF-D03E-6985-5AB8-9EE0B5359485}.Release|Any CPU.Build.0 = Release|Any CPU
		{6DF8188E-93FE-DCB4-02E0-D409B430A423}.Debug|Any CPU.ActiveCfg = Debug|Any CPU
		{6DF8188E-93FE-DCB4-02E0-D409B430A423}.Debug|Any CPU.Build.0 = Debug|Any CPU
		{6DF8188E-93FE-DCB4-02E0-D409B430A423}.Release|Any CPU.ActiveCfg = Release|Any CPU
		{6DF8188E-93FE-DCB4-02E0-D409B430A423}.Release|Any CPU.Build.0 = Release|Any CPU
		{CB77A13D-38EC-3E3F-959A-1E964A029333}.Debug|Any CPU.ActiveCfg = Debug|Any CPU
		{CB77A13D-38EC-3E3F-959A-1E964A029333}.Debug|Any CPU.Build.0 = Debug|Any CPU
		{CB77A13D-38EC-3E3F-959A-1E964A029333}.Release|Any CPU.ActiveCfg = Release|Any CPU
		{CB77A13D-38EC-3E3F-959A-1E964A029333}.Release|Any CPU.Build.0 = Release|Any CPU
		{106CDBFE-AA0D-AA63-8166-621A59F7FCF6}.Debug|Any CPU.ActiveCfg = Debug|Any CPU
		{106CDBFE-AA0D-AA63-8166-621A59F7FCF6}.Debug|Any CPU.Build.0 = Debug|Any CPU
		{106CDBFE-AA0D-AA63-8166-621A59F7FCF6}.Release|Any CPU.ActiveCfg = Release|Any CPU
		{106CDBFE-AA0D-AA63-8166-621A59F7FCF6}.Release|Any CPU.Build.0 = Release|Any CPU
		{65461800-EB53-C4AA-8528-DEC8512E1713}.Debug|Any CPU.ActiveCfg = Debug|Any CPU
		{65461800-EB53-C4AA-8528-DEC8512E1713}.Debug|Any CPU.Build.0 = Debug|Any CPU
		{65461800-EB53-C4AA-8528-DEC8512E1713}.Release|Any CPU.ActiveCfg = Release|Any CPU
		{65461800-EB53-C4AA-8528-DEC8512E1713}.Release|Any CPU.Build.0 = Release|Any CPU
		{C276562E-18C5-F79A-D7F2-C8D81389FEC8}.Debug|Any CPU.ActiveCfg = Debug|Any CPU
		{C276562E-18C5-F79A-D7F2-C8D81389FEC8}.Debug|Any CPU.Build.0 = Debug|Any CPU
		{C276562E-18C5-F79A-D7F2-C8D81389FEC8}.Release|Any CPU.ActiveCfg = Release|Any CPU
		{C276562E-18C5-F79A-D7F2-C8D81389FEC8}.Release|Any CPU.Build.0 = Release|Any CPU
		{DEEB746A-6427-76C5-7D31-CCDF8969F2F6}.Debug|Any CPU.ActiveCfg = Debug|Any CPU
		{DEEB746A-6427-76C5-7D31-CCDF8969F2F6}.Debug|Any CPU.Build.0 = Debug|Any CPU
		{DEEB746A-6427-76C5-7D31-CCDF8969F2F6}.Release|Any CPU.ActiveCfg = Release|Any CPU
		{DEEB746A-6427-76C5-7D31-CCDF8969F2F6}.Release|Any CPU.Build.0 = Release|Any CPU
		{7F0453DE-2CDE-DFE7-754E-32FDAC9557EC}.Debug|Any CPU.ActiveCfg = Debug|Any CPU
		{7F0453DE-2CDE-DFE7-754E-32FDAC9557EC}.Debug|Any CPU.Build.0 = Debug|Any CPU
		{7F0453DE-2CDE-DFE7-754E-32FDAC9557EC}.Release|Any CPU.ActiveCfg = Release|Any CPU
		{7F0453DE-2CDE-DFE7-754E-32FDAC9557EC}.Release|Any CPU.Build.0 = Release|Any CPU
		{FFC16E0B-3356-35E7-0A5F-E67214DD88FF}.Debug|Any CPU.ActiveCfg = Debug|Any CPU
		{FFC16E0B-3356-35E7-0A5F-E67214DD88FF}.Debug|Any CPU.Build.0 = Debug|Any CPU
		{FFC16E0B-3356-35E7-0A5F-E67214DD88FF}.Release|Any CPU.ActiveCfg = Release|Any CPU
		{FFC16E0B-3356-35E7-0A5F-E67214DD88FF}.Release|Any CPU.Build.0 = Release|Any CPU
		{CD5710B3-4FDB-A03F-0019-F5750B618BD8}.Debug|Any CPU.ActiveCfg = Debug|Any CPU
		{CD5710B3-4FDB-A03F-0019-F5750B618BD8}.Debug|Any CPU.Build.0 = Debug|Any CPU
		{CD5710B3-4FDB-A03F-0019-F5750B618BD8}.Release|Any CPU.ActiveCfg = Release|Any CPU
		{CD5710B3-4FDB-A03F-0019-F5750B618BD8}.Release|Any CPU.Build.0 = Release|Any CPU
		{DD955147-46D5-4CE5-CF59-97577AC51D9B}.Debug|Any CPU.ActiveCfg = Debug|Any CPU
		{DD955147-46D5-4CE5-CF59-97577AC51D9B}.Debug|Any CPU.Build.0 = Debug|Any CPU
		{DD955147-46D5-4CE5-CF59-97577AC51D9B}.Release|Any CPU.ActiveCfg = Release|Any CPU
		{DD955147-46D5-4CE5-CF59-97577AC51D9B}.Release|Any CPU.Build.0 = Release|Any CPU
		{A220AAC0-5396-A61A-2D2F-08FC75788272}.Debug|Any CPU.ActiveCfg = Debug|Any CPU
		{A220AAC0-5396-A61A-2D2F-08FC75788272}.Debug|Any CPU.Build.0 = Debug|Any CPU
		{A220AAC0-5396-A61A-2D2F-08FC75788272}.Release|Any CPU.ActiveCfg = Release|Any CPU
		{A220AAC0-5396-A61A-2D2F-08FC75788272}.Release|Any CPU.Build.0 = Release|Any CPU
		{4CC33764-1945-93E1-2E4F-03A2347FB148}.Debug|Any CPU.ActiveCfg = Debug|Any CPU
		{4CC33764-1945-93E1-2E4F-03A2347FB148}.Debug|Any CPU.Build.0 = Debug|Any CPU
		{4CC33764-1945-93E1-2E4F-03A2347FB148}.Release|Any CPU.ActiveCfg = Release|Any CPU
		{4CC33764-1945-93E1-2E4F-03A2347FB148}.Release|Any CPU.Build.0 = Release|Any CPU
		{70F401B3-F0A4-F208-EB7A-058CDFB776D3}.Debug|Any CPU.ActiveCfg = Debug|Any CPU
		{70F401B3-F0A4-F208-EB7A-058CDFB776D3}.Debug|Any CPU.Build.0 = Debug|Any CPU
		{70F401B3-F0A4-F208-EB7A-058CDFB776D3}.Release|Any CPU.ActiveCfg = Release|Any CPU
		{70F401B3-F0A4-F208-EB7A-058CDFB776D3}.Release|Any CPU.Build.0 = Release|Any CPU
		{B0859006-544A-0995-1A6F-746A015E4124}.Debug|Any CPU.ActiveCfg = Debug|Any CPU
		{B0859006-544A-0995-1A6F-746A015E4124}.Debug|Any CPU.Build.0 = Debug|Any CPU
		{B0859006-544A-0995-1A6F-746A015E4124}.Release|Any CPU.ActiveCfg = Release|Any CPU
		{B0859006-544A-0995-1A6F-746A015E4124}.Release|Any CPU.Build.0 = Release|Any CPU
		{EB8F8726-5670-FDB6-2D35-04E2CE439492}.Debug|Any CPU.ActiveCfg = Debug|Any CPU
		{EB8F8726-5670-FDB6-2D35-04E2CE439492}.Debug|Any CPU.Build.0 = Debug|Any CPU
		{EB8F8726-5670-FDB6-2D35-04E2CE439492}.Release|Any CPU.ActiveCfg = Release|Any CPU
		{EB8F8726-5670-FDB6-2D35-04E2CE439492}.Release|Any CPU.Build.0 = Release|Any CPU
		{7930A42D-6A12-EAEA-6205-762376503EFE}.Debug|Any CPU.ActiveCfg = Debug|Any CPU
		{7930A42D-6A12-EAEA-6205-762376503EFE}.Debug|Any CPU.Build.0 = Debug|Any CPU
		{7930A42D-6A12-EAEA-6205-762376503EFE}.Release|Any CPU.ActiveCfg = Release|Any CPU
		{7930A42D-6A12-EAEA-6205-762376503EFE}.Release|Any CPU.Build.0 = Release|Any CPU
		{FE2F068A-8BE8-D450-6D5E-27AC44A223F1}.Debug|Any CPU.ActiveCfg = Debug|Any CPU
		{FE2F068A-8BE8-D450-6D5E-27AC44A223F1}.Debug|Any CPU.Build.0 = Debug|Any CPU
		{FE2F068A-8BE8-D450-6D5E-27AC44A223F1}.Release|Any CPU.ActiveCfg = Release|Any CPU
		{FE2F068A-8BE8-D450-6D5E-27AC44A223F1}.Release|Any CPU.Build.0 = Release|Any CPU
		{04F11AE8-AD15-6FE2-757A-C3F06CF569B3}.Debug|Any CPU.ActiveCfg = Debug|Any CPU
		{04F11AE8-AD15-6FE2-757A-C3F06CF569B3}.Debug|Any CPU.Build.0 = Debug|Any CPU
		{04F11AE8-AD15-6FE2-757A-C3F06CF569B3}.Release|Any CPU.ActiveCfg = Release|Any CPU
		{04F11AE8-AD15-6FE2-757A-C3F06CF569B3}.Release|Any CPU.Build.0 = Release|Any CPU
		{895D3B1B-C9DE-B503-C545-3B8EA123DF9D}.Debug|Any CPU.ActiveCfg = Debug|Any CPU
		{895D3B1B-C9DE-B503-C545-3B8EA123DF9D}.Debug|Any CPU.Build.0 = Debug|Any CPU
		{895D3B1B-C9DE-B503-C545-3B8EA123DF9D}.Release|Any CPU.ActiveCfg = Release|Any CPU
		{895D3B1B-C9DE-B503-C545-3B8EA123DF9D}.Release|Any CPU.Build.0 = Release|Any CPU
	EndGlobalSection
	GlobalSection(SolutionProperties) = preSolution
		HideSolutionNode = FALSE
	EndGlobalSection
EndGlobal
