
Microsoft Visual Studio Solution File, Format Version 12.00
# Visual Studio 15
Project("{FAE04EC0-301F-11D3-BF4B-00C04F79EFBC}") = "UnityEngine.UI", "UnityEngine.UI.csproj", "{334FB84D-9916-FFEE-CB49-981982DB8C82}"
EndProject
Project("{FAE04EC0-301F-11D3-BF4B-00C04F79EFBC}") = "PhotonUnityNetworking.Utilities", "PhotonUnityNetworking.Utilities.csproj", "{BD6B88F6-2DA1-6182-4403-1ADBA059D0F9}"
EndProject
Project("{FAE04EC0-301F-11D3-BF4B-00C04F79EFBC}") = "Unity.Services.Core.Telemetry", "Unity.Services.Core.Telemetry.csproj", "{12926B08-71F2-7DB9-5E89-0EA2D2FEF017}"
EndProject
Project("{FAE04EC0-301F-11D3-BF4B-00C04F79EFBC}") = "UnityEngine.TestRunner", "UnityEngine.TestRunner.csproj", "{1170E668-6455-9E49-61AC-F49D99C0FBFA}"
EndProject
Project("{FAE04EC0-301F-11D3-BF4B-00C04F79EFBC}") = "Unity.Services.Core.Internal", "Unity.Services.Core.Internal.csproj", "{CF2313AD-E272-D0CC-B296-CE0A86678F51}"
EndProject
Project("{FAE04EC0-301F-11D3-BF4B-00C04F79EFBC}") = "Unity.Timeline", "Unity.Timeline.csproj", "{E7DBD028-FDFE-C9B6-7D19-217C213BC49F}"
EndProject
Project("{FAE04EC0-301F-11D3-BF4B-00C04F79EFBC}") = "Assembly-CSharp", "Assembly-CSharp.csproj", "{561FC34A-E4E3-4D2A-3835-545757BB44F0}"
EndProject
Project("{FAE04EC0-301F-11D3-BF4B-00C04F79EFBC}") = "PhotonUnityNetworking", "PhotonUnityNetworking.csproj", "{1DA395FB-58BC-CF83-3911-B8D1F5A31EE7}"
EndProject
Project("{FAE04EC0-301F-11D3-BF4B-00C04F79EFBC}") = "Unity.TextMeshPro", "Unity.TextMeshPro.csproj", "{5E3AA49E-5A6A-C802-6F00-70D43C3E2FA6}"
EndProject
Project("{FAE04EC0-301F-11D3-BF4B-00C04F79EFBC}") = "Unity.Services.Core.Environments.Internal", "Unity.Services.Core.Environments.Internal.csproj", "{E9BE7CED-39CB-0FEB-EA0E-2FE00C495A17}"
EndProject
Project("{FAE04EC0-301F-11D3-BF4B-00C04F79EFBC}") = "PhotonChat", "PhotonChat.csproj", "{8B65ED50-AEF5-0F69-9ECD-24A7469D5582}"
EndProject
Project("{FAE04EC0-301F-11D3-BF4B-00C04F79EFBC}") = "Unity.Services.Core", "Unity.Services.Core.csproj", "{FD7B53AC-417A-3F42-0020-8AB6703AAF58}"
EndProject
Project("{FAE04EC0-301F-11D3-BF4B-00C04F79EFBC}") = "PhotonWebSocket", "PhotonWebSocket.csproj", "{8E966432-4971-B4A0-F6A3-F8627DF752D4}"
EndProject
Project("{FAE04EC0-301F-11D3-BF4B-00C04F79EFBC}") = "Unity.Services.Core.Configuration", "Unity.Services.Core.Configuration.csproj", "{B48AF21D-AE38-F170-1F23-6C8A263401D1}"
EndProject
Project("{FAE04EC0-301F-11D3-BF4B-00C04F79EFBC}") = "PhotonRealtime", "PhotonRealtime.csproj", "{F3EEF212-7111-A6A1-8DD5-767F8E6A8391}"
EndProject
Project("{FAE04EC0-301F-11D3-BF4B-00C04F79EFBC}") = "Unity.Services.Core.Environments", "Unity.Services.Core.Environments.csproj", "{80779482-B3DC-1DEE-DE69-DDABD7D5FC4B}"
EndProject
Project("{FAE04EC0-301F-11D3-BF4B-00C04F79EFBC}") = "CFXRDemo", "CFXRDemo.csproj", "{3742628F-6D7E-9885-53F9-5BC08670CE33}"
EndProject
Project("{FAE04EC0-301F-11D3-BF4B-00C04F79EFBC}") = "Unity.Services.Core.Networking", "Unity.Services.Core.Networking.csproj", "{2BA94220-DDDA-A608-C5DA-AAD5F13ED212}"
EndProject
Project("{FAE04EC0-301F-11D3-BF4B-00C04F79EFBC}") = "Unity.Services.Core.Analytics", "Unity.Services.Core.Analytics.csproj", "{57770646-1FD4-595C-06F7-1D17E9032E19}"
EndProject
Project("{FAE04EC0-301F-11D3-BF4B-00C04F79EFBC}") = "Unity.Services.Core.Scheduler", "Unity.Services.Core.Scheduler.csproj", "{4CA0EEBF-972C-4299-D098-7F186085432B}"
EndProject
Project("{FAE04EC0-301F-11D3-BF4B-00C04F79EFBC}") = "KinoBloom.Runtime", "KinoBloom.Runtime.csproj", "{FA4EDC7A-55D8-CF6E-B53F-D86E941F7295}"
EndProject
Project("{FAE04EC0-301F-11D3-BF4B-00C04F79EFBC}") = "Unity.Services.Core.Registration", "Unity.Services.Core.Registration.csproj", "{2D50E891-9CF4-FB8B-91D5-A508C7721A6E}"
EndProject
Project("{FAE04EC0-301F-11D3-BF4B-00C04F79EFBC}") = "Unity.Services.Core.Device", "Unity.Services.Core.Device.csproj", "{0BFD0794-BAE7-B74B-8967-3996BADC27B8}"
EndProject
Project("{FAE04EC0-301F-11D3-BF4B-00C04F79EFBC}") = "CFXRRuntime", "CFXRRuntime.csproj", "{C9F09331-4C7C-0B15-BC8C-9F2F6DC8ADC6}"
EndProject
Project("{FAE04EC0-301F-11D3-BF4B-00C04F79EFBC}") = "Unity.Services.Core.Threading", "Unity.Services.Core.Threading.csproj", "{6784DDBD-CD87-1B0B-C5C8-551EF5BB992F}"
EndProject
Project("{FAE04EC0-301F-11D3-BF4B-00C04F79EFBC}") = "CFXR.WelcomeScreen", "CFXR.WelcomeScreen.csproj", "{FBA9C71D-4195-84F9-E967-273C29D72511}"
EndProject
Project("{FAE04EC0-301F-11D3-BF4B-00C04F79EFBC}") = "UnityEditor.TestRunner", "UnityEditor.TestRunner.csproj", "{9059BC0F-3588-0C4F-0C85-249C7C156D3F}"
EndProject
Project("{FAE04EC0-301F-11D3-BF4B-00C04F79EFBC}") = "Unity.PlasticSCM.Editor", "Unity.PlasticSCM.Editor.csproj", "{D24F93F6-BF0A-4323-97E9-4B9777D0A79A}"
EndProject
Project("{FAE04EC0-301F-11D3-BF4B-00C04F79EFBC}") = "UnityEditor.UI", "UnityEditor.UI.csproj", "{52154620-C02A-E7A0-DFD4-E46561C86584}"
EndProject
Project("{FAE04EC0-301F-11D3-BF4B-00C04F79EFBC}") = "Unity.Timeline.Editor", "Unity.Timeline.Editor.csproj", "{6706813E-2D5D-05D0-0FEB-3CC328E2D309}"
EndProject
Project("{FAE04EC0-301F-11D3-BF4B-00C04F79EFBC}") = "Unity.VisualStudio.Editor", "Unity.VisualStudio.Editor.csproj", "{2D657F5F-17A2-BBD8-827F-59697A540F59}"
EndProject
Project("{FAE04EC0-301F-11D3-BF4B-00C04F79EFBC}") = "PhotonUnityNetworking.Editor", "PhotonUnityNetworking.Editor.csproj", "{361C5D09-FAB8-7969-A688-72729C5BBB95}"
EndProject
Project("{FAE04EC0-301F-11D3-BF4B-00C04F79EFBC}") = "Unity.TextMeshPro.Editor", "Unity.TextMeshPro.Editor.csproj", "{B3F01712-DE7F-1576-A7CE-DF790F1C0FA1}"
EndProject
Project("{FAE04EC0-301F-11D3-BF4B-00C04F79EFBC}") = "Unity.CollabProxy.Editor", "Unity.CollabProxy.Editor.csproj", "{80BE0893-0A37-C0A0-EF18-9BC75810F031}"
EndProject
Project("{FAE04EC0-301F-11D3-BF4B-00C04F79EFBC}") = "Unity.Services.Core.Editor", "Unity.Services.Core.Editor.csproj", "{3A3AE7A5-08AC-E33A-6806-9F8647F4F541}"
EndProject
Project("{FAE04EC0-301F-11D3-BF4B-00C04F79EFBC}") = "Unity.Rider.Editor", "Unity.Rider.Editor.csproj", "{18341178-8B0F-EA62-BD43-9681960DC7FE}"
EndProject
Project("{FAE04EC0-301F-11D3-BF4B-00C04F79EFBC}") = "Unity.VSCode.Editor", "Unity.VSCode.Editor.csproj", "{69D712C9-303E-3ABA-CC97-D9E60A302CED}"
EndProject
Project("{FAE04EC0-301F-11D3-BF4B-00C04F79EFBC}") = "Unity.Services.Core.Configuration.Editor", "Unity.Services.Core.Configuration.Editor.csproj", "{7CFBD330-43A3-5CA1-DCA7-7813AF996DCA}"
EndProject
Project("{FAE04EC0-301F-11D3-BF4B-00C04F79EFBC}") = "ToonyColorsPro.Demo.Editor", "ToonyColorsPro.Demo.Editor.csproj", "{3EC861E2-9786-970B-7F36-1723AD06E7F5}"
EndProject
Project("{FAE04EC0-301F-11D3-BF4B-00C04F79EFBC}") = "CFXREditor", "CFXREditor.csproj", "{33DEBC4F-286F-B40A-289C-FB3CA52DA507}"
EndProject
Project("{FAE04EC0-301F-11D3-BF4B-00C04F79EFBC}") = "Assembly-CSharp-Editor", "Assembly-CSharp-Editor.csproj", "{C47A4244-C891-D887-A580-195796C2DF2A}"
EndProject
Project("{FAE04EC0-301F-11D3-BF4B-00C04F79EFBC}") = "PhotonUnityNetworking.Utilities.PhotonPlayer.Editor", "PhotonUnityNetworking.Utilities.PhotonPlayer.Editor.csproj", "{472CCC76-CB9D-BB70-9C75-FA83B38C6624}"
EndProject
Project("{FAE04EC0-301F-11D3-BF4B-00C04F79EFBC}") = "PhotonUnityNetworking.Utilities.Culling.Editor", "PhotonUnityNetworking.Utilities.Culling.Editor.csproj", "{497CA2C7-5ED3-78E0-3C8E-3E98971CF2E3}"
EndProject
Global
	GlobalSection(SolutionConfigurationPlatforms) = preSolution
		Debug|Any CPU = Debug|Any CPU
		Release|Any CPU = Release|Any CPU
	EndGlobalSection
	GlobalSection(ProjectConfigurationPlatforms) = postSolution
		{334FB84D-9916-FFEE-CB49-981982DB8C82}.Debug|Any CPU.ActiveCfg = Debug|Any CPU
		{334FB84D-9916-FFEE-CB49-981982DB8C82}.Debug|Any CPU.Build.0 = Debug|Any CPU
		{334FB84D-9916-FFEE-CB49-981982DB8C82}.Release|Any CPU.ActiveCfg = Release|Any CPU
		{334FB84D-9916-FFEE-CB49-981982DB8C82}.Release|Any CPU.Build.0 = Release|Any CPU
		{BD6B88F6-2DA1-6182-4403-1ADBA059D0F9}.Debug|Any CPU.ActiveCfg = Debug|Any CPU
		{BD6B88F6-2DA1-6182-4403-1ADBA059D0F9}.Debug|Any CPU.Build.0 = Debug|Any CPU
		{BD6B88F6-2DA1-6182-4403-1ADBA059D0F9}.Release|Any CPU.ActiveCfg = Release|Any CPU
		{BD6B88F6-2DA1-6182-4403-1ADBA059D0F9}.Release|Any CPU.Build.0 = Release|Any CPU
		{12926B08-71F2-7DB9-5E89-0EA2D2FEF017}.Debug|Any CPU.ActiveCfg = Debug|Any CPU
		{12926B08-71F2-7DB9-5E89-0EA2D2FEF017}.Debug|Any CPU.Build.0 = Debug|Any CPU
		{12926B08-71F2-7DB9-5E89-0EA2D2FEF017}.Release|Any CPU.ActiveCfg = Release|Any CPU
		{12926B08-71F2-7DB9-5E89-0EA2D2FEF017}.Release|Any CPU.Build.0 = Release|Any CPU
		{1170E668-6455-9E49-61AC-F49D99C0FBFA}.Debug|Any CPU.ActiveCfg = Debug|Any CPU
		{1170E668-6455-9E49-61AC-F49D99C0FBFA}.Debug|Any CPU.Build.0 = Debug|Any CPU
		{1170E668-6455-9E49-61AC-F49D99C0FBFA}.Release|Any CPU.ActiveCfg = Release|Any CPU
		{1170E668-6455-9E49-61AC-F49D99C0FBFA}.Release|Any CPU.Build.0 = Release|Any CPU
		{CF2313AD-E272-D0CC-B296-CE0A86678F51}.Debug|Any CPU.ActiveCfg = Debug|Any CPU
		{CF2313AD-E272-D0CC-B296-CE0A86678F51}.Debug|Any CPU.Build.0 = Debug|Any CPU
		{CF2313AD-E272-D0CC-B296-CE0A86678F51}.Release|Any CPU.ActiveCfg = Release|Any CPU
		{CF2313AD-E272-D0CC-B296-CE0A86678F51}.Release|Any CPU.Build.0 = Release|Any CPU
		{E7DBD028-FDFE-C9B6-7D19-217C213BC49F}.Debug|Any CPU.ActiveCfg = Debug|Any CPU
		{E7DBD028-FDFE-C9B6-7D19-217C213BC49F}.Debug|Any CPU.Build.0 = Debug|Any CPU
		{E7DBD028-FDFE-C9B6-7D19-217C213BC49F}.Release|Any CPU.ActiveCfg = Release|Any CPU
		{E7DBD028-FDFE-C9B6-7D19-217C213BC49F}.Release|Any CPU.Build.0 = Release|Any CPU
		{561FC34A-E4E3-4D2A-3835-545757BB44F0}.Debug|Any CPU.ActiveCfg = Debug|Any CPU
		{561FC34A-E4E3-4D2A-3835-545757BB44F0}.Debug|Any CPU.Build.0 = Debug|Any CPU
		{561FC34A-E4E3-4D2A-3835-545757BB44F0}.Release|Any CPU.ActiveCfg = Release|Any CPU
		{561FC34A-E4E3-4D2A-3835-545757BB44F0}.Release|Any CPU.Build.0 = Release|Any CPU
		{1DA395FB-58BC-CF83-3911-B8D1F5A31EE7}.Debug|Any CPU.ActiveCfg = Debug|Any CPU
		{1DA395FB-58BC-CF83-3911-B8D1F5A31EE7}.Debug|Any CPU.Build.0 = Debug|Any CPU
		{1DA395FB-58BC-CF83-3911-B8D1F5A31EE7}.Release|Any CPU.ActiveCfg = Release|Any CPU
		{1DA395FB-58BC-CF83-3911-B8D1F5A31EE7}.Release|Any CPU.Build.0 = Release|Any CPU
		{5E3AA49E-5A6A-C802-6F00-70D43C3E2FA6}.Debug|Any CPU.ActiveCfg = Debug|Any CPU
		{5E3AA49E-5A6A-C802-6F00-70D43C3E2FA6}.Debug|Any CPU.Build.0 = Debug|Any CPU
		{5E3AA49E-5A6A-C802-6F00-70D43C3E2FA6}.Release|Any CPU.ActiveCfg = Release|Any CPU
		{5E3AA49E-5A6A-C802-6F00-70D43C3E2FA6}.Release|Any CPU.Build.0 = Release|Any CPU
		{E9BE7CED-39CB-0FEB-EA0E-2FE00C495A17}.Debug|Any CPU.ActiveCfg = Debug|Any CPU
		{E9BE7CED-39CB-0FEB-EA0E-2FE00C495A17}.Debug|Any CPU.Build.0 = Debug|Any CPU
		{E9BE7CED-39CB-0FEB-EA0E-2FE00C495A17}.Release|Any CPU.ActiveCfg = Release|Any CPU
		{E9BE7CED-39CB-0FEB-EA0E-2FE00C495A17}.Release|Any CPU.Build.0 = Release|Any CPU
		{8B65ED50-AEF5-0F69-9ECD-24A7469D5582}.Debug|Any CPU.ActiveCfg = Debug|Any CPU
		{8B65ED50-AEF5-0F69-9ECD-24A7469D5582}.Debug|Any CPU.Build.0 = Debug|Any CPU
		{8B65ED50-AEF5-0F69-9ECD-24A7469D5582}.Release|Any CPU.ActiveCfg = Release|Any CPU
		{8B65ED50-AEF5-0F69-9ECD-24A7469D5582}.Release|Any CPU.Build.0 = Release|Any CPU
		{FD7B53AC-417A-3F42-0020-8AB6703AAF58}.Debug|Any CPU.ActiveCfg = Debug|Any CPU
		{FD7B53AC-417A-3F42-0020-8AB6703AAF58}.Debug|Any CPU.Build.0 = Debug|Any CPU
		{FD7B53AC-417A-3F42-0020-8AB6703AAF58}.Release|Any CPU.ActiveCfg = Release|Any CPU
		{FD7B53AC-417A-3F42-0020-8AB6703AAF58}.Release|Any CPU.Build.0 = Release|Any CPU
		{8E966432-4971-B4A0-F6A3-F8627DF752D4}.Debug|Any CPU.ActiveCfg = Debug|Any CPU
		{8E966432-4971-B4A0-F6A3-F8627DF752D4}.Debug|Any CPU.Build.0 = Debug|Any CPU
		{8E966432-4971-B4A0-F6A3-F8627DF752D4}.Release|Any CPU.ActiveCfg = Release|Any CPU
		{8E966432-4971-B4A0-F6A3-F8627DF752D4}.Release|Any CPU.Build.0 = Release|Any CPU
		{B48AF21D-AE38-F170-1F23-6C8A263401D1}.Debug|Any CPU.ActiveCfg = Debug|Any CPU
		{B48AF21D-AE38-F170-1F23-6C8A263401D1}.Debug|Any CPU.Build.0 = Debug|Any CPU
		{B48AF21D-AE38-F170-1F23-6C8A263401D1}.Release|Any CPU.ActiveCfg = Release|Any CPU
		{B48AF21D-AE38-F170-1F23-6C8A263401D1}.Release|Any CPU.Build.0 = Release|Any CPU
		{F3EEF212-7111-A6A1-8DD5-767F8E6A8391}.Debug|Any CPU.ActiveCfg = Debug|Any CPU
		{F3EEF212-7111-A6A1-8DD5-767F8E6A8391}.Debug|Any CPU.Build.0 = Debug|Any CPU
		{F3EEF212-7111-A6A1-8DD5-767F8E6A8391}.Release|Any CPU.ActiveCfg = Release|Any CPU
		{F3EEF212-7111-A6A1-8DD5-767F8E6A8391}.Release|Any CPU.Build.0 = Release|Any CPU
		{80779482-B3DC-1DEE-DE69-DDABD7D5FC4B}.Debug|Any CPU.ActiveCfg = Debug|Any CPU
		{80779482-B3DC-1DEE-DE69-DDABD7D5FC4B}.Debug|Any CPU.Build.0 = Debug|Any CPU
		{80779482-B3DC-1DEE-DE69-DDABD7D5FC4B}.Release|Any CPU.ActiveCfg = Release|Any CPU
		{80779482-B3DC-1DEE-DE69-DDABD7D5FC4B}.Release|Any CPU.Build.0 = Release|Any CPU
		{3742628F-6D7E-9885-53F9-5BC08670CE33}.Debug|Any CPU.ActiveCfg = Debug|Any CPU
		{3742628F-6D7E-9885-53F9-5BC08670CE33}.Debug|Any CPU.Build.0 = Debug|Any CPU
		{3742628F-6D7E-9885-53F9-5BC08670CE33}.Release|Any CPU.ActiveCfg = Release|Any CPU
		{3742628F-6D7E-9885-53F9-5BC08670CE33}.Release|Any CPU.Build.0 = Release|Any CPU
		{2BA94220-DDDA-A608-C5DA-AAD5F13ED212}.Debug|Any CPU.ActiveCfg = Debug|Any CPU
		{2BA94220-DDDA-A608-C5DA-AAD5F13ED212}.Debug|Any CPU.Build.0 = Debug|Any CPU
		{2BA94220-DDDA-A608-C5DA-AAD5F13ED212}.Release|Any CPU.ActiveCfg = Release|Any CPU
		{2BA94220-DDDA-A608-C5DA-AAD5F13ED212}.Release|Any CPU.Build.0 = Release|Any CPU
		{57770646-1FD4-595C-06F7-1D17E9032E19}.Debug|Any CPU.ActiveCfg = Debug|Any CPU
		{57770646-1FD4-595C-06F7-1D17E9032E19}.Debug|Any CPU.Build.0 = Debug|Any CPU
		{57770646-1FD4-595C-06F7-1D17E9032E19}.Release|Any CPU.ActiveCfg = Release|Any CPU
		{57770646-1FD4-595C-06F7-1D17E9032E19}.Release|Any CPU.Build.0 = Release|Any CPU
		{4CA0EEBF-972C-4299-D098-7F186085432B}.Debug|Any CPU.ActiveCfg = Debug|Any CPU
		{4CA0EEBF-972C-4299-D098-7F186085432B}.Debug|Any CPU.Build.0 = Debug|Any CPU
		{4CA0EEBF-972C-4299-D098-7F186085432B}.Release|Any CPU.ActiveCfg = Release|Any CPU
		{4CA0EEBF-972C-4299-D098-7F186085432B}.Release|Any CPU.Build.0 = Release|Any CPU
		{FA4EDC7A-55D8-CF6E-B53F-D86E941F7295}.Debug|Any CPU.ActiveCfg = Debug|Any CPU
		{FA4EDC7A-55D8-CF6E-B53F-D86E941F7295}.Debug|Any CPU.Build.0 = Debug|Any CPU
		{FA4EDC7A-55D8-CF6E-B53F-D86E941F7295}.Release|Any CPU.ActiveCfg = Release|Any CPU
		{FA4EDC7A-55D8-CF6E-B53F-D86E941F7295}.Release|Any CPU.Build.0 = Release|Any CPU
		{2D50E891-9CF4-FB8B-91D5-A508C7721A6E}.Debug|Any CPU.ActiveCfg = Debug|Any CPU
		{2D50E891-9CF4-FB8B-91D5-A508C7721A6E}.Debug|Any CPU.Build.0 = Debug|Any CPU
		{2D50E891-9CF4-FB8B-91D5-A508C7721A6E}.Release|Any CPU.ActiveCfg = Release|Any CPU
		{2D50E891-9CF4-FB8B-91D5-A508C7721A6E}.Release|Any CPU.Build.0 = Release|Any CPU
		{0BFD0794-BAE7-B74B-8967-3996BADC27B8}.Debug|Any CPU.ActiveCfg = Debug|Any CPU
		{0BFD0794-BAE7-B74B-8967-3996BADC27B8}.Debug|Any CPU.Build.0 = Debug|Any CPU
		{0BFD0794-BAE7-B74B-8967-3996BADC27B8}.Release|Any CPU.ActiveCfg = Release|Any CPU
		{0BFD0794-BAE7-B74B-8967-3996BADC27B8}.Release|Any CPU.Build.0 = Release|Any CPU
		{C9F09331-4C7C-0B15-BC8C-9F2F6DC8ADC6}.Debug|Any CPU.ActiveCfg = Debug|Any CPU
		{C9F09331-4C7C-0B15-BC8C-9F2F6DC8ADC6}.Debug|Any CPU.Build.0 = Debug|Any CPU
		{C9F09331-4C7C-0B15-BC8C-9F2F6DC8ADC6}.Release|Any CPU.ActiveCfg = Release|Any CPU
		{C9F09331-4C7C-0B15-BC8C-9F2F6DC8ADC6}.Release|Any CPU.Build.0 = Release|Any CPU
		{6784DDBD-CD87-1B0B-C5C8-551EF5BB992F}.Debug|Any CPU.ActiveCfg = Debug|Any CPU
		{6784DDBD-CD87-1B0B-C5C8-551EF5BB992F}.Debug|Any CPU.Build.0 = Debug|Any CPU
		{6784DDBD-CD87-1B0B-C5C8-551EF5BB992F}.Release|Any CPU.ActiveCfg = Release|Any CPU
		{6784DDBD-CD87-1B0B-C5C8-551EF5BB992F}.Release|Any CPU.Build.0 = Release|Any CPU
		{FBA9C71D-4195-84F9-E967-273C29D72511}.Debug|Any CPU.ActiveCfg = Debug|Any CPU
		{FBA9C71D-4195-84F9-E967-273C29D72511}.Debug|Any CPU.Build.0 = Debug|Any CPU
		{FBA9C71D-4195-84F9-E967-273C29D72511}.Release|Any CPU.ActiveCfg = Release|Any CPU
		{FBA9C71D-4195-84F9-E967-273C29D72511}.Release|Any CPU.Build.0 = Release|Any CPU
		{9059BC0F-3588-0C4F-0C85-249C7C156D3F}.Debug|Any CPU.ActiveCfg = Debug|Any CPU
		{9059BC0F-3588-0C4F-0C85-249C7C156D3F}.Debug|Any CPU.Build.0 = Debug|Any CPU
		{9059BC0F-3588-0C4F-0C85-249C7C156D3F}.Release|Any CPU.ActiveCfg = Release|Any CPU
		{9059BC0F-3588-0C4F-0C85-249C7C156D3F}.Release|Any CPU.Build.0 = Release|Any CPU
		{D24F93F6-BF0A-4323-97E9-4B9777D0A79A}.Debug|Any CPU.ActiveCfg = Debug|Any CPU
		{D24F93F6-BF0A-4323-97E9-4B9777D0A79A}.Debug|Any CPU.Build.0 = Debug|Any CPU
		{D24F93F6-BF0A-4323-97E9-4B9777D0A79A}.Release|Any CPU.ActiveCfg = Release|Any CPU
		{D24F93F6-BF0A-4323-97E9-4B9777D0A79A}.Release|Any CPU.Build.0 = Release|Any CPU
		{52154620-C02A-E7A0-DFD4-E46561C86584}.Debug|Any CPU.ActiveCfg = Debug|Any CPU
		{52154620-C02A-E7A0-DFD4-E46561C86584}.Debug|Any CPU.Build.0 = Debug|Any CPU
		{52154620-C02A-E7A0-DFD4-E46561C86584}.Release|Any CPU.ActiveCfg = Release|Any CPU
		{52154620-C02A-E7A0-DFD4-E46561C86584}.Release|Any CPU.Build.0 = Release|Any CPU
		{6706813E-2D5D-05D0-0FEB-3CC328E2D309}.Debug|Any CPU.ActiveCfg = Debug|Any CPU
		{6706813E-2D5D-05D0-0FEB-3CC328E2D309}.Debug|Any CPU.Build.0 = Debug|Any CPU
		{6706813E-2D5D-05D0-0FEB-3CC328E2D309}.Release|Any CPU.ActiveCfg = Release|Any CPU
		{6706813E-2D5D-05D0-0FEB-3CC328E2D309}.Release|Any CPU.Build.0 = Release|Any CPU
		{2D657F5F-17A2-BBD8-827F-59697A540F59}.Debug|Any CPU.ActiveCfg = Debug|Any CPU
		{2D657F5F-17A2-BBD8-827F-59697A540F59}.Debug|Any CPU.Build.0 = Debug|Any CPU
		{2D657F5F-17A2-BBD8-827F-59697A540F59}.Release|Any CPU.ActiveCfg = Release|Any CPU
		{2D657F5F-17A2-BBD8-827F-59697A540F59}.Release|Any CPU.Build.0 = Release|Any CPU
		{361C5D09-FAB8-7969-A688-72729C5BBB95}.Debug|Any CPU.ActiveCfg = Debug|Any CPU
		{361C5D09-FAB8-7969-A688-72729C5BBB95}.Debug|Any CPU.Build.0 = Debug|Any CPU
		{361C5D09-FAB8-7969-A688-72729C5BBB95}.Release|Any CPU.ActiveCfg = Release|Any CPU
		{361C5D09-FAB8-7969-A688-72729C5BBB95}.Release|Any CPU.Build.0 = Release|Any CPU
		{B3F01712-DE7F-1576-A7CE-DF790F1C0FA1}.Debug|Any CPU.ActiveCfg = Debug|Any CPU
		{B3F01712-DE7F-1576-A7CE-DF790F1C0FA1}.Debug|Any CPU.Build.0 = Debug|Any CPU
		{B3F01712-DE7F-1576-A7CE-DF790F1C0FA1}.Release|Any CPU.ActiveCfg = Release|Any CPU
		{B3F01712-DE7F-1576-A7CE-DF790F1C0FA1}.Release|Any CPU.Build.0 = Release|Any CPU
		{80BE0893-0A37-C0A0-EF18-9BC75810F031}.Debug|Any CPU.ActiveCfg = Debug|Any CPU
		{80BE0893-0A37-C0A0-EF18-9BC75810F031}.Debug|Any CPU.Build.0 = Debug|Any CPU
		{80BE0893-0A37-C0A0-EF18-9BC75810F031}.Release|Any CPU.ActiveCfg = Release|Any CPU
		{80BE0893-0A37-C0A0-EF18-9BC75810F031}.Release|Any CPU.Build.0 = Release|Any CPU
		{3A3AE7A5-08AC-E33A-6806-9F8647F4F541}.Debug|Any CPU.ActiveCfg = Debug|Any CPU
		{3A3AE7A5-08AC-E33A-6806-9F8647F4F541}.Debug|Any CPU.Build.0 = Debug|Any CPU
		{3A3AE7A5-08AC-E33A-6806-9F8647F4F541}.Release|Any CPU.ActiveCfg = Release|Any CPU
		{3A3AE7A5-08AC-E33A-6806-9F8647F4F541}.Release|Any CPU.Build.0 = Release|Any CPU
		{18341178-8B0F-EA62-BD43-9681960DC7FE}.Debug|Any CPU.ActiveCfg = Debug|Any CPU
		{18341178-8B0F-EA62-BD43-9681960DC7FE}.Debug|Any CPU.Build.0 = Debug|Any CPU
		{18341178-8B0F-EA62-BD43-9681960DC7FE}.Release|Any CPU.ActiveCfg = Release|Any CPU
		{18341178-8B0F-EA62-BD43-9681960DC7FE}.Release|Any CPU.Build.0 = Release|Any CPU
		{69D712C9-303E-3ABA-CC97-D9E60A302CED}.Debug|Any CPU.ActiveCfg = Debug|Any CPU
		{69D712C9-303E-3ABA-CC97-D9E60A302CED}.Debug|Any CPU.Build.0 = Debug|Any CPU
		{69D712C9-303E-3ABA-CC97-D9E60A302CED}.Release|Any CPU.ActiveCfg = Release|Any CPU
		{69D712C9-303E-3ABA-CC97-D9E60A302CED}.Release|Any CPU.Build.0 = Release|Any CPU
		{7CFBD330-43A3-5CA1-DCA7-7813AF996DCA}.Debug|Any CPU.ActiveCfg = Debug|Any CPU
		{7CFBD330-43A3-5CA1-DCA7-7813AF996DCA}.Debug|Any CPU.Build.0 = Debug|Any CPU
		{7CFBD330-43A3-5CA1-DCA7-7813AF996DCA}.Release|Any CPU.ActiveCfg = Release|Any CPU
		{7CFBD330-43A3-5CA1-DCA7-7813AF996DCA}.Release|Any CPU.Build.0 = Release|Any CPU
		{3EC861E2-9786-970B-7F36-1723AD06E7F5}.Debug|Any CPU.ActiveCfg = Debug|Any CPU
		{3EC861E2-9786-970B-7F36-1723AD06E7F5}.Debug|Any CPU.Build.0 = Debug|Any CPU
		{3EC861E2-9786-970B-7F36-1723AD06E7F5}.Release|Any CPU.ActiveCfg = Release|Any CPU
		{3EC861E2-9786-970B-7F36-1723AD06E7F5}.Release|Any CPU.Build.0 = Release|Any CPU
		{33DEBC4F-286F-B40A-289C-FB3CA52DA507}.Debug|Any CPU.ActiveCfg = Debug|Any CPU
		{33DEBC4F-286F-B40A-289C-FB3CA52DA507}.Debug|Any CPU.Build.0 = Debug|Any CPU
		{33DEBC4F-286F-B40A-289C-FB3CA52DA507}.Release|Any CPU.ActiveCfg = Release|Any CPU
		{33DEBC4F-286F-B40A-289C-FB3CA52DA507}.Release|Any CPU.Build.0 = Release|Any CPU
		{C47A4244-C891-D887-A580-195796C2DF2A}.Debug|Any CPU.ActiveCfg = Debug|Any CPU
		{C47A4244-C891-D887-A580-195796C2DF2A}.Debug|Any CPU.Build.0 = Debug|Any CPU
		{C47A4244-C891-D887-A580-195796C2DF2A}.Release|Any CPU.ActiveCfg = Release|Any CPU
		{C47A4244-C891-D887-A580-195796C2DF2A}.Release|Any CPU.Build.0 = Release|Any CPU
		{472CCC76-CB9D-BB70-9C75-FA83B38C6624}.Debug|Any CPU.ActiveCfg = Debug|Any CPU
		{472CCC76-CB9D-BB70-9C75-FA83B38C6624}.Debug|Any CPU.Build.0 = Debug|Any CPU
		{472CCC76-CB9D-BB70-9C75-FA83B38C6624}.Release|Any CPU.ActiveCfg = Release|Any CPU
		{472CCC76-CB9D-BB70-9C75-FA83B38C6624}.Release|Any CPU.Build.0 = Release|Any CPU
		{497CA2C7-5ED3-78E0-3C8E-3E98971CF2E3}.Debug|Any CPU.ActiveCfg = Debug|Any CPU
		{497CA2C7-5ED3-78E0-3C8E-3E98971CF2E3}.Debug|Any CPU.Build.0 = Debug|Any CPU
		{497CA2C7-5ED3-78E0-3C8E-3E98971CF2E3}.Release|Any CPU.ActiveCfg = Release|Any CPU
		{497CA2C7-5ED3-78E0-3C8E-3E98971CF2E3}.Release|Any CPU.Build.0 = Release|Any CPU
	EndGlobalSection
	GlobalSection(SolutionProperties) = preSolution
		HideSolutionNode = FALSE
	EndGlobalSection
EndGlobal
