
Microsoft Visual Studio Solution File, Format Version 12.00
# Visual Studio 15
Project("{FAE04EC0-301F-11D3-BF4B-00C04F79EFBC}") = "PhotonUnityNetworking.Utilities", "PhotonUnityNetworking.Utilities.csproj", "{BD29BA98-51CD-81E6-1DC2-99A251748322}"
EndProject
Project("{FAE04EC0-301F-11D3-BF4B-00C04F79EFBC}") = "Assembly-CSharp", "Assembly-CSharp.csproj", "{DC4A4686-A175-FC9B-099C-292C9ED3ABE8}"
EndProject
Project("{FAE04EC0-301F-11D3-BF4B-00C04F79EFBC}") = "PhotonUnityNetworking", "PhotonUnityNetworking.csproj", "{8C927503-DEBB-0532-9467-4A1D49833CBB}"
EndProject
Project("{FAE04EC0-301F-11D3-BF4B-00C04F79EFBC}") = "PhotonChat", "PhotonChat.csproj", "{E5D62037-349B-26E1-0A80-8FDE8E59EE1D}"
EndProject
Project("{FAE04EC0-301F-11D3-BF4B-00C04F79EFBC}") = "PhotonWebSocket", "PhotonWebSocket.csproj", "{78522262-2E0F-3031-6F7D-8C88A148AFA7}"
EndProject
Project("{FAE04EC0-301F-11D3-BF4B-00C04F79EFBC}") = "PhotonRealtime", "PhotonRealtime.csproj", "{2A0C54B1-084C-656B-D60E-766643226E1F}"
EndProject
Project("{FAE04EC0-301F-11D3-BF4B-00C04F79EFBC}") = "CFXRDemo", "CFXRDemo.csproj", "{407E3AE9-5728-1C29-09FB-BA20C3E50DB3}"
EndProject
Project("{FAE04EC0-301F-11D3-BF4B-00C04F79EFBC}") = "KinoBloom.Runtime", "KinoBloom.Runtime.csproj", "{E32E6D37-1805-6230-4A8F-5EEFA927EB40}"
EndProject
Project("{FAE04EC0-301F-11D3-BF4B-00C04F79EFBC}") = "CFXRRuntime", "CFXRRuntime.csproj", "{F8DAFC2B-6D5B-4E78-D55D-ED1565E4FCCF}"
EndProject
Project("{FAE04EC0-301F-11D3-BF4B-00C04F79EFBC}") = "CFXR.WelcomeScreen", "CFXR.WelcomeScreen.csproj", "{F94125C5-0F67-EFE0-E655-7375966B6F41}"
EndProject
Project("{FAE04EC0-301F-11D3-BF4B-00C04F79EFBC}") = "PhotonUnityNetworking.Editor", "PhotonUnityNetworking.Editor.csproj", "{6A4AD924-D156-AFDD-FAA0-333226B2C31C}"
EndProject
Project("{FAE04EC0-301F-11D3-BF4B-00C04F79EFBC}") = "ToonyColorsPro.Demo.Editor", "ToonyColorsPro.Demo.Editor.csproj", "{55803FE4-832E-6FD3-3D1C-0D391586A911}"
EndProject
Project("{FAE04EC0-301F-11D3-BF4B-00C04F79EFBC}") = "CFXREditor", "CFXREditor.csproj", "{74BEC667-DAC6-8571-BC4D-78B41C638C29}"
EndProject
Project("{FAE04EC0-301F-11D3-BF4B-00C04F79EFBC}") = "Assembly-CSharp-Editor", "Assembly-CSharp-Editor.csproj", "{B05508B3-E0B2-324E-4D51-A7FD57AAA5BD}"
EndProject
Project("{FAE04EC0-301F-11D3-BF4B-00C04F79EFBC}") = "PhotonUnityNetworking.Utilities.PhotonPlayer.Editor", "PhotonUnityNetworking.Utilities.PhotonPlayer.Editor.csproj", "{17147830-DDC2-A9EC-9A7C-969D85684DFE}"
EndProject
Project("{FAE04EC0-301F-11D3-BF4B-00C04F79EFBC}") = "PhotonUnityNetworking.Utilities.Culling.Editor", "PhotonUnityNetworking.Utilities.Culling.Editor.csproj", "{9636781E-9E16-933E-ABB6-626FAE7FA879}"
EndProject
Global
	GlobalSection(SolutionConfigurationPlatforms) = preSolution
		Debug|Any CPU = Debug|Any CPU
		Release|Any CPU = Release|Any CPU
	EndGlobalSection
	GlobalSection(ProjectConfigurationPlatforms) = postSolution
		{BD29BA98-51CD-81E6-1DC2-99A251748322}.Debug|Any CPU.ActiveCfg = Debug|Any CPU
		{BD29BA98-51CD-81E6-1DC2-99A251748322}.Debug|Any CPU.Build.0 = Debug|Any CPU
		{BD29BA98-51CD-81E6-1DC2-99A251748322}.Release|Any CPU.ActiveCfg = Release|Any CPU
		{BD29BA98-51CD-81E6-1DC2-99A251748322}.Release|Any CPU.Build.0 = Release|Any CPU
		{DC4A4686-A175-FC9B-099C-292C9ED3ABE8}.Debug|Any CPU.ActiveCfg = Debug|Any CPU
		{DC4A4686-A175-FC9B-099C-292C9ED3ABE8}.Debug|Any CPU.Build.0 = Debug|Any CPU
		{DC4A4686-A175-FC9B-099C-292C9ED3ABE8}.Release|Any CPU.ActiveCfg = Release|Any CPU
		{DC4A4686-A175-FC9B-099C-292C9ED3ABE8}.Release|Any CPU.Build.0 = Release|Any CPU
		{8C927503-DEBB-0532-9467-4A1D49833CBB}.Debug|Any CPU.ActiveCfg = Debug|Any CPU
		{8C927503-DEBB-0532-9467-4A1D49833CBB}.Debug|Any CPU.Build.0 = Debug|Any CPU
		{8C927503-DEBB-0532-9467-4A1D49833CBB}.Release|Any CPU.ActiveCfg = Release|Any CPU
		{8C927503-DEBB-0532-9467-4A1D49833CBB}.Release|Any CPU.Build.0 = Release|Any CPU
		{E5D62037-349B-26E1-0A80-8FDE8E59EE1D}.Debug|Any CPU.ActiveCfg = Debug|Any CPU
		{E5D62037-349B-26E1-0A80-8FDE8E59EE1D}.Debug|Any CPU.Build.0 = Debug|Any CPU
		{E5D62037-349B-26E1-0A80-8FDE8E59EE1D}.Release|Any CPU.ActiveCfg = Release|Any CPU
		{E5D62037-349B-26E1-0A80-8FDE8E59EE1D}.Release|Any CPU.Build.0 = Release|Any CPU
		{78522262-2E0F-3031-6F7D-8C88A148AFA7}.Debug|Any CPU.ActiveCfg = Debug|Any CPU
		{78522262-2E0F-3031-6F7D-8C88A148AFA7}.Debug|Any CPU.Build.0 = Debug|Any CPU
		{78522262-2E0F-3031-6F7D-8C88A148AFA7}.Release|Any CPU.ActiveCfg = Release|Any CPU
		{78522262-2E0F-3031-6F7D-8C88A148AFA7}.Release|Any CPU.Build.0 = Release|Any CPU
		{2A0C54B1-084C-656B-D60E-766643226E1F}.Debug|Any CPU.ActiveCfg = Debug|Any CPU
		{2A0C54B1-084C-656B-D60E-766643226E1F}.Debug|Any CPU.Build.0 = Debug|Any CPU
		{2A0C54B1-084C-656B-D60E-766643226E1F}.Release|Any CPU.ActiveCfg = Release|Any CPU
		{2A0C54B1-084C-656B-D60E-766643226E1F}.Release|Any CPU.Build.0 = Release|Any CPU
		{407E3AE9-5728-1C29-09FB-BA20C3E50DB3}.Debug|Any CPU.ActiveCfg = Debug|Any CPU
		{407E3AE9-5728-1C29-09FB-BA20C3E50DB3}.Debug|Any CPU.Build.0 = Debug|Any CPU
		{407E3AE9-5728-1C29-09FB-BA20C3E50DB3}.Release|Any CPU.ActiveCfg = Release|Any CPU
		{407E3AE9-5728-1C29-09FB-BA20C3E50DB3}.Release|Any CPU.Build.0 = Release|Any CPU
		{E32E6D37-1805-6230-4A8F-5EEFA927EB40}.Debug|Any CPU.ActiveCfg = Debug|Any CPU
		{E32E6D37-1805-6230-4A8F-5EEFA927EB40}.Debug|Any CPU.Build.0 = Debug|Any CPU
		{E32E6D37-1805-6230-4A8F-5EEFA927EB40}.Release|Any CPU.ActiveCfg = Release|Any CPU
		{E32E6D37-1805-6230-4A8F-5EEFA927EB40}.Release|Any CPU.Build.0 = Release|Any CPU
		{F8DAFC2B-6D5B-4E78-D55D-ED1565E4FCCF}.Debug|Any CPU.ActiveCfg = Debug|Any CPU
		{F8DAFC2B-6D5B-4E78-D55D-ED1565E4FCCF}.Debug|Any CPU.Build.0 = Debug|Any CPU
		{F8DAFC2B-6D5B-4E78-D55D-ED1565E4FCCF}.Release|Any CPU.ActiveCfg = Release|Any CPU
		{F8DAFC2B-6D5B-4E78-D55D-ED1565E4FCCF}.Release|Any CPU.Build.0 = Release|Any CPU
		{F94125C5-0F67-EFE0-E655-7375966B6F41}.Debug|Any CPU.ActiveCfg = Debug|Any CPU
		{F94125C5-0F67-EFE0-E655-7375966B6F41}.Debug|Any CPU.Build.0 = Debug|Any CPU
		{F94125C5-0F67-EFE0-E655-7375966B6F41}.Release|Any CPU.ActiveCfg = Release|Any CPU
		{F94125C5-0F67-EFE0-E655-7375966B6F41}.Release|Any CPU.Build.0 = Release|Any CPU
		{6A4AD924-D156-AFDD-FAA0-333226B2C31C}.Debug|Any CPU.ActiveCfg = Debug|Any CPU
		{6A4AD924-D156-AFDD-FAA0-333226B2C31C}.Debug|Any CPU.Build.0 = Debug|Any CPU
		{6A4AD924-D156-AFDD-FAA0-333226B2C31C}.Release|Any CPU.ActiveCfg = Release|Any CPU
		{6A4AD924-D156-AFDD-FAA0-333226B2C31C}.Release|Any CPU.Build.0 = Release|Any CPU
		{55803FE4-832E-6FD3-3D1C-0D391586A911}.Debug|Any CPU.ActiveCfg = Debug|Any CPU
		{55803FE4-832E-6FD3-3D1C-0D391586A911}.Debug|Any CPU.Build.0 = Debug|Any CPU
		{55803FE4-832E-6FD3-3D1C-0D391586A911}.Release|Any CPU.ActiveCfg = Release|Any CPU
		{55803FE4-832E-6FD3-3D1C-0D391586A911}.Release|Any CPU.Build.0 = Release|Any CPU
		{74BEC667-DAC6-8571-BC4D-78B41C638C29}.Debug|Any CPU.ActiveCfg = Debug|Any CPU
		{74BEC667-DAC6-8571-BC4D-78B41C638C29}.Debug|Any CPU.Build.0 = Debug|Any CPU
		{74BEC667-DAC6-8571-BC4D-78B41C638C29}.Release|Any CPU.ActiveCfg = Release|Any CPU
		{74BEC667-DAC6-8571-BC4D-78B41C638C29}.Release|Any CPU.Build.0 = Release|Any CPU
		{B05508B3-E0B2-324E-4D51-A7FD57AAA5BD}.Debug|Any CPU.ActiveCfg = Debug|Any CPU
		{B05508B3-E0B2-324E-4D51-A7FD57AAA5BD}.Debug|Any CPU.Build.0 = Debug|Any CPU
		{B05508B3-E0B2-324E-4D51-A7FD57AAA5BD}.Release|Any CPU.ActiveCfg = Release|Any CPU
		{B05508B3-E0B2-324E-4D51-A7FD57AAA5BD}.Release|Any CPU.Build.0 = Release|Any CPU
		{17147830-DDC2-A9EC-9A7C-969D85684DFE}.Debug|Any CPU.ActiveCfg = Debug|Any CPU
		{17147830-DDC2-A9EC-9A7C-969D85684DFE}.Debug|Any CPU.Build.0 = Debug|Any CPU
		{17147830-DDC2-A9EC-9A7C-969D85684DFE}.Release|Any CPU.ActiveCfg = Release|Any CPU
		{17147830-DDC2-A9EC-9A7C-969D85684DFE}.Release|Any CPU.Build.0 = Release|Any CPU
		{9636781E-9E16-933E-ABB6-626FAE7FA879}.Debug|Any CPU.ActiveCfg = Debug|Any CPU
		{9636781E-9E16-933E-ABB6-626FAE7FA879}.Debug|Any CPU.Build.0 = Debug|Any CPU
		{9636781E-9E16-933E-ABB6-626FAE7FA879}.Release|Any CPU.ActiveCfg = Release|Any CPU
		{9636781E-9E16-933E-ABB6-626FAE7FA879}.Release|Any CPU.Build.0 = Release|Any CPU
	EndGlobalSection
	GlobalSection(SolutionProperties) = preSolution
		HideSolutionNode = FALSE
	EndGlobalSection
EndGlobal
