
Microsoft Visual Studio Solution File, Format Version 12.00
# Visual Studio 15
Project("{FAE04EC0-301F-11D3-BF4B-00C04F79EFBC}") = "UnityEngine.TestRunner", "UnityEngine.TestRunner.csproj", "{0CA982CC-71C5-B00C-6666-9B81F927AE4E}"
EndProject
Project("{FAE04EC0-301F-11D3-BF4B-00C04F79EFBC}") = "UnityEngine.UI", "UnityEngine.UI.csproj", "{848AC5A4-56F5-C077-04BD-16FA65CACCD6}"
EndProject
Project("{FAE04EC0-301F-11D3-BF4B-00C04F79EFBC}") = "Unity.VisualScripting.Flow", "Unity.VisualScripting.Flow.csproj", "{7993BDC9-F1B2-7BF0-7DFE-CBA20E4E43B1}"
EndProject
Project("{FAE04EC0-301F-11D3-BF4B-00C04F79EFBC}") = "Assembly-CSharp", "Assembly-CSharp.csproj", "{D992BB6F-C871-8DBE-2040-837BC2543AE0}"
EndProject
Project("{FAE04EC0-301F-11D3-BF4B-00C04F79EFBC}") = "Unity.Services.Core.Telemetry", "Unity.Services.Core.Telemetry.csproj", "{56513EF1-EF4F-82F8-4AA5-4D3FA37C57C1}"
EndProject
Project("{FAE04EC0-301F-11D3-BF4B-00C04F79EFBC}") = "Unity.VisualScripting.State", "Unity.VisualScripting.State.csproj", "{41C7CF65-602B-4885-949A-DCC76CA91ED5}"
EndProject
Project("{FAE04EC0-301F-11D3-BF4B-00C04F79EFBC}") = "Unity.VisualScripting.Core", "Unity.VisualScripting.Core.csproj", "{DC44012F-B97E-C7AF-6537-ECEDE97AEDC0}"
EndProject
Project("{FAE04EC0-301F-11D3-BF4B-00C04F79EFBC}") = "Unity.Services.Core.Environments.Internal", "Unity.Services.Core.Environments.Internal.csproj", "{90E04B82-5C72-2648-178B-887BF4067DE6}"
EndProject
Project("{FAE04EC0-301F-11D3-BF4B-00C04F79EFBC}") = "Unity.TextMeshPro", "Unity.TextMeshPro.csproj", "{16BA868C-E82B-D215-7C76-8754B36E6098}"
EndProject
Project("{FAE04EC0-301F-11D3-BF4B-00C04F79EFBC}") = "Unity.Timeline", "Unity.Timeline.csproj", "{D0F943FE-B3EB-0802-1AD4-E4E3C0BB4670}"
EndProject
Project("{FAE04EC0-301F-11D3-BF4B-00C04F79EFBC}") = "Unity.Services.Core", "Unity.Services.Core.csproj", "{B2D5C63F-32F4-7026-70DE-09A4B8356D52}"
EndProject
Project("{FAE04EC0-301F-11D3-BF4B-00C04F79EFBC}") = "Unity.Services.Core.Environments", "Unity.Services.Core.Environments.csproj", "{9499F987-4B1A-00AA-CD5C-461F2CEF6C6A}"
EndProject
Project("{FAE04EC0-301F-11D3-BF4B-00C04F79EFBC}") = "Unity.Services.Core.Internal", "Unity.Services.Core.Internal.csproj", "{E06DBB25-9B51-E299-FC88-9CAE9B937ABC}"
EndProject
Project("{FAE04EC0-301F-11D3-BF4B-00C04F79EFBC}") = "Unity.Services.Core.Analytics", "Unity.Services.Core.Analytics.csproj", "{E073415F-D71B-B452-6D5F-C0889C8CD1F5}"
EndProject
Project("{FAE04EC0-301F-11D3-BF4B-00C04F79EFBC}") = "Unity.Services.Core.Scheduler", "Unity.Services.Core.Scheduler.csproj", "{CEC4D74F-7E27-EB2E-2252-40624C335996}"
EndProject
Project("{FAE04EC0-301F-11D3-BF4B-00C04F79EFBC}") = "Unity.Services.Core.Registration", "Unity.Services.Core.Registration.csproj", "{4DB0E920-DA84-6735-45D8-981CB4809FFB}"
EndProject
Project("{FAE04EC0-301F-11D3-BF4B-00C04F79EFBC}") = "Unity.Services.Core.Device", "Unity.Services.Core.Device.csproj", "{22D5032F-95A3-1F42-5958-05DB3439DCD4}"
EndProject
Project("{FAE04EC0-301F-11D3-BF4B-00C04F79EFBC}") = "Unity.Services.Core.Threading", "Unity.Services.Core.Threading.csproj", "{D940C6DC-5BE7-C36C-2134-0FCAD25FE476}"
EndProject
Project("{FAE04EC0-301F-11D3-BF4B-00C04F79EFBC}") = "Unity.Services.Core.Networking", "Unity.Services.Core.Networking.csproj", "{6C7B8667-92FC-A3DE-DF92-236866F86AF5}"
EndProject
Project("{FAE04EC0-301F-11D3-BF4B-00C04F79EFBC}") = "Unity.Services.Core.Configuration", "Unity.Services.Core.Configuration.csproj", "{C39F852B-0C98-E092-CAAE-2E1AA682468F}"
EndProject
Project("{FAE04EC0-301F-11D3-BF4B-00C04F79EFBC}") = "Unity.PlasticSCM.Editor", "Unity.PlasticSCM.Editor.csproj", "{212AC08B-FB7D-F3AA-89A3-A5AEC6CBA4D1}"
EndProject
Project("{FAE04EC0-301F-11D3-BF4B-00C04F79EFBC}") = "Unity.VisualScripting.Core.Editor", "Unity.VisualScripting.Core.Editor.csproj", "{ABA65585-63D8-A143-F1FD-8229D7A187B7}"
EndProject
Project("{FAE04EC0-301F-11D3-BF4B-00C04F79EFBC}") = "Unity.VisualScripting.Flow.Editor", "Unity.VisualScripting.Flow.Editor.csproj", "{E6ED2E70-151E-2F28-5455-46AF7CE24A0A}"
EndProject
Project("{FAE04EC0-301F-11D3-BF4B-00C04F79EFBC}") = "Unity.VisualStudio.Editor", "Unity.VisualStudio.Editor.csproj", "{2EBE6C82-8EC1-1451-4692-3268E6D53B82}"
EndProject
Project("{FAE04EC0-301F-11D3-BF4B-00C04F79EFBC}") = "Unity.Timeline.Editor", "Unity.Timeline.Editor.csproj", "{BA8E4378-88E2-A2E8-464F-2A3C1653E6DF}"
EndProject
Project("{FAE04EC0-301F-11D3-BF4B-00C04F79EFBC}") = "Unity.VisualScripting.State.Editor", "Unity.VisualScripting.State.Editor.csproj", "{73BD9D95-185B-AF42-94BD-D32E9F01FCDA}"
EndProject
Project("{FAE04EC0-301F-11D3-BF4B-00C04F79EFBC}") = "Unity.TextMeshPro.Editor", "Unity.TextMeshPro.Editor.csproj", "{F0A9D679-9D70-D5F6-E906-71441415C3BF}"
EndProject
Project("{FAE04EC0-301F-11D3-BF4B-00C04F79EFBC}") = "Unity.VisualScripting.SettingsProvider.Editor", "Unity.VisualScripting.SettingsProvider.Editor.csproj", "{9A3EC159-D915-76E2-B44F-AE6790E29445}"
EndProject
Project("{FAE04EC0-301F-11D3-BF4B-00C04F79EFBC}") = "Unity.CollabProxy.Editor", "Unity.CollabProxy.Editor.csproj", "{67FFE9F2-4D1F-B699-A02A-D462F286EB37}"
EndProject
Project("{FAE04EC0-301F-11D3-BF4B-00C04F79EFBC}") = "UnityEditor.TestRunner", "UnityEditor.TestRunner.csproj", "{F02EA944-C796-5FB2-ADF9-3708F11A2C0D}"
EndProject
Project("{FAE04EC0-301F-11D3-BF4B-00C04F79EFBC}") = "Unity.Services.Core.Editor", "Unity.Services.Core.Editor.csproj", "{AF87EB49-3BC7-29DE-16E4-D31FF968C39E}"
EndProject
Project("{FAE04EC0-301F-11D3-BF4B-00C04F79EFBC}") = "Unity.TestTools.CodeCoverage.Editor", "Unity.TestTools.CodeCoverage.Editor.csproj", "{561D18DF-98CE-33B9-A17E-007F1D7959C0}"
EndProject
Project("{FAE04EC0-301F-11D3-BF4B-00C04F79EFBC}") = "Unity.Rider.Editor", "Unity.Rider.Editor.csproj", "{A451C489-7450-6CAB-D879-FA60BEC16A56}"
EndProject
Project("{FAE04EC0-301F-11D3-BF4B-00C04F79EFBC}") = "Unity.Performance.Profile-Analyzer.Editor", "Unity.Performance.Profile-Analyzer.Editor.csproj", "{EDB1A71C-D3F2-2048-E6F0-4F862C04999C}"
EndProject
Project("{FAE04EC0-301F-11D3-BF4B-00C04F79EFBC}") = "Unity.VSCode.Editor", "Unity.VSCode.Editor.csproj", "{E5505BD8-3C7D-E2D0-E536-27123714CECA}"
EndProject
Project("{FAE04EC0-301F-11D3-BF4B-00C04F79EFBC}") = "UnityEditor.UI", "UnityEditor.UI.csproj", "{4C3474B6-254E-82DD-87AC-F774820A87A8}"
EndProject
Project("{FAE04EC0-301F-11D3-BF4B-00C04F79EFBC}") = "Unity.TestTools.CodeCoverage.Editor.OpenCover.Model", "Unity.TestTools.CodeCoverage.Editor.OpenCover.Model.csproj", "{F858C9B8-8207-28F4-D9FB-C3E3BED660C4}"
EndProject
Project("{FAE04EC0-301F-11D3-BF4B-00C04F79EFBC}") = "Unity.EditorCoroutines.Editor", "Unity.EditorCoroutines.Editor.csproj", "{E4393E6C-3CE0-27DF-0DFC-16FD34A738B2}"
EndProject
Project("{FAE04EC0-301F-11D3-BF4B-00C04F79EFBC}") = "Unity.Settings.Editor", "Unity.Settings.Editor.csproj", "{A1DB3F85-7C3A-5832-0004-20005224DFB0}"
EndProject
Project("{FAE04EC0-301F-11D3-BF4B-00C04F79EFBC}") = "Unity.Services.Core.Configuration.Editor", "Unity.Services.Core.Configuration.Editor.csproj", "{7B283E84-4594-63EA-EA7B-29748E55900A}"
EndProject
Project("{FAE04EC0-301F-11D3-BF4B-00C04F79EFBC}") = "Unity.TestTools.CodeCoverage.Editor.OpenCover.Mono.Reflection", "Unity.TestTools.CodeCoverage.Editor.OpenCover.Mono.Reflection.csproj", "{F1F1681D-9D4D-7F22-6186-B5E20A61F484}"
EndProject
Project("{FAE04EC0-301F-11D3-BF4B-00C04F79EFBC}") = "Unity.VisualScripting.Shared.Editor", "Unity.VisualScripting.Shared.Editor.csproj", "{CD1A1E8C-7B86-8039-219E-F23D36449396}"
EndProject
Global
	GlobalSection(SolutionConfigurationPlatforms) = preSolution
		Debug|Any CPU = Debug|Any CPU
		Release|Any CPU = Release|Any CPU
	EndGlobalSection
	GlobalSection(ProjectConfigurationPlatforms) = postSolution
		{0CA982CC-71C5-B00C-6666-9B81F927AE4E}.Debug|Any CPU.ActiveCfg = Debug|Any CPU
		{0CA982CC-71C5-B00C-6666-9B81F927AE4E}.Debug|Any CPU.Build.0 = Debug|Any CPU
		{0CA982CC-71C5-B00C-6666-9B81F927AE4E}.Release|Any CPU.ActiveCfg = Release|Any CPU
		{0CA982CC-71C5-B00C-6666-9B81F927AE4E}.Release|Any CPU.Build.0 = Release|Any CPU
		{848AC5A4-56F5-C077-04BD-16FA65CACCD6}.Debug|Any CPU.ActiveCfg = Debug|Any CPU
		{848AC5A4-56F5-C077-04BD-16FA65CACCD6}.Debug|Any CPU.Build.0 = Debug|Any CPU
		{848AC5A4-56F5-C077-04BD-16FA65CACCD6}.Release|Any CPU.ActiveCfg = Release|Any CPU
		{848AC5A4-56F5-C077-04BD-16FA65CACCD6}.Release|Any CPU.Build.0 = Release|Any CPU
		{7993BDC9-F1B2-7BF0-7DFE-CBA20E4E43B1}.Debug|Any CPU.ActiveCfg = Debug|Any CPU
		{7993BDC9-F1B2-7BF0-7DFE-CBA20E4E43B1}.Debug|Any CPU.Build.0 = Debug|Any CPU
		{7993BDC9-F1B2-7BF0-7DFE-CBA20E4E43B1}.Release|Any CPU.ActiveCfg = Release|Any CPU
		{7993BDC9-F1B2-7BF0-7DFE-CBA20E4E43B1}.Release|Any CPU.Build.0 = Release|Any CPU
		{D992BB6F-C871-8DBE-2040-837BC2543AE0}.Debug|Any CPU.ActiveCfg = Debug|Any CPU
		{D992BB6F-C871-8DBE-2040-837BC2543AE0}.Debug|Any CPU.Build.0 = Debug|Any CPU
		{D992BB6F-C871-8DBE-2040-837BC2543AE0}.Release|Any CPU.ActiveCfg = Release|Any CPU
		{D992BB6F-C871-8DBE-2040-837BC2543AE0}.Release|Any CPU.Build.0 = Release|Any CPU
		{56513EF1-EF4F-82F8-4AA5-4D3FA37C57C1}.Debug|Any CPU.ActiveCfg = Debug|Any CPU
		{56513EF1-EF4F-82F8-4AA5-4D3FA37C57C1}.Debug|Any CPU.Build.0 = Debug|Any CPU
		{56513EF1-EF4F-82F8-4AA5-4D3FA37C57C1}.Release|Any CPU.ActiveCfg = Release|Any CPU
		{56513EF1-EF4F-82F8-4AA5-4D3FA37C57C1}.Release|Any CPU.Build.0 = Release|Any CPU
		{41C7CF65-602B-4885-949A-DCC76CA91ED5}.Debug|Any CPU.ActiveCfg = Debug|Any CPU
		{41C7CF65-602B-4885-949A-DCC76CA91ED5}.Debug|Any CPU.Build.0 = Debug|Any CPU
		{41C7CF65-602B-4885-949A-DCC76CA91ED5}.Release|Any CPU.ActiveCfg = Release|Any CPU
		{41C7CF65-602B-4885-949A-DCC76CA91ED5}.Release|Any CPU.Build.0 = Release|Any CPU
		{DC44012F-B97E-C7AF-6537-ECEDE97AEDC0}.Debug|Any CPU.ActiveCfg = Debug|Any CPU
		{DC44012F-B97E-C7AF-6537-ECEDE97AEDC0}.Debug|Any CPU.Build.0 = Debug|Any CPU
		{DC44012F-B97E-C7AF-6537-ECEDE97AEDC0}.Release|Any CPU.ActiveCfg = Release|Any CPU
		{DC44012F-B97E-C7AF-6537-ECEDE97AEDC0}.Release|Any CPU.Build.0 = Release|Any CPU
		{90E04B82-5C72-2648-178B-887BF4067DE6}.Debug|Any CPU.ActiveCfg = Debug|Any CPU
		{90E04B82-5C72-2648-178B-887BF4067DE6}.Debug|Any CPU.Build.0 = Debug|Any CPU
		{90E04B82-5C72-2648-178B-887BF4067DE6}.Release|Any CPU.ActiveCfg = Release|Any CPU
		{90E04B82-5C72-2648-178B-887BF4067DE6}.Release|Any CPU.Build.0 = Release|Any CPU
		{16BA868C-E82B-D215-7C76-8754B36E6098}.Debug|Any CPU.ActiveCfg = Debug|Any CPU
		{16BA868C-E82B-D215-7C76-8754B36E6098}.Debug|Any CPU.Build.0 = Debug|Any CPU
		{16BA868C-E82B-D215-7C76-8754B36E6098}.Release|Any CPU.ActiveCfg = Release|Any CPU
		{16BA868C-E82B-D215-7C76-8754B36E6098}.Release|Any CPU.Build.0 = Release|Any CPU
		{D0F943FE-B3EB-0802-1AD4-E4E3C0BB4670}.Debug|Any CPU.ActiveCfg = Debug|Any CPU
		{D0F943FE-B3EB-0802-1AD4-E4E3C0BB4670}.Debug|Any CPU.Build.0 = Debug|Any CPU
		{D0F943FE-B3EB-0802-1AD4-E4E3C0BB4670}.Release|Any CPU.ActiveCfg = Release|Any CPU
		{D0F943FE-B3EB-0802-1AD4-E4E3C0BB4670}.Release|Any CPU.Build.0 = Release|Any CPU
		{B2D5C63F-32F4-7026-70DE-09A4B8356D52}.Debug|Any CPU.ActiveCfg = Debug|Any CPU
		{B2D5C63F-32F4-7026-70DE-09A4B8356D52}.Debug|Any CPU.Build.0 = Debug|Any CPU
		{B2D5C63F-32F4-7026-70DE-09A4B8356D52}.Release|Any CPU.ActiveCfg = Release|Any CPU
		{B2D5C63F-32F4-7026-70DE-09A4B8356D52}.Release|Any CPU.Build.0 = Release|Any CPU
		{9499F987-4B1A-00AA-CD5C-461F2CEF6C6A}.Debug|Any CPU.ActiveCfg = Debug|Any CPU
		{9499F987-4B1A-00AA-CD5C-461F2CEF6C6A}.Debug|Any CPU.Build.0 = Debug|Any CPU
		{9499F987-4B1A-00AA-CD5C-461F2CEF6C6A}.Release|Any CPU.ActiveCfg = Release|Any CPU
		{9499F987-4B1A-00AA-CD5C-461F2CEF6C6A}.Release|Any CPU.Build.0 = Release|Any CPU
		{E06DBB25-9B51-E299-FC88-9CAE9B937ABC}.Debug|Any CPU.ActiveCfg = Debug|Any CPU
		{E06DBB25-9B51-E299-FC88-9CAE9B937ABC}.Debug|Any CPU.Build.0 = Debug|Any CPU
		{E06DBB25-9B51-E299-FC88-9CAE9B937ABC}.Release|Any CPU.ActiveCfg = Release|Any CPU
		{E06DBB25-9B51-E299-FC88-9CAE9B937ABC}.Release|Any CPU.Build.0 = Release|Any CPU
		{E073415F-D71B-B452-6D5F-C0889C8CD1F5}.Debug|Any CPU.ActiveCfg = Debug|Any CPU
		{E073415F-D71B-B452-6D5F-C0889C8CD1F5}.Debug|Any CPU.Build.0 = Debug|Any CPU
		{E073415F-D71B-B452-6D5F-C0889C8CD1F5}.Release|Any CPU.ActiveCfg = Release|Any CPU
		{E073415F-D71B-B452-6D5F-C0889C8CD1F5}.Release|Any CPU.Build.0 = Release|Any CPU
		{CEC4D74F-7E27-EB2E-2252-40624C335996}.Debug|Any CPU.ActiveCfg = Debug|Any CPU
		{CEC4D74F-7E27-EB2E-2252-40624C335996}.Debug|Any CPU.Build.0 = Debug|Any CPU
		{CEC4D74F-7E27-EB2E-2252-40624C335996}.Release|Any CPU.ActiveCfg = Release|Any CPU
		{CEC4D74F-7E27-EB2E-2252-40624C335996}.Release|Any CPU.Build.0 = Release|Any CPU
		{4DB0E920-DA84-6735-45D8-981CB4809FFB}.Debug|Any CPU.ActiveCfg = Debug|Any CPU
		{4DB0E920-DA84-6735-45D8-981CB4809FFB}.Debug|Any CPU.Build.0 = Debug|Any CPU
		{4DB0E920-DA84-6735-45D8-981CB4809FFB}.Release|Any CPU.ActiveCfg = Release|Any CPU
		{4DB0E920-DA84-6735-45D8-981CB4809FFB}.Release|Any CPU.Build.0 = Release|Any CPU
		{22D5032F-95A3-1F42-5958-05DB3439DCD4}.Debug|Any CPU.ActiveCfg = Debug|Any CPU
		{22D5032F-95A3-1F42-5958-05DB3439DCD4}.Debug|Any CPU.Build.0 = Debug|Any CPU
		{22D5032F-95A3-1F42-5958-05DB3439DCD4}.Release|Any CPU.ActiveCfg = Release|Any CPU
		{22D5032F-95A3-1F42-5958-05DB3439DCD4}.Release|Any CPU.Build.0 = Release|Any CPU
		{D940C6DC-5BE7-C36C-2134-0FCAD25FE476}.Debug|Any CPU.ActiveCfg = Debug|Any CPU
		{D940C6DC-5BE7-C36C-2134-0FCAD25FE476}.Debug|Any CPU.Build.0 = Debug|Any CPU
		{D940C6DC-5BE7-C36C-2134-0FCAD25FE476}.Release|Any CPU.ActiveCfg = Release|Any CPU
		{D940C6DC-5BE7-C36C-2134-0FCAD25FE476}.Release|Any CPU.Build.0 = Release|Any CPU
		{6C7B8667-92FC-A3DE-DF92-236866F86AF5}.Debug|Any CPU.ActiveCfg = Debug|Any CPU
		{6C7B8667-92FC-A3DE-DF92-236866F86AF5}.Debug|Any CPU.Build.0 = Debug|Any CPU
		{6C7B8667-92FC-A3DE-DF92-236866F86AF5}.Release|Any CPU.ActiveCfg = Release|Any CPU
		{6C7B8667-92FC-A3DE-DF92-236866F86AF5}.Release|Any CPU.Build.0 = Release|Any CPU
		{C39F852B-0C98-E092-CAAE-2E1AA682468F}.Debug|Any CPU.ActiveCfg = Debug|Any CPU
		{C39F852B-0C98-E092-CAAE-2E1AA682468F}.Debug|Any CPU.Build.0 = Debug|Any CPU
		{C39F852B-0C98-E092-CAAE-2E1AA682468F}.Release|Any CPU.ActiveCfg = Release|Any CPU
		{C39F852B-0C98-E092-CAAE-2E1AA682468F}.Release|Any CPU.Build.0 = Release|Any CPU
		{212AC08B-FB7D-F3AA-89A3-A5AEC6CBA4D1}.Debug|Any CPU.ActiveCfg = Debug|Any CPU
		{212AC08B-FB7D-F3AA-89A3-A5AEC6CBA4D1}.Debug|Any CPU.Build.0 = Debug|Any CPU
		{212AC08B-FB7D-F3AA-89A3-A5AEC6CBA4D1}.Release|Any CPU.ActiveCfg = Release|Any CPU
		{212AC08B-FB7D-F3AA-89A3-A5AEC6CBA4D1}.Release|Any CPU.Build.0 = Release|Any CPU
		{ABA65585-63D8-A143-F1FD-8229D7A187B7}.Debug|Any CPU.ActiveCfg = Debug|Any CPU
		{ABA65585-63D8-A143-F1FD-8229D7A187B7}.Debug|Any CPU.Build.0 = Debug|Any CPU
		{ABA65585-63D8-A143-F1FD-8229D7A187B7}.Release|Any CPU.ActiveCfg = Release|Any CPU
		{ABA65585-63D8-A143-F1FD-8229D7A187B7}.Release|Any CPU.Build.0 = Release|Any CPU
		{E6ED2E70-151E-2F28-5455-46AF7CE24A0A}.Debug|Any CPU.ActiveCfg = Debug|Any CPU
		{E6ED2E70-151E-2F28-5455-46AF7CE24A0A}.Debug|Any CPU.Build.0 = Debug|Any CPU
		{E6ED2E70-151E-2F28-5455-46AF7CE24A0A}.Release|Any CPU.ActiveCfg = Release|Any CPU
		{E6ED2E70-151E-2F28-5455-46AF7CE24A0A}.Release|Any CPU.Build.0 = Release|Any CPU
		{2EBE6C82-8EC1-1451-4692-3268E6D53B82}.Debug|Any CPU.ActiveCfg = Debug|Any CPU
		{2EBE6C82-8EC1-1451-4692-3268E6D53B82}.Debug|Any CPU.Build.0 = Debug|Any CPU
		{2EBE6C82-8EC1-1451-4692-3268E6D53B82}.Release|Any CPU.ActiveCfg = Release|Any CPU
		{2EBE6C82-8EC1-1451-4692-3268E6D53B82}.Release|Any CPU.Build.0 = Release|Any CPU
		{BA8E4378-88E2-A2E8-464F-2A3C1653E6DF}.Debug|Any CPU.ActiveCfg = Debug|Any CPU
		{BA8E4378-88E2-A2E8-464F-2A3C1653E6DF}.Debug|Any CPU.Build.0 = Debug|Any CPU
		{BA8E4378-88E2-A2E8-464F-2A3C1653E6DF}.Release|Any CPU.ActiveCfg = Release|Any CPU
		{BA8E4378-88E2-A2E8-464F-2A3C1653E6DF}.Release|Any CPU.Build.0 = Release|Any CPU
		{73BD9D95-185B-AF42-94BD-D32E9F01FCDA}.Debug|Any CPU.ActiveCfg = Debug|Any CPU
		{73BD9D95-185B-AF42-94BD-D32E9F01FCDA}.Debug|Any CPU.Build.0 = Debug|Any CPU
		{73BD9D95-185B-AF42-94BD-D32E9F01FCDA}.Release|Any CPU.ActiveCfg = Release|Any CPU
		{73BD9D95-185B-AF42-94BD-D32E9F01FCDA}.Release|Any CPU.Build.0 = Release|Any CPU
		{F0A9D679-9D70-D5F6-E906-71441415C3BF}.Debug|Any CPU.ActiveCfg = Debug|Any CPU
		{F0A9D679-9D70-D5F6-E906-71441415C3BF}.Debug|Any CPU.Build.0 = Debug|Any CPU
		{F0A9D679-9D70-D5F6-E906-71441415C3BF}.Release|Any CPU.ActiveCfg = Release|Any CPU
		{F0A9D679-9D70-D5F6-E906-71441415C3BF}.Release|Any CPU.Build.0 = Release|Any CPU
		{9A3EC159-D915-76E2-B44F-AE6790E29445}.Debug|Any CPU.ActiveCfg = Debug|Any CPU
		{9A3EC159-D915-76E2-B44F-AE6790E29445}.Debug|Any CPU.Build.0 = Debug|Any CPU
		{9A3EC159-D915-76E2-B44F-AE6790E29445}.Release|Any CPU.ActiveCfg = Release|Any CPU
		{9A3EC159-D915-76E2-B44F-AE6790E29445}.Release|Any CPU.Build.0 = Release|Any CPU
		{67FFE9F2-4D1F-B699-A02A-D462F286EB37}.Debug|Any CPU.ActiveCfg = Debug|Any CPU
		{67FFE9F2-4D1F-B699-A02A-D462F286EB37}.Debug|Any CPU.Build.0 = Debug|Any CPU
		{67FFE9F2-4D1F-B699-A02A-D462F286EB37}.Release|Any CPU.ActiveCfg = Release|Any CPU
		{67FFE9F2-4D1F-B699-A02A-D462F286EB37}.Release|Any CPU.Build.0 = Release|Any CPU
		{F02EA944-C796-5FB2-ADF9-3708F11A2C0D}.Debug|Any CPU.ActiveCfg = Debug|Any CPU
		{F02EA944-C796-5FB2-ADF9-3708F11A2C0D}.Debug|Any CPU.Build.0 = Debug|Any CPU
		{F02EA944-C796-5FB2-ADF9-3708F11A2C0D}.Release|Any CPU.ActiveCfg = Release|Any CPU
		{F02EA944-C796-5FB2-ADF9-3708F11A2C0D}.Release|Any CPU.Build.0 = Release|Any CPU
		{AF87EB49-3BC7-29DE-16E4-D31FF968C39E}.Debug|Any CPU.ActiveCfg = Debug|Any CPU
		{AF87EB49-3BC7-29DE-16E4-D31FF968C39E}.Debug|Any CPU.Build.0 = Debug|Any CPU
		{AF87EB49-3BC7-29DE-16E4-D31FF968C39E}.Release|Any CPU.ActiveCfg = Release|Any CPU
		{AF87EB49-3BC7-29DE-16E4-D31FF968C39E}.Release|Any CPU.Build.0 = Release|Any CPU
		{561D18DF-98CE-33B9-A17E-007F1D7959C0}.Debug|Any CPU.ActiveCfg = Debug|Any CPU
		{561D18DF-98CE-33B9-A17E-007F1D7959C0}.Debug|Any CPU.Build.0 = Debug|Any CPU
		{561D18DF-98CE-33B9-A17E-007F1D7959C0}.Release|Any CPU.ActiveCfg = Release|Any CPU
		{561D18DF-98CE-33B9-A17E-007F1D7959C0}.Release|Any CPU.Build.0 = Release|Any CPU
		{A451C489-7450-6CAB-D879-FA60BEC16A56}.Debug|Any CPU.ActiveCfg = Debug|Any CPU
		{A451C489-7450-6CAB-D879-FA60BEC16A56}.Debug|Any CPU.Build.0 = Debug|Any CPU
		{A451C489-7450-6CAB-D879-FA60BEC16A56}.Release|Any CPU.ActiveCfg = Release|Any CPU
		{A451C489-7450-6CAB-D879-FA60BEC16A56}.Release|Any CPU.Build.0 = Release|Any CPU
		{EDB1A71C-D3F2-2048-E6F0-4F862C04999C}.Debug|Any CPU.ActiveCfg = Debug|Any CPU
		{EDB1A71C-D3F2-2048-E6F0-4F862C04999C}.Debug|Any CPU.Build.0 = Debug|Any CPU
		{EDB1A71C-D3F2-2048-E6F0-4F862C04999C}.Release|Any CPU.ActiveCfg = Release|Any CPU
		{EDB1A71C-D3F2-2048-E6F0-4F862C04999C}.Release|Any CPU.Build.0 = Release|Any CPU
		{E5505BD8-3C7D-E2D0-E536-27123714CECA}.Debug|Any CPU.ActiveCfg = Debug|Any CPU
		{E5505BD8-3C7D-E2D0-E536-27123714CECA}.Debug|Any CPU.Build.0 = Debug|Any CPU
		{E5505BD8-3C7D-E2D0-E536-27123714CECA}.Release|Any CPU.ActiveCfg = Release|Any CPU
		{E5505BD8-3C7D-E2D0-E536-27123714CECA}.Release|Any CPU.Build.0 = Release|Any CPU
		{4C3474B6-254E-82DD-87AC-F774820A87A8}.Debug|Any CPU.ActiveCfg = Debug|Any CPU
		{4C3474B6-254E-82DD-87AC-F774820A87A8}.Debug|Any CPU.Build.0 = Debug|Any CPU
		{4C3474B6-254E-82DD-87AC-F774820A87A8}.Release|Any CPU.ActiveCfg = Release|Any CPU
		{4C3474B6-254E-82DD-87AC-F774820A87A8}.Release|Any CPU.Build.0 = Release|Any CPU
		{F858C9B8-8207-28F4-D9FB-C3E3BED660C4}.Debug|Any CPU.ActiveCfg = Debug|Any CPU
		{F858C9B8-8207-28F4-D9FB-C3E3BED660C4}.Debug|Any CPU.Build.0 = Debug|Any CPU
		{F858C9B8-8207-28F4-D9FB-C3E3BED660C4}.Release|Any CPU.ActiveCfg = Release|Any CPU
		{F858C9B8-8207-28F4-D9FB-C3E3BED660C4}.Release|Any CPU.Build.0 = Release|Any CPU
		{E4393E6C-3CE0-27DF-0DFC-16FD34A738B2}.Debug|Any CPU.ActiveCfg = Debug|Any CPU
		{E4393E6C-3CE0-27DF-0DFC-16FD34A738B2}.Debug|Any CPU.Build.0 = Debug|Any CPU
		{E4393E6C-3CE0-27DF-0DFC-16FD34A738B2}.Release|Any CPU.ActiveCfg = Release|Any CPU
		{E4393E6C-3CE0-27DF-0DFC-16FD34A738B2}.Release|Any CPU.Build.0 = Release|Any CPU
		{A1DB3F85-7C3A-5832-0004-20005224DFB0}.Debug|Any CPU.ActiveCfg = Debug|Any CPU
		{A1DB3F85-7C3A-5832-0004-20005224DFB0}.Debug|Any CPU.Build.0 = Debug|Any CPU
		{A1DB3F85-7C3A-5832-0004-20005224DFB0}.Release|Any CPU.ActiveCfg = Release|Any CPU
		{A1DB3F85-7C3A-5832-0004-20005224DFB0}.Release|Any CPU.Build.0 = Release|Any CPU
		{7B283E84-4594-63EA-EA7B-29748E55900A}.Debug|Any CPU.ActiveCfg = Debug|Any CPU
		{7B283E84-4594-63EA-EA7B-29748E55900A}.Debug|Any CPU.Build.0 = Debug|Any CPU
		{7B283E84-4594-63EA-EA7B-29748E55900A}.Release|Any CPU.ActiveCfg = Release|Any CPU
		{7B283E84-4594-63EA-EA7B-29748E55900A}.Release|Any CPU.Build.0 = Release|Any CPU
		{F1F1681D-9D4D-7F22-6186-B5E20A61F484}.Debug|Any CPU.ActiveCfg = Debug|Any CPU
		{F1F1681D-9D4D-7F22-6186-B5E20A61F484}.Debug|Any CPU.Build.0 = Debug|Any CPU
		{F1F1681D-9D4D-7F22-6186-B5E20A61F484}.Release|Any CPU.ActiveCfg = Release|Any CPU
		{F1F1681D-9D4D-7F22-6186-B5E20A61F484}.Release|Any CPU.Build.0 = Release|Any CPU
		{CD1A1E8C-7B86-8039-219E-F23D36449396}.Debug|Any CPU.ActiveCfg = Debug|Any CPU
		{CD1A1E8C-7B86-8039-219E-F23D36449396}.Debug|Any CPU.Build.0 = Debug|Any CPU
		{CD1A1E8C-7B86-8039-219E-F23D36449396}.Release|Any CPU.ActiveCfg = Release|Any CPU
		{CD1A1E8C-7B86-8039-219E-F23D36449396}.Release|Any CPU.Build.0 = Release|Any CPU
	EndGlobalSection
	GlobalSection(SolutionProperties) = preSolution
		HideSolutionNode = FALSE
	EndGlobalSection
EndGlobal
