
Microsoft Visual Studio Solution File, Format Version 12.00
# Visual Studio 15
Project("{FAE04EC0-301F-11D3-BF4B-00C04F79EFBC}") = "UnityEngine.TestRunner", "UnityEngine.TestRunner.csproj", "{7A9663EC-109D-CA52-2812-CD33C1E8446E}"
EndProject
Project("{FAE04EC0-301F-11D3-BF4B-00C04F79EFBC}") = "UnityEngine.UI", "UnityEngine.UI.csproj", "{59FA040B-10EC-C252-CB8D-B96E8C07D3AA}"
EndProject
Project("{FAE04EC0-301F-11D3-BF4B-00C04F79EFBC}") = "Unity.VisualScripting.Flow", "Unity.VisualScripting.Flow.csproj", "{CD20A426-1374-F3C8-1BD1-DE0E4F0260F6}"
EndProject
Project("{FAE04EC0-301F-11D3-BF4B-00C04F79EFBC}") = "Unity.Services.Core.Telemetry", "Unity.Services.Core.Telemetry.csproj", "{814FE6B8-B95F-DFB4-E6B2-B39D999097D4}"
EndProject
Project("{FAE04EC0-301F-11D3-BF4B-00C04F79EFBC}") = "Unity.VisualScripting.State", "Unity.VisualScripting.State.csproj", "{6FDB610E-31C4-8DE2-6AC1-3752723E853F}"
EndProject
Project("{FAE04EC0-301F-11D3-BF4B-00C04F79EFBC}") = "Unity.VisualScripting.Core", "Unity.VisualScripting.Core.csproj", "{75D5B14D-B790-513D-1F4E-3FA7A6B9313F}"
EndProject
Project("{FAE04EC0-301F-11D3-BF4B-00C04F79EFBC}") = "Unity.Services.Core.Environments.Internal", "Unity.Services.Core.Environments.Internal.csproj", "{8F8F141D-F827-8990-849D-098826526301}"
EndProject
Project("{FAE04EC0-301F-11D3-BF4B-00C04F79EFBC}") = "Unity.TextMeshPro", "Unity.TextMeshPro.csproj", "{D01748AE-4D39-0961-1BC3-9CC483D3F0DC}"
EndProject
Project("{FAE04EC0-301F-11D3-BF4B-00C04F79EFBC}") = "Assembly-CSharp", "Assembly-CSharp.csproj", "{8A3B5A8A-5A16-E950-DDAC-83C145BF77D0}"
EndProject
Project("{FAE04EC0-301F-11D3-BF4B-00C04F79EFBC}") = "Unity.Timeline", "Unity.Timeline.csproj", "{04F32DC9-031F-737B-1E6C-E2270F05B32A}"
EndProject
Project("{FAE04EC0-301F-11D3-BF4B-00C04F79EFBC}") = "Unity.Services.Core", "Unity.Services.Core.csproj", "{554004A8-35D4-0D8E-DA83-82AB2BBAA3BA}"
EndProject
Project("{FAE04EC0-301F-11D3-BF4B-00C04F79EFBC}") = "Unity.Services.Core.Environments", "Unity.Services.Core.Environments.csproj", "{9AC036AB-9943-B266-0593-E15340F6D33D}"
EndProject
Project("{FAE04EC0-301F-11D3-BF4B-00C04F79EFBC}") = "CFXRDemo", "CFXRDemo.csproj", "{F5E23F6B-72FF-D3CE-24F7-EA04E334684E}"
EndProject
Project("{FAE04EC0-301F-11D3-BF4B-00C04F79EFBC}") = "Unity.Services.Core.Internal", "Unity.Services.Core.Internal.csproj", "{D37D53FC-1D40-121A-B264-C4C62D7E2D93}"
EndProject
Project("{FAE04EC0-301F-11D3-BF4B-00C04F79EFBC}") = "Unity.Services.Core.Analytics", "Unity.Services.Core.Analytics.csproj", "{34A862F3-0268-11A2-D725-350F96083EB5}"
EndProject
Project("{FAE04EC0-301F-11D3-BF4B-00C04F79EFBC}") = "Unity.Services.Core.Scheduler", "Unity.Services.Core.Scheduler.csproj", "{DBC4B148-0CB9-D575-5368-BC5BA3223EDA}"
EndProject
Project("{FAE04EC0-301F-11D3-BF4B-00C04F79EFBC}") = "Unity.Services.Core.Registration", "Unity.Services.Core.Registration.csproj", "{52949167-8FFE-F441-B508-1EAE70706F52}"
EndProject
Project("{FAE04EC0-301F-11D3-BF4B-00C04F79EFBC}") = "Unity.Services.Core.Device", "Unity.Services.Core.Device.csproj", "{C26EFE41-95C6-57DF-8006-8726F5A8503B}"
EndProject
Project("{FAE04EC0-301F-11D3-BF4B-00C04F79EFBC}") = "CFXRRuntime", "CFXRRuntime.csproj", "{BEB830A8-0082-A5BA-89D3-7344797F65B1}"
EndProject
Project("{FAE04EC0-301F-11D3-BF4B-00C04F79EFBC}") = "Unity.Services.Core.Threading", "Unity.Services.Core.Threading.csproj", "{372FAB27-451E-48F2-D7A5-FABF638AB86B}"
EndProject
Project("{FAE04EC0-301F-11D3-BF4B-00C04F79EFBC}") = "Unity.Services.Core.Networking", "Unity.Services.Core.Networking.csproj", "{2B94D598-7AFE-F35F-48AE-7CF468731FA4}"
EndProject
Project("{FAE04EC0-301F-11D3-BF4B-00C04F79EFBC}") = "Unity.Services.Core.Configuration", "Unity.Services.Core.Configuration.csproj", "{6386EBFF-71C1-3ED2-4245-9DF41726389C}"
EndProject
Project("{FAE04EC0-301F-11D3-BF4B-00C04F79EFBC}") = "KinoBloom.Runtime", "KinoBloom.Runtime.csproj", "{6E971873-36B7-B543-A265-4DB191545CF6}"
EndProject
Project("{FAE04EC0-301F-11D3-BF4B-00C04F79EFBC}") = "Unity.PlasticSCM.Editor", "Unity.PlasticSCM.Editor.csproj", "{D3A0D7BC-0015-FC09-5A30-E371723E7C20}"
EndProject
Project("{FAE04EC0-301F-11D3-BF4B-00C04F79EFBC}") = "Unity.VisualScripting.Core.Editor", "Unity.VisualScripting.Core.Editor.csproj", "{F1CC442E-7D93-04C3-A804-1A0DF9A76C30}"
EndProject
Project("{FAE04EC0-301F-11D3-BF4B-00C04F79EFBC}") = "Unity.VisualScripting.Flow.Editor", "Unity.VisualScripting.Flow.Editor.csproj", "{4C9E3151-29E1-2115-7DCA-5C789E0C67CF}"
EndProject
Project("{FAE04EC0-301F-11D3-BF4B-00C04F79EFBC}") = "Unity.VisualStudio.Editor", "Unity.VisualStudio.Editor.csproj", "{49AF4915-CE07-EF67-FEF9-AC895CACA7D5}"
EndProject
Project("{FAE04EC0-301F-11D3-BF4B-00C04F79EFBC}") = "Unity.Timeline.Editor", "Unity.Timeline.Editor.csproj", "{8E4137BA-E78E-2FB0-AD5C-5BDC289F9C41}"
EndProject
Project("{FAE04EC0-301F-11D3-BF4B-00C04F79EFBC}") = "Unity.VisualScripting.State.Editor", "Unity.VisualScripting.State.Editor.csproj", "{77774752-8785-9EF2-E02C-3C238C2C4506}"
EndProject
Project("{FAE04EC0-301F-11D3-BF4B-00C04F79EFBC}") = "Unity.TextMeshPro.Editor", "Unity.TextMeshPro.Editor.csproj", "{2AC44B98-AD18-A35E-CC7A-75AD063911A1}"
EndProject
Project("{FAE04EC0-301F-11D3-BF4B-00C04F79EFBC}") = "Unity.VisualScripting.SettingsProvider.Editor", "Unity.VisualScripting.SettingsProvider.Editor.csproj", "{8C133537-C950-31E1-3E10-320CF6A8B747}"
EndProject
Project("{FAE04EC0-301F-11D3-BF4B-00C04F79EFBC}") = "Unity.CollabProxy.Editor", "Unity.CollabProxy.Editor.csproj", "{84330C9D-1191-E0C7-0CD0-83F417E97ED8}"
EndProject
Project("{FAE04EC0-301F-11D3-BF4B-00C04F79EFBC}") = "UnityEditor.TestRunner", "UnityEditor.TestRunner.csproj", "{8063BB9F-2579-E583-455D-AE8EE4D245C2}"
EndProject
Project("{FAE04EC0-301F-11D3-BF4B-00C04F79EFBC}") = "Unity.Services.Core.Editor", "Unity.Services.Core.Editor.csproj", "{F8AA6744-CB0F-95B9-9DD7-85B8E6EC2DB5}"
EndProject
Project("{FAE04EC0-301F-11D3-BF4B-00C04F79EFBC}") = "Unity.TestTools.CodeCoverage.Editor", "Unity.TestTools.CodeCoverage.Editor.csproj", "{8BB74415-C89B-A1B2-B352-935A25655B7F}"
EndProject
Project("{FAE04EC0-301F-11D3-BF4B-00C04F79EFBC}") = "Unity.Rider.Editor", "Unity.Rider.Editor.csproj", "{F2A506EB-18FF-EBD2-04A1-8D017128BBBF}"
EndProject
Project("{FAE04EC0-301F-11D3-BF4B-00C04F79EFBC}") = "Unity.Performance.Profile-Analyzer.Editor", "Unity.Performance.Profile-Analyzer.Editor.csproj", "{37A56923-F5CC-8BFD-383F-B41CF4351A92}"
EndProject
Project("{FAE04EC0-301F-11D3-BF4B-00C04F79EFBC}") = "Unity.VSCode.Editor", "Unity.VSCode.Editor.csproj", "{7C25A13A-798F-5D11-2751-A293C02511E4}"
EndProject
Project("{FAE04EC0-301F-11D3-BF4B-00C04F79EFBC}") = "Unity.2D.Sprite.Editor", "Unity.2D.Sprite.Editor.csproj", "{09A9FFB7-7EBC-432F-B1E3-29E7E9A9DDFB}"
EndProject
Project("{FAE04EC0-301F-11D3-BF4B-00C04F79EFBC}") = "UnityEditor.UI", "UnityEditor.UI.csproj", "{C5475C01-D573-4065-CF24-1415887840CA}"
EndProject
Project("{FAE04EC0-301F-11D3-BF4B-00C04F79EFBC}") = "Unity.TestTools.CodeCoverage.Editor.OpenCover.Model", "Unity.TestTools.CodeCoverage.Editor.OpenCover.Model.csproj", "{50C9EBAE-CB1E-F10B-EFE3-4E858689D4A0}"
EndProject
Project("{FAE04EC0-301F-11D3-BF4B-00C04F79EFBC}") = "Unity.EditorCoroutines.Editor", "Unity.EditorCoroutines.Editor.csproj", "{4E4090F1-34ED-436E-75D9-C9BA939F89A4}"
EndProject
Project("{FAE04EC0-301F-11D3-BF4B-00C04F79EFBC}") = "CFXREditor", "CFXREditor.csproj", "{39BD3EBD-807E-51E8-6697-D1B234458720}"
EndProject
Project("{FAE04EC0-301F-11D3-BF4B-00C04F79EFBC}") = "Unity.Settings.Editor", "Unity.Settings.Editor.csproj", "{B90D2037-719C-E02F-4F4B-B4DB9B65B7AA}"
EndProject
Project("{FAE04EC0-301F-11D3-BF4B-00C04F79EFBC}") = "Assembly-CSharp-Editor", "Assembly-CSharp-Editor.csproj", "{5166C4FC-F7E9-68D1-1160-7A6B510EB46C}"
EndProject
Project("{FAE04EC0-301F-11D3-BF4B-00C04F79EFBC}") = "Unity.Services.Core.Configuration.Editor", "Unity.Services.Core.Configuration.Editor.csproj", "{B70BA4D3-8F2F-22AC-6AB6-9D29B8F1DECB}"
EndProject
Project("{FAE04EC0-301F-11D3-BF4B-00C04F79EFBC}") = "Unity.TestTools.CodeCoverage.Editor.OpenCover.Mono.Reflection", "Unity.TestTools.CodeCoverage.Editor.OpenCover.Mono.Reflection.csproj", "{62CB6B94-9D62-86D8-F143-4D82B4AE11D9}"
EndProject
Project("{FAE04EC0-301F-11D3-BF4B-00C04F79EFBC}") = "Unity.VisualScripting.Shared.Editor", "Unity.VisualScripting.Shared.Editor.csproj", "{A891D6B7-FC5F-AD70-28D5-1F29C240B4A9}"
EndProject
Project("{FAE04EC0-301F-11D3-BF4B-00C04F79EFBC}") = "CFXR.WelcomeScreen", "CFXR.WelcomeScreen.csproj", "{890FCC5F-1A39-E3C9-1F77-B85DFD829902}"
EndProject
Project("{FAE04EC0-301F-11D3-BF4B-00C04F79EFBC}") = "ToonyColorsPro.Demo.Editor", "ToonyColorsPro.Demo.Editor.csproj", "{E3E56B35-0D3A-C824-1610-95630431CF66}"
EndProject
Global
	GlobalSection(SolutionConfigurationPlatforms) = preSolution
		Debug|Any CPU = Debug|Any CPU
		Release|Any CPU = Release|Any CPU
	EndGlobalSection
	GlobalSection(ProjectConfigurationPlatforms) = postSolution
		{7A9663EC-109D-CA52-2812-CD33C1E8446E}.Debug|Any CPU.ActiveCfg = Debug|Any CPU
		{7A9663EC-109D-CA52-2812-CD33C1E8446E}.Debug|Any CPU.Build.0 = Debug|Any CPU
		{7A9663EC-109D-CA52-2812-CD33C1E8446E}.Release|Any CPU.ActiveCfg = Release|Any CPU
		{7A9663EC-109D-CA52-2812-CD33C1E8446E}.Release|Any CPU.Build.0 = Release|Any CPU
		{59FA040B-10EC-C252-CB8D-B96E8C07D3AA}.Debug|Any CPU.ActiveCfg = Debug|Any CPU
		{59FA040B-10EC-C252-CB8D-B96E8C07D3AA}.Debug|Any CPU.Build.0 = Debug|Any CPU
		{59FA040B-10EC-C252-CB8D-B96E8C07D3AA}.Release|Any CPU.ActiveCfg = Release|Any CPU
		{59FA040B-10EC-C252-CB8D-B96E8C07D3AA}.Release|Any CPU.Build.0 = Release|Any CPU
		{CD20A426-1374-F3C8-1BD1-DE0E4F0260F6}.Debug|Any CPU.ActiveCfg = Debug|Any CPU
		{CD20A426-1374-F3C8-1BD1-DE0E4F0260F6}.Debug|Any CPU.Build.0 = Debug|Any CPU
		{CD20A426-1374-F3C8-1BD1-DE0E4F0260F6}.Release|Any CPU.ActiveCfg = Release|Any CPU
		{CD20A426-1374-F3C8-1BD1-DE0E4F0260F6}.Release|Any CPU.Build.0 = Release|Any CPU
		{814FE6B8-B95F-DFB4-E6B2-B39D999097D4}.Debug|Any CPU.ActiveCfg = Debug|Any CPU
		{814FE6B8-B95F-DFB4-E6B2-B39D999097D4}.Debug|Any CPU.Build.0 = Debug|Any CPU
		{814FE6B8-B95F-DFB4-E6B2-B39D999097D4}.Release|Any CPU.ActiveCfg = Release|Any CPU
		{814FE6B8-B95F-DFB4-E6B2-B39D999097D4}.Release|Any CPU.Build.0 = Release|Any CPU
		{6FDB610E-31C4-8DE2-6AC1-3752723E853F}.Debug|Any CPU.ActiveCfg = Debug|Any CPU
		{6FDB610E-31C4-8DE2-6AC1-3752723E853F}.Debug|Any CPU.Build.0 = Debug|Any CPU
		{6FDB610E-31C4-8DE2-6AC1-3752723E853F}.Release|Any CPU.ActiveCfg = Release|Any CPU
		{6FDB610E-31C4-8DE2-6AC1-3752723E853F}.Release|Any CPU.Build.0 = Release|Any CPU
		{75D5B14D-B790-513D-1F4E-3FA7A6B9313F}.Debug|Any CPU.ActiveCfg = Debug|Any CPU
		{75D5B14D-B790-513D-1F4E-3FA7A6B9313F}.Debug|Any CPU.Build.0 = Debug|Any CPU
		{75D5B14D-B790-513D-1F4E-3FA7A6B9313F}.Release|Any CPU.ActiveCfg = Release|Any CPU
		{75D5B14D-B790-513D-1F4E-3FA7A6B9313F}.Release|Any CPU.Build.0 = Release|Any CPU
		{8F8F141D-F827-8990-849D-098826526301}.Debug|Any CPU.ActiveCfg = Debug|Any CPU
		{8F8F141D-F827-8990-849D-098826526301}.Debug|Any CPU.Build.0 = Debug|Any CPU
		{8F8F141D-F827-8990-849D-098826526301}.Release|Any CPU.ActiveCfg = Release|Any CPU
		{8F8F141D-F827-8990-849D-098826526301}.Release|Any CPU.Build.0 = Release|Any CPU
		{D01748AE-4D39-0961-1BC3-9CC483D3F0DC}.Debug|Any CPU.ActiveCfg = Debug|Any CPU
		{D01748AE-4D39-0961-1BC3-9CC483D3F0DC}.Debug|Any CPU.Build.0 = Debug|Any CPU
		{D01748AE-4D39-0961-1BC3-9CC483D3F0DC}.Release|Any CPU.ActiveCfg = Release|Any CPU
		{D01748AE-4D39-0961-1BC3-9CC483D3F0DC}.Release|Any CPU.Build.0 = Release|Any CPU
		{8A3B5A8A-5A16-E950-DDAC-83C145BF77D0}.Debug|Any CPU.ActiveCfg = Debug|Any CPU
		{8A3B5A8A-5A16-E950-DDAC-83C145BF77D0}.Debug|Any CPU.Build.0 = Debug|Any CPU
		{8A3B5A8A-5A16-E950-DDAC-83C145BF77D0}.Release|Any CPU.ActiveCfg = Release|Any CPU
		{8A3B5A8A-5A16-E950-DDAC-83C145BF77D0}.Release|Any CPU.Build.0 = Release|Any CPU
		{04F32DC9-031F-737B-1E6C-E2270F05B32A}.Debug|Any CPU.ActiveCfg = Debug|Any CPU
		{04F32DC9-031F-737B-1E6C-E2270F05B32A}.Debug|Any CPU.Build.0 = Debug|Any CPU
		{04F32DC9-031F-737B-1E6C-E2270F05B32A}.Release|Any CPU.ActiveCfg = Release|Any CPU
		{04F32DC9-031F-737B-1E6C-E2270F05B32A}.Release|Any CPU.Build.0 = Release|Any CPU
		{554004A8-35D4-0D8E-DA83-82AB2BBAA3BA}.Debug|Any CPU.ActiveCfg = Debug|Any CPU
		{554004A8-35D4-0D8E-DA83-82AB2BBAA3BA}.Debug|Any CPU.Build.0 = Debug|Any CPU
		{554004A8-35D4-0D8E-DA83-82AB2BBAA3BA}.Release|Any CPU.ActiveCfg = Release|Any CPU
		{554004A8-35D4-0D8E-DA83-82AB2BBAA3BA}.Release|Any CPU.Build.0 = Release|Any CPU
		{9AC036AB-9943-B266-0593-E15340F6D33D}.Debug|Any CPU.ActiveCfg = Debug|Any CPU
		{9AC036AB-9943-B266-0593-E15340F6D33D}.Debug|Any CPU.Build.0 = Debug|Any CPU
		{9AC036AB-9943-B266-0593-E15340F6D33D}.Release|Any CPU.ActiveCfg = Release|Any CPU
		{9AC036AB-9943-B266-0593-E15340F6D33D}.Release|Any CPU.Build.0 = Release|Any CPU
		{F5E23F6B-72FF-D3CE-24F7-EA04E334684E}.Debug|Any CPU.ActiveCfg = Debug|Any CPU
		{F5E23F6B-72FF-D3CE-24F7-EA04E334684E}.Debug|Any CPU.Build.0 = Debug|Any CPU
		{F5E23F6B-72FF-D3CE-24F7-EA04E334684E}.Release|Any CPU.ActiveCfg = Release|Any CPU
		{F5E23F6B-72FF-D3CE-24F7-EA04E334684E}.Release|Any CPU.Build.0 = Release|Any CPU
		{D37D53FC-1D40-121A-B264-C4C62D7E2D93}.Debug|Any CPU.ActiveCfg = Debug|Any CPU
		{D37D53FC-1D40-121A-B264-C4C62D7E2D93}.Debug|Any CPU.Build.0 = Debug|Any CPU
		{D37D53FC-1D40-121A-B264-C4C62D7E2D93}.Release|Any CPU.ActiveCfg = Release|Any CPU
		{D37D53FC-1D40-121A-B264-C4C62D7E2D93}.Release|Any CPU.Build.0 = Release|Any CPU
		{34A862F3-0268-11A2-D725-350F96083EB5}.Debug|Any CPU.ActiveCfg = Debug|Any CPU
		{34A862F3-0268-11A2-D725-350F96083EB5}.Debug|Any CPU.Build.0 = Debug|Any CPU
		{34A862F3-0268-11A2-D725-350F96083EB5}.Release|Any CPU.ActiveCfg = Release|Any CPU
		{34A862F3-0268-11A2-D725-350F96083EB5}.Release|Any CPU.Build.0 = Release|Any CPU
		{DBC4B148-0CB9-D575-5368-BC5BA3223EDA}.Debug|Any CPU.ActiveCfg = Debug|Any CPU
		{DBC4B148-0CB9-D575-5368-BC5BA3223EDA}.Debug|Any CPU.Build.0 = Debug|Any CPU
		{DBC4B148-0CB9-D575-5368-BC5BA3223EDA}.Release|Any CPU.ActiveCfg = Release|Any CPU
		{DBC4B148-0CB9-D575-5368-BC5BA3223EDA}.Release|Any CPU.Build.0 = Release|Any CPU
		{52949167-8FFE-F441-B508-1EAE70706F52}.Debug|Any CPU.ActiveCfg = Debug|Any CPU
		{52949167-8FFE-F441-B508-1EAE70706F52}.Debug|Any CPU.Build.0 = Debug|Any CPU
		{52949167-8FFE-F441-B508-1EAE70706F52}.Release|Any CPU.ActiveCfg = Release|Any CPU
		{52949167-8FFE-F441-B508-1EAE70706F52}.Release|Any CPU.Build.0 = Release|Any CPU
		{C26EFE41-95C6-57DF-8006-8726F5A8503B}.Debug|Any CPU.ActiveCfg = Debug|Any CPU
		{C26EFE41-95C6-57DF-8006-8726F5A8503B}.Debug|Any CPU.Build.0 = Debug|Any CPU
		{C26EFE41-95C6-57DF-8006-8726F5A8503B}.Release|Any CPU.ActiveCfg = Release|Any CPU
		{C26EFE41-95C6-57DF-8006-8726F5A8503B}.Release|Any CPU.Build.0 = Release|Any CPU
		{BEB830A8-0082-A5BA-89D3-7344797F65B1}.Debug|Any CPU.ActiveCfg = Debug|Any CPU
		{BEB830A8-0082-A5BA-89D3-7344797F65B1}.Debug|Any CPU.Build.0 = Debug|Any CPU
		{BEB830A8-0082-A5BA-89D3-7344797F65B1}.Release|Any CPU.ActiveCfg = Release|Any CPU
		{BEB830A8-0082-A5BA-89D3-7344797F65B1}.Release|Any CPU.Build.0 = Release|Any CPU
		{372FAB27-451E-48F2-D7A5-FABF638AB86B}.Debug|Any CPU.ActiveCfg = Debug|Any CPU
		{372FAB27-451E-48F2-D7A5-FABF638AB86B}.Debug|Any CPU.Build.0 = Debug|Any CPU
		{372FAB27-451E-48F2-D7A5-FABF638AB86B}.Release|Any CPU.ActiveCfg = Release|Any CPU
		{372FAB27-451E-48F2-D7A5-FABF638AB86B}.Release|Any CPU.Build.0 = Release|Any CPU
		{2B94D598-7AFE-F35F-48AE-7CF468731FA4}.Debug|Any CPU.ActiveCfg = Debug|Any CPU
		{2B94D598-7AFE-F35F-48AE-7CF468731FA4}.Debug|Any CPU.Build.0 = Debug|Any CPU
		{2B94D598-7AFE-F35F-48AE-7CF468731FA4}.Release|Any CPU.ActiveCfg = Release|Any CPU
		{2B94D598-7AFE-F35F-48AE-7CF468731FA4}.Release|Any CPU.Build.0 = Release|Any CPU
		{6386EBFF-71C1-3ED2-4245-9DF41726389C}.Debug|Any CPU.ActiveCfg = Debug|Any CPU
		{6386EBFF-71C1-3ED2-4245-9DF41726389C}.Debug|Any CPU.Build.0 = Debug|Any CPU
		{6386EBFF-71C1-3ED2-4245-9DF41726389C}.Release|Any CPU.ActiveCfg = Release|Any CPU
		{6386EBFF-71C1-3ED2-4245-9DF41726389C}.Release|Any CPU.Build.0 = Release|Any CPU
		{6E971873-36B7-B543-A265-4DB191545CF6}.Debug|Any CPU.ActiveCfg = Debug|Any CPU
		{6E971873-36B7-B543-A265-4DB191545CF6}.Debug|Any CPU.Build.0 = Debug|Any CPU
		{6E971873-36B7-B543-A265-4DB191545CF6}.Release|Any CPU.ActiveCfg = Release|Any CPU
		{6E971873-36B7-B543-A265-4DB191545CF6}.Release|Any CPU.Build.0 = Release|Any CPU
		{D3A0D7BC-0015-FC09-5A30-E371723E7C20}.Debug|Any CPU.ActiveCfg = Debug|Any CPU
		{D3A0D7BC-0015-FC09-5A30-E371723E7C20}.Debug|Any CPU.Build.0 = Debug|Any CPU
		{D3A0D7BC-0015-FC09-5A30-E371723E7C20}.Release|Any CPU.ActiveCfg = Release|Any CPU
		{D3A0D7BC-0015-FC09-5A30-E371723E7C20}.Release|Any CPU.Build.0 = Release|Any CPU
		{F1CC442E-7D93-04C3-A804-1A0DF9A76C30}.Debug|Any CPU.ActiveCfg = Debug|Any CPU
		{F1CC442E-7D93-04C3-A804-1A0DF9A76C30}.Debug|Any CPU.Build.0 = Debug|Any CPU
		{F1CC442E-7D93-04C3-A804-1A0DF9A76C30}.Release|Any CPU.ActiveCfg = Release|Any CPU
		{F1CC442E-7D93-04C3-A804-1A0DF9A76C30}.Release|Any CPU.Build.0 = Release|Any CPU
		{4C9E3151-29E1-2115-7DCA-5C789E0C67CF}.Debug|Any CPU.ActiveCfg = Debug|Any CPU
		{4C9E3151-29E1-2115-7DCA-5C789E0C67CF}.Debug|Any CPU.Build.0 = Debug|Any CPU
		{4C9E3151-29E1-2115-7DCA-5C789E0C67CF}.Release|Any CPU.ActiveCfg = Release|Any CPU
		{4C9E3151-29E1-2115-7DCA-5C789E0C67CF}.Release|Any CPU.Build.0 = Release|Any CPU
		{49AF4915-CE07-EF67-FEF9-AC895CACA7D5}.Debug|Any CPU.ActiveCfg = Debug|Any CPU
		{49AF4915-CE07-EF67-FEF9-AC895CACA7D5}.Debug|Any CPU.Build.0 = Debug|Any CPU
		{49AF4915-CE07-EF67-FEF9-AC895CACA7D5}.Release|Any CPU.ActiveCfg = Release|Any CPU
		{49AF4915-CE07-EF67-FEF9-AC895CACA7D5}.Release|Any CPU.Build.0 = Release|Any CPU
		{8E4137BA-E78E-2FB0-AD5C-5BDC289F9C41}.Debug|Any CPU.ActiveCfg = Debug|Any CPU
		{8E4137BA-E78E-2FB0-AD5C-5BDC289F9C41}.Debug|Any CPU.Build.0 = Debug|Any CPU
		{8E4137BA-E78E-2FB0-AD5C-5BDC289F9C41}.Release|Any CPU.ActiveCfg = Release|Any CPU
		{8E4137BA-E78E-2FB0-AD5C-5BDC289F9C41}.Release|Any CPU.Build.0 = Release|Any CPU
		{77774752-8785-9EF2-E02C-3C238C2C4506}.Debug|Any CPU.ActiveCfg = Debug|Any CPU
		{77774752-8785-9EF2-E02C-3C238C2C4506}.Debug|Any CPU.Build.0 = Debug|Any CPU
		{77774752-8785-9EF2-E02C-3C238C2C4506}.Release|Any CPU.ActiveCfg = Release|Any CPU
		{77774752-8785-9EF2-E02C-3C238C2C4506}.Release|Any CPU.Build.0 = Release|Any CPU
		{2AC44B98-AD18-A35E-CC7A-75AD063911A1}.Debug|Any CPU.ActiveCfg = Debug|Any CPU
		{2AC44B98-AD18-A35E-CC7A-75AD063911A1}.Debug|Any CPU.Build.0 = Debug|Any CPU
		{2AC44B98-AD18-A35E-CC7A-75AD063911A1}.Release|Any CPU.ActiveCfg = Release|Any CPU
		{2AC44B98-AD18-A35E-CC7A-75AD063911A1}.Release|Any CPU.Build.0 = Release|Any CPU
		{8C133537-C950-31E1-3E10-320CF6A8B747}.Debug|Any CPU.ActiveCfg = Debug|Any CPU
		{8C133537-C950-31E1-3E10-320CF6A8B747}.Debug|Any CPU.Build.0 = Debug|Any CPU
		{8C133537-C950-31E1-3E10-320CF6A8B747}.Release|Any CPU.ActiveCfg = Release|Any CPU
		{8C133537-C950-31E1-3E10-320CF6A8B747}.Release|Any CPU.Build.0 = Release|Any CPU
		{84330C9D-1191-E0C7-0CD0-83F417E97ED8}.Debug|Any CPU.ActiveCfg = Debug|Any CPU
		{84330C9D-1191-E0C7-0CD0-83F417E97ED8}.Debug|Any CPU.Build.0 = Debug|Any CPU
		{84330C9D-1191-E0C7-0CD0-83F417E97ED8}.Release|Any CPU.ActiveCfg = Release|Any CPU
		{84330C9D-1191-E0C7-0CD0-83F417E97ED8}.Release|Any CPU.Build.0 = Release|Any CPU
		{8063BB9F-2579-E583-455D-AE8EE4D245C2}.Debug|Any CPU.ActiveCfg = Debug|Any CPU
		{8063BB9F-2579-E583-455D-AE8EE4D245C2}.Debug|Any CPU.Build.0 = Debug|Any CPU
		{8063BB9F-2579-E583-455D-AE8EE4D245C2}.Release|Any CPU.ActiveCfg = Release|Any CPU
		{8063BB9F-2579-E583-455D-AE8EE4D245C2}.Release|Any CPU.Build.0 = Release|Any CPU
		{F8AA6744-CB0F-95B9-9DD7-85B8E6EC2DB5}.Debug|Any CPU.ActiveCfg = Debug|Any CPU
		{F8AA6744-CB0F-95B9-9DD7-85B8E6EC2DB5}.Debug|Any CPU.Build.0 = Debug|Any CPU
		{F8AA6744-CB0F-95B9-9DD7-85B8E6EC2DB5}.Release|Any CPU.ActiveCfg = Release|Any CPU
		{F8AA6744-CB0F-95B9-9DD7-85B8E6EC2DB5}.Release|Any CPU.Build.0 = Release|Any CPU
		{8BB74415-C89B-A1B2-B352-935A25655B7F}.Debug|Any CPU.ActiveCfg = Debug|Any CPU
		{8BB74415-C89B-A1B2-B352-935A25655B7F}.Debug|Any CPU.Build.0 = Debug|Any CPU
		{8BB74415-C89B-A1B2-B352-935A25655B7F}.Release|Any CPU.ActiveCfg = Release|Any CPU
		{8BB74415-C89B-A1B2-B352-935A25655B7F}.Release|Any CPU.Build.0 = Release|Any CPU
		{F2A506EB-18FF-EBD2-04A1-8D017128BBBF}.Debug|Any CPU.ActiveCfg = Debug|Any CPU
		{F2A506EB-18FF-EBD2-04A1-8D017128BBBF}.Debug|Any CPU.Build.0 = Debug|Any CPU
		{F2A506EB-18FF-EBD2-04A1-8D017128BBBF}.Release|Any CPU.ActiveCfg = Release|Any CPU
		{F2A506EB-18FF-EBD2-04A1-8D017128BBBF}.Release|Any CPU.Build.0 = Release|Any CPU
		{37A56923-F5CC-8BFD-383F-B41CF4351A92}.Debug|Any CPU.ActiveCfg = Debug|Any CPU
		{37A56923-F5CC-8BFD-383F-B41CF4351A92}.Debug|Any CPU.Build.0 = Debug|Any CPU
		{37A56923-F5CC-8BFD-383F-B41CF4351A92}.Release|Any CPU.ActiveCfg = Release|Any CPU
		{37A56923-F5CC-8BFD-383F-B41CF4351A92}.Release|Any CPU.Build.0 = Release|Any CPU
		{7C25A13A-798F-5D11-2751-A293C02511E4}.Debug|Any CPU.ActiveCfg = Debug|Any CPU
		{7C25A13A-798F-5D11-2751-A293C02511E4}.Debug|Any CPU.Build.0 = Debug|Any CPU
		{7C25A13A-798F-5D11-2751-A293C02511E4}.Release|Any CPU.ActiveCfg = Release|Any CPU
		{7C25A13A-798F-5D11-2751-A293C02511E4}.Release|Any CPU.Build.0 = Release|Any CPU
		{09A9FFB7-7EBC-432F-B1E3-29E7E9A9DDFB}.Debug|Any CPU.ActiveCfg = Debug|Any CPU
		{09A9FFB7-7EBC-432F-B1E3-29E7E9A9DDFB}.Debug|Any CPU.Build.0 = Debug|Any CPU
		{09A9FFB7-7EBC-432F-B1E3-29E7E9A9DDFB}.Release|Any CPU.ActiveCfg = Release|Any CPU
		{09A9FFB7-7EBC-432F-B1E3-29E7E9A9DDFB}.Release|Any CPU.Build.0 = Release|Any CPU
		{C5475C01-D573-4065-CF24-1415887840CA}.Debug|Any CPU.ActiveCfg = Debug|Any CPU
		{C5475C01-D573-4065-CF24-1415887840CA}.Debug|Any CPU.Build.0 = Debug|Any CPU
		{C5475C01-D573-4065-CF24-1415887840CA}.Release|Any CPU.ActiveCfg = Release|Any CPU
		{C5475C01-D573-4065-CF24-1415887840CA}.Release|Any CPU.Build.0 = Release|Any CPU
		{50C9EBAE-CB1E-F10B-EFE3-4E858689D4A0}.Debug|Any CPU.ActiveCfg = Debug|Any CPU
		{50C9EBAE-CB1E-F10B-EFE3-4E858689D4A0}.Debug|Any CPU.Build.0 = Debug|Any CPU
		{50C9EBAE-CB1E-F10B-EFE3-4E858689D4A0}.Release|Any CPU.ActiveCfg = Release|Any CPU
		{50C9EBAE-CB1E-F10B-EFE3-4E858689D4A0}.Release|Any CPU.Build.0 = Release|Any CPU
		{4E4090F1-34ED-436E-75D9-C9BA939F89A4}.Debug|Any CPU.ActiveCfg = Debug|Any CPU
		{4E4090F1-34ED-436E-75D9-C9BA939F89A4}.Debug|Any CPU.Build.0 = Debug|Any CPU
		{4E4090F1-34ED-436E-75D9-C9BA939F89A4}.Release|Any CPU.ActiveCfg = Release|Any CPU
		{4E4090F1-34ED-436E-75D9-C9BA939F89A4}.Release|Any CPU.Build.0 = Release|Any CPU
		{39BD3EBD-807E-51E8-6697-D1B234458720}.Debug|Any CPU.ActiveCfg = Debug|Any CPU
		{39BD3EBD-807E-51E8-6697-D1B234458720}.Debug|Any CPU.Build.0 = Debug|Any CPU
		{39BD3EBD-807E-51E8-6697-D1B234458720}.Release|Any CPU.ActiveCfg = Release|Any CPU
		{39BD3EBD-807E-51E8-6697-D1B234458720}.Release|Any CPU.Build.0 = Release|Any CPU
		{B90D2037-719C-E02F-4F4B-B4DB9B65B7AA}.Debug|Any CPU.ActiveCfg = Debug|Any CPU
		{B90D2037-719C-E02F-4F4B-B4DB9B65B7AA}.Debug|Any CPU.Build.0 = Debug|Any CPU
		{B90D2037-719C-E02F-4F4B-B4DB9B65B7AA}.Release|Any CPU.ActiveCfg = Release|Any CPU
		{B90D2037-719C-E02F-4F4B-B4DB9B65B7AA}.Release|Any CPU.Build.0 = Release|Any CPU
		{5166C4FC-F7E9-68D1-1160-7A6B510EB46C}.Debug|Any CPU.ActiveCfg = Debug|Any CPU
		{5166C4FC-F7E9-68D1-1160-7A6B510EB46C}.Debug|Any CPU.Build.0 = Debug|Any CPU
		{5166C4FC-F7E9-68D1-1160-7A6B510EB46C}.Release|Any CPU.ActiveCfg = Release|Any CPU
		{5166C4FC-F7E9-68D1-1160-7A6B510EB46C}.Release|Any CPU.Build.0 = Release|Any CPU
		{B70BA4D3-8F2F-22AC-6AB6-9D29B8F1DECB}.Debug|Any CPU.ActiveCfg = Debug|Any CPU
		{B70BA4D3-8F2F-22AC-6AB6-9D29B8F1DECB}.Debug|Any CPU.Build.0 = Debug|Any CPU
		{B70BA4D3-8F2F-22AC-6AB6-9D29B8F1DECB}.Release|Any CPU.ActiveCfg = Release|Any CPU
		{B70BA4D3-8F2F-22AC-6AB6-9D29B8F1DECB}.Release|Any CPU.Build.0 = Release|Any CPU
		{62CB6B94-9D62-86D8-F143-4D82B4AE11D9}.Debug|Any CPU.ActiveCfg = Debug|Any CPU
		{62CB6B94-9D62-86D8-F143-4D82B4AE11D9}.Debug|Any CPU.Build.0 = Debug|Any CPU
		{62CB6B94-9D62-86D8-F143-4D82B4AE11D9}.Release|Any CPU.ActiveCfg = Release|Any CPU
		{62CB6B94-9D62-86D8-F143-4D82B4AE11D9}.Release|Any CPU.Build.0 = Release|Any CPU
		{A891D6B7-FC5F-AD70-28D5-1F29C240B4A9}.Debug|Any CPU.ActiveCfg = Debug|Any CPU
		{A891D6B7-FC5F-AD70-28D5-1F29C240B4A9}.Debug|Any CPU.Build.0 = Debug|Any CPU
		{A891D6B7-FC5F-AD70-28D5-1F29C240B4A9}.Release|Any CPU.ActiveCfg = Release|Any CPU
		{A891D6B7-FC5F-AD70-28D5-1F29C240B4A9}.Release|Any CPU.Build.0 = Release|Any CPU
		{890FCC5F-1A39-E3C9-1F77-B85DFD829902}.Debug|Any CPU.ActiveCfg = Debug|Any CPU
		{890FCC5F-1A39-E3C9-1F77-B85DFD829902}.Debug|Any CPU.Build.0 = Debug|Any CPU
		{890FCC5F-1A39-E3C9-1F77-B85DFD829902}.Release|Any CPU.ActiveCfg = Release|Any CPU
		{890FCC5F-1A39-E3C9-1F77-B85DFD829902}.Release|Any CPU.Build.0 = Release|Any CPU
		{E3E56B35-0D3A-C824-1610-95630431CF66}.Debug|Any CPU.ActiveCfg = Debug|Any CPU
		{E3E56B35-0D3A-C824-1610-95630431CF66}.Debug|Any CPU.Build.0 = Debug|Any CPU
		{E3E56B35-0D3A-C824-1610-95630431CF66}.Release|Any CPU.ActiveCfg = Release|Any CPU
		{E3E56B35-0D3A-C824-1610-95630431CF66}.Release|Any CPU.Build.0 = Release|Any CPU
	EndGlobalSection
	GlobalSection(SolutionProperties) = preSolution
		HideSolutionNode = FALSE
	EndGlobalSection
EndGlobal
