
Microsoft Visual Studio Solution File, Format Version 12.00
# Visual Studio 15
Project("{FAE04EC0-301F-11D3-BF4B-00C04F79EFBC}") = "PhotonUnityNetworking.Utilities", "PhotonUnityNetworking.Utilities.csproj", "{8FAF7A95-8AB6-CF6E-9F8D-2D85D63D57C3}"
EndProject
Project("{FAE04EC0-301F-11D3-BF4B-00C04F79EFBC}") = "Unity.Services.Core.Telemetry", "Unity.Services.Core.Telemetry.csproj", "{83ED6D28-25E3-2A91-1728-85DC610088FB}"
EndProject
Project("{FAE04EC0-301F-11D3-BF4B-00C04F79EFBC}") = "UnityEngine.TestRunner", "UnityEngine.TestRunner.csproj", "{6627D59E-177F-C145-930C-A75306A3375C}"
EndProject
Project("{FAE04EC0-301F-11D3-BF4B-00C04F79EFBC}") = "UnityEngine.UI", "UnityEngine.UI.csproj", "{560021A1-3CB1-492B-AD71-21020968D31C}"
EndProject
Project("{FAE04EC0-301F-11D3-BF4B-00C04F79EFBC}") = "Unity.Services.Core.Internal", "Unity.Services.Core.Internal.csproj", "{D4C1CD99-7931-52B1-B75A-339026CB4EA3}"
EndProject
Project("{FAE04EC0-301F-11D3-BF4B-00C04F79EFBC}") = "Unity.Timeline", "Unity.Timeline.csproj", "{5C6C646D-74FF-82C4-4251-9AB516836400}"
EndProject
Project("{FAE04EC0-301F-11D3-BF4B-00C04F79EFBC}") = "Assembly-CSharp", "Assembly-CSharp.csproj", "{B4421D3E-BDE3-253A-0229-F8C8F5F94B7A}"
EndProject
Project("{FAE04EC0-301F-11D3-BF4B-00C04F79EFBC}") = "PhotonUnityNetworking", "PhotonUnityNetworking.csproj", "{4AE3834E-1445-D4C1-B6CA-43C77B9B2BAE}"
EndProject
Project("{FAE04EC0-301F-11D3-BF4B-00C04F79EFBC}") = "Unity.TextMeshPro", "Unity.TextMeshPro.csproj", "{7EED2B43-27FB-2F2B-0CE8-64154FF1EF2B}"
EndProject
Project("{FAE04EC0-301F-11D3-BF4B-00C04F79EFBC}") = "Unity.Services.Core.Environments.Internal", "Unity.Services.Core.Environments.Internal.csproj", "{814C2002-D22B-BF4F-5429-F2EAB4E360CE}"
EndProject
Project("{FAE04EC0-301F-11D3-BF4B-00C04F79EFBC}") = "PhotonChat", "PhotonChat.csproj", "{3F7927F9-B565-D7C6-C13F-30708168B36C}"
EndProject
Project("{FAE04EC0-301F-11D3-BF4B-00C04F79EFBC}") = "Unity.Services.Core", "Unity.Services.Core.csproj", "{C1E87A90-9E8B-CF03-37C1-E523F0E7977C}"
EndProject
Project("{FAE04EC0-301F-11D3-BF4B-00C04F79EFBC}") = "PhotonWebSocket", "PhotonWebSocket.csproj", "{53FCE7A5-B146-5EFF-6C88-2128172D9C2B}"
EndProject
Project("{FAE04EC0-301F-11D3-BF4B-00C04F79EFBC}") = "Unity.Services.Core.Configuration", "Unity.Services.Core.Configuration.csproj", "{3FA12E97-F3EA-3689-FB4F-DE9E9F3C20C0}"
EndProject
Project("{FAE04EC0-301F-11D3-BF4B-00C04F79EFBC}") = "PhotonRealtime", "PhotonRealtime.csproj", "{0F302A1B-8040-F618-BEEE-100CAA316F2F}"
EndProject
Project("{FAE04EC0-301F-11D3-BF4B-00C04F79EFBC}") = "Unity.Services.Core.Environments", "Unity.Services.Core.Environments.csproj", "{507D54CD-C1CB-AD8E-D03C-93C0FE01B2D3}"
EndProject
Project("{FAE04EC0-301F-11D3-BF4B-00C04F79EFBC}") = "CFXRDemo", "CFXRDemo.csproj", "{B78B8762-AD4F-29D8-F822-DD15D11AFA07}"
EndProject
Project("{FAE04EC0-301F-11D3-BF4B-00C04F79EFBC}") = "Unity.Services.Core.Networking", "Unity.Services.Core.Networking.csproj", "{479B9C0A-2E8B-0A01-B52F-90E1EBC23588}"
EndProject
Project("{FAE04EC0-301F-11D3-BF4B-00C04F79EFBC}") = "Unity.Services.Core.Analytics", "Unity.Services.Core.Analytics.csproj", "{B0BB52BF-09DC-0966-F36D-5832EB9F1BBF}"
EndProject
Project("{FAE04EC0-301F-11D3-BF4B-00C04F79EFBC}") = "Unity.Services.Core.Scheduler", "Unity.Services.Core.Scheduler.csproj", "{DA352C51-B947-60EE-4B05-57F08C57575E}"
EndProject
Project("{FAE04EC0-301F-11D3-BF4B-00C04F79EFBC}") = "KinoBloom.Runtime", "KinoBloom.Runtime.csproj", "{B291E35C-F7D6-E6FF-42C2-83BDCE9F4EA3}"
EndProject
Project("{FAE04EC0-301F-11D3-BF4B-00C04F79EFBC}") = "Unity.Services.Core.Registration", "Unity.Services.Core.Registration.csproj", "{A962FB11-19E8-37EF-914E-9186A3457578}"
EndProject
Project("{FAE04EC0-301F-11D3-BF4B-00C04F79EFBC}") = "Unity.Services.Core.Device", "Unity.Services.Core.Device.csproj", "{F842C493-920C-1FE9-E9C8-44AA12B87E19}"
EndProject
Project("{FAE04EC0-301F-11D3-BF4B-00C04F79EFBC}") = "CFXRRuntime", "CFXRRuntime.csproj", "{9E44CBF2-4927-274C-7596-5C3E5B62B2E0}"
EndProject
Project("{FAE04EC0-301F-11D3-BF4B-00C04F79EFBC}") = "Unity.Services.Core.Threading", "Unity.Services.Core.Threading.csproj", "{4187DC3C-EBD0-37CF-EBDE-201EAE5B9BD3}"
EndProject
Project("{FAE04EC0-301F-11D3-BF4B-00C04F79EFBC}") = "CFXR.WelcomeScreen", "CFXR.WelcomeScreen.csproj", "{7BE90A6C-3151-6BF8-5238-CF358FAA6A77}"
EndProject
Project("{FAE04EC0-301F-11D3-BF4B-00C04F79EFBC}") = "UnityEditor.TestRunner", "UnityEditor.TestRunner.csproj", "{23BEEFE6-A560-C40F-C5A9-03EA0EC4D26D}"
EndProject
Project("{FAE04EC0-301F-11D3-BF4B-00C04F79EFBC}") = "Unity.PlasticSCM.Editor", "Unity.PlasticSCM.Editor.csproj", "{DD85EDD4-8694-86BB-0B30-1955105D2091}"
EndProject
Project("{FAE04EC0-301F-11D3-BF4B-00C04F79EFBC}") = "UnityEditor.UI", "UnityEditor.UI.csproj", "{BDFFD14A-6992-E992-CF19-3E3C7D7D78FA}"
EndProject
Project("{FAE04EC0-301F-11D3-BF4B-00C04F79EFBC}") = "Unity.Timeline.Editor", "Unity.Timeline.Editor.csproj", "{AA6CEDA2-24E7-3400-7CCE-7346AE3D9FE5}"
EndProject
Project("{FAE04EC0-301F-11D3-BF4B-00C04F79EFBC}") = "Unity.VisualStudio.Editor", "Unity.VisualStudio.Editor.csproj", "{A18FF2A8-C495-EB46-9985-E7B420EB7D88}"
EndProject
Project("{FAE04EC0-301F-11D3-BF4B-00C04F79EFBC}") = "PhotonUnityNetworking.Editor", "PhotonUnityNetworking.Editor.csproj", "{E1CA3E8C-E3CB-2EA7-EDF4-662EACC3FE2E}"
EndProject
Project("{FAE04EC0-301F-11D3-BF4B-00C04F79EFBC}") = "Unity.TextMeshPro.Editor", "Unity.TextMeshPro.Editor.csproj", "{9F909AFB-1EC4-FD67-1FE6-F423A928FACA}"
EndProject
Project("{FAE04EC0-301F-11D3-BF4B-00C04F79EFBC}") = "Unity.CollabProxy.Editor", "Unity.CollabProxy.Editor.csproj", "{7763D46B-6C11-524F-29A3-E7E565393675}"
EndProject
Project("{FAE04EC0-301F-11D3-BF4B-00C04F79EFBC}") = "Unity.Services.Core.Editor", "Unity.Services.Core.Editor.csproj", "{EF984A89-E211-4142-D19C-5178BA38B6BB}"
EndProject
Project("{FAE04EC0-301F-11D3-BF4B-00C04F79EFBC}") = "Unity.Rider.Editor", "Unity.Rider.Editor.csproj", "{5B4CCC11-8E0D-9865-0645-5515F2D3D777}"
EndProject
Project("{FAE04EC0-301F-11D3-BF4B-00C04F79EFBC}") = "Unity.VSCode.Editor", "Unity.VSCode.Editor.csproj", "{47B69B9B-2AF0-577A-EFC0-F55851322709}"
EndProject
Project("{FAE04EC0-301F-11D3-BF4B-00C04F79EFBC}") = "Unity.Services.Core.Configuration.Editor", "Unity.Services.Core.Configuration.Editor.csproj", "{8CCEFE6E-57D5-0926-0120-EFB45F5054FB}"
EndProject
Project("{FAE04EC0-301F-11D3-BF4B-00C04F79EFBC}") = "ToonyColorsPro.Demo.Editor", "ToonyColorsPro.Demo.Editor.csproj", "{D3B4516D-24BF-4A4D-CED8-E348EB192338}"
EndProject
Project("{FAE04EC0-301F-11D3-BF4B-00C04F79EFBC}") = "CFXREditor", "CFXREditor.csproj", "{8CD52AF5-B8FB-F352-A230-CEEAF9C64AAF}"
EndProject
Project("{FAE04EC0-301F-11D3-BF4B-00C04F79EFBC}") = "Assembly-CSharp-Editor", "Assembly-CSharp-Editor.csproj", "{41E9D295-025B-F8B4-8794-90CFC9F0A075}"
EndProject
Project("{FAE04EC0-301F-11D3-BF4B-00C04F79EFBC}") = "PhotonUnityNetworking.Utilities.PhotonPlayer.Editor", "PhotonUnityNetworking.Utilities.PhotonPlayer.Editor.csproj", "{34B2CE70-9F73-5203-058B-27BA96A27B93}"
EndProject
Project("{FAE04EC0-301F-11D3-BF4B-00C04F79EFBC}") = "PhotonUnityNetworking.Utilities.Culling.Editor", "PhotonUnityNetworking.Utilities.Culling.Editor.csproj", "{2A147F86-15E4-7ABC-0811-AD3B457798DB}"
EndProject
Global
	GlobalSection(SolutionConfigurationPlatforms) = preSolution
		Debug|Any CPU = Debug|Any CPU
		Release|Any CPU = Release|Any CPU
	EndGlobalSection
	GlobalSection(ProjectConfigurationPlatforms) = postSolution
		{8FAF7A95-8AB6-CF6E-9F8D-2D85D63D57C3}.Debug|Any CPU.ActiveCfg = Debug|Any CPU
		{8FAF7A95-8AB6-CF6E-9F8D-2D85D63D57C3}.Debug|Any CPU.Build.0 = Debug|Any CPU
		{8FAF7A95-8AB6-CF6E-9F8D-2D85D63D57C3}.Release|Any CPU.ActiveCfg = Release|Any CPU
		{8FAF7A95-8AB6-CF6E-9F8D-2D85D63D57C3}.Release|Any CPU.Build.0 = Release|Any CPU
		{83ED6D28-25E3-2A91-1728-85DC610088FB}.Debug|Any CPU.ActiveCfg = Debug|Any CPU
		{83ED6D28-25E3-2A91-1728-85DC610088FB}.Debug|Any CPU.Build.0 = Debug|Any CPU
		{83ED6D28-25E3-2A91-1728-85DC610088FB}.Release|Any CPU.ActiveCfg = Release|Any CPU
		{83ED6D28-25E3-2A91-1728-85DC610088FB}.Release|Any CPU.Build.0 = Release|Any CPU
		{6627D59E-177F-C145-930C-A75306A3375C}.Debug|Any CPU.ActiveCfg = Debug|Any CPU
		{6627D59E-177F-C145-930C-A75306A3375C}.Debug|Any CPU.Build.0 = Debug|Any CPU
		{6627D59E-177F-C145-930C-A75306A3375C}.Release|Any CPU.ActiveCfg = Release|Any CPU
		{6627D59E-177F-C145-930C-A75306A3375C}.Release|Any CPU.Build.0 = Release|Any CPU
		{560021A1-3CB1-492B-AD71-21020968D31C}.Debug|Any CPU.ActiveCfg = Debug|Any CPU
		{560021A1-3CB1-492B-AD71-21020968D31C}.Debug|Any CPU.Build.0 = Debug|Any CPU
		{560021A1-3CB1-492B-AD71-21020968D31C}.Release|Any CPU.ActiveCfg = Release|Any CPU
		{560021A1-3CB1-492B-AD71-21020968D31C}.Release|Any CPU.Build.0 = Release|Any CPU
		{D4C1CD99-7931-52B1-B75A-339026CB4EA3}.Debug|Any CPU.ActiveCfg = Debug|Any CPU
		{D4C1CD99-7931-52B1-B75A-339026CB4EA3}.Debug|Any CPU.Build.0 = Debug|Any CPU
		{D4C1CD99-7931-52B1-B75A-339026CB4EA3}.Release|Any CPU.ActiveCfg = Release|Any CPU
		{D4C1CD99-7931-52B1-B75A-339026CB4EA3}.Release|Any CPU.Build.0 = Release|Any CPU
		{5C6C646D-74FF-82C4-4251-9AB516836400}.Debug|Any CPU.ActiveCfg = Debug|Any CPU
		{5C6C646D-74FF-82C4-4251-9AB516836400}.Debug|Any CPU.Build.0 = Debug|Any CPU
		{5C6C646D-74FF-82C4-4251-9AB516836400}.Release|Any CPU.ActiveCfg = Release|Any CPU
		{5C6C646D-74FF-82C4-4251-9AB516836400}.Release|Any CPU.Build.0 = Release|Any CPU
		{B4421D3E-BDE3-253A-0229-F8C8F5F94B7A}.Debug|Any CPU.ActiveCfg = Debug|Any CPU
		{B4421D3E-BDE3-253A-0229-F8C8F5F94B7A}.Debug|Any CPU.Build.0 = Debug|Any CPU
		{B4421D3E-BDE3-253A-0229-F8C8F5F94B7A}.Release|Any CPU.ActiveCfg = Release|Any CPU
		{B4421D3E-BDE3-253A-0229-F8C8F5F94B7A}.Release|Any CPU.Build.0 = Release|Any CPU
		{4AE3834E-1445-D4C1-B6CA-43C77B9B2BAE}.Debug|Any CPU.ActiveCfg = Debug|Any CPU
		{4AE3834E-1445-D4C1-B6CA-43C77B9B2BAE}.Debug|Any CPU.Build.0 = Debug|Any CPU
		{4AE3834E-1445-D4C1-B6CA-43C77B9B2BAE}.Release|Any CPU.ActiveCfg = Release|Any CPU
		{4AE3834E-1445-D4C1-B6CA-43C77B9B2BAE}.Release|Any CPU.Build.0 = Release|Any CPU
		{7EED2B43-27FB-2F2B-0CE8-64154FF1EF2B}.Debug|Any CPU.ActiveCfg = Debug|Any CPU
		{7EED2B43-27FB-2F2B-0CE8-64154FF1EF2B}.Debug|Any CPU.Build.0 = Debug|Any CPU
		{7EED2B43-27FB-2F2B-0CE8-64154FF1EF2B}.Release|Any CPU.ActiveCfg = Release|Any CPU
		{7EED2B43-27FB-2F2B-0CE8-64154FF1EF2B}.Release|Any CPU.Build.0 = Release|Any CPU
		{814C2002-D22B-BF4F-5429-F2EAB4E360CE}.Debug|Any CPU.ActiveCfg = Debug|Any CPU
		{814C2002-D22B-BF4F-5429-F2EAB4E360CE}.Debug|Any CPU.Build.0 = Debug|Any CPU
		{814C2002-D22B-BF4F-5429-F2EAB4E360CE}.Release|Any CPU.ActiveCfg = Release|Any CPU
		{814C2002-D22B-BF4F-5429-F2EAB4E360CE}.Release|Any CPU.Build.0 = Release|Any CPU
		{3F7927F9-B565-D7C6-C13F-30708168B36C}.Debug|Any CPU.ActiveCfg = Debug|Any CPU
		{3F7927F9-B565-D7C6-C13F-30708168B36C}.Debug|Any CPU.Build.0 = Debug|Any CPU
		{3F7927F9-B565-D7C6-C13F-30708168B36C}.Release|Any CPU.ActiveCfg = Release|Any CPU
		{3F7927F9-B565-D7C6-C13F-30708168B36C}.Release|Any CPU.Build.0 = Release|Any CPU
		{C1E87A90-9E8B-CF03-37C1-E523F0E7977C}.Debug|Any CPU.ActiveCfg = Debug|Any CPU
		{C1E87A90-9E8B-CF03-37C1-E523F0E7977C}.Debug|Any CPU.Build.0 = Debug|Any CPU
		{C1E87A90-9E8B-CF03-37C1-E523F0E7977C}.Release|Any CPU.ActiveCfg = Release|Any CPU
		{C1E87A90-9E8B-CF03-37C1-E523F0E7977C}.Release|Any CPU.Build.0 = Release|Any CPU
		{53FCE7A5-B146-5EFF-6C88-2128172D9C2B}.Debug|Any CPU.ActiveCfg = Debug|Any CPU
		{53FCE7A5-B146-5EFF-6C88-2128172D9C2B}.Debug|Any CPU.Build.0 = Debug|Any CPU
		{53FCE7A5-B146-5EFF-6C88-2128172D9C2B}.Release|Any CPU.ActiveCfg = Release|Any CPU
		{53FCE7A5-B146-5EFF-6C88-2128172D9C2B}.Release|Any CPU.Build.0 = Release|Any CPU
		{3FA12E97-F3EA-3689-FB4F-DE9E9F3C20C0}.Debug|Any CPU.ActiveCfg = Debug|Any CPU
		{3FA12E97-F3EA-3689-FB4F-DE9E9F3C20C0}.Debug|Any CPU.Build.0 = Debug|Any CPU
		{3FA12E97-F3EA-3689-FB4F-DE9E9F3C20C0}.Release|Any CPU.ActiveCfg = Release|Any CPU
		{3FA12E97-F3EA-3689-FB4F-DE9E9F3C20C0}.Release|Any CPU.Build.0 = Release|Any CPU
		{0F302A1B-8040-F618-BEEE-100CAA316F2F}.Debug|Any CPU.ActiveCfg = Debug|Any CPU
		{0F302A1B-8040-F618-BEEE-100CAA316F2F}.Debug|Any CPU.Build.0 = Debug|Any CPU
		{0F302A1B-8040-F618-BEEE-100CAA316F2F}.Release|Any CPU.ActiveCfg = Release|Any CPU
		{0F302A1B-8040-F618-BEEE-100CAA316F2F}.Release|Any CPU.Build.0 = Release|Any CPU
		{507D54CD-C1CB-AD8E-D03C-93C0FE01B2D3}.Debug|Any CPU.ActiveCfg = Debug|Any CPU
		{507D54CD-C1CB-AD8E-D03C-93C0FE01B2D3}.Debug|Any CPU.Build.0 = Debug|Any CPU
		{507D54CD-C1CB-AD8E-D03C-93C0FE01B2D3}.Release|Any CPU.ActiveCfg = Release|Any CPU
		{507D54CD-C1CB-AD8E-D03C-93C0FE01B2D3}.Release|Any CPU.Build.0 = Release|Any CPU
		{B78B8762-AD4F-29D8-F822-DD15D11AFA07}.Debug|Any CPU.ActiveCfg = Debug|Any CPU
		{B78B8762-AD4F-29D8-F822-DD15D11AFA07}.Debug|Any CPU.Build.0 = Debug|Any CPU
		{B78B8762-AD4F-29D8-F822-DD15D11AFA07}.Release|Any CPU.ActiveCfg = Release|Any CPU
		{B78B8762-AD4F-29D8-F822-DD15D11AFA07}.Release|Any CPU.Build.0 = Release|Any CPU
		{479B9C0A-2E8B-0A01-B52F-90E1EBC23588}.Debug|Any CPU.ActiveCfg = Debug|Any CPU
		{479B9C0A-2E8B-0A01-B52F-90E1EBC23588}.Debug|Any CPU.Build.0 = Debug|Any CPU
		{479B9C0A-2E8B-0A01-B52F-90E1EBC23588}.Release|Any CPU.ActiveCfg = Release|Any CPU
		{479B9C0A-2E8B-0A01-B52F-90E1EBC23588}.Release|Any CPU.Build.0 = Release|Any CPU
		{B0BB52BF-09DC-0966-F36D-5832EB9F1BBF}.Debug|Any CPU.ActiveCfg = Debug|Any CPU
		{B0BB52BF-09DC-0966-F36D-5832EB9F1BBF}.Debug|Any CPU.Build.0 = Debug|Any CPU
		{B0BB52BF-09DC-0966-F36D-5832EB9F1BBF}.Release|Any CPU.ActiveCfg = Release|Any CPU
		{B0BB52BF-09DC-0966-F36D-5832EB9F1BBF}.Release|Any CPU.Build.0 = Release|Any CPU
		{DA352C51-B947-60EE-4B05-57F08C57575E}.Debug|Any CPU.ActiveCfg = Debug|Any CPU
		{DA352C51-B947-60EE-4B05-57F08C57575E}.Debug|Any CPU.Build.0 = Debug|Any CPU
		{DA352C51-B947-60EE-4B05-57F08C57575E}.Release|Any CPU.ActiveCfg = Release|Any CPU
		{DA352C51-B947-60EE-4B05-57F08C57575E}.Release|Any CPU.Build.0 = Release|Any CPU
		{B291E35C-F7D6-E6FF-42C2-83BDCE9F4EA3}.Debug|Any CPU.ActiveCfg = Debug|Any CPU
		{B291E35C-F7D6-E6FF-42C2-83BDCE9F4EA3}.Debug|Any CPU.Build.0 = Debug|Any CPU
		{B291E35C-F7D6-E6FF-42C2-83BDCE9F4EA3}.Release|Any CPU.ActiveCfg = Release|Any CPU
		{B291E35C-F7D6-E6FF-42C2-83BDCE9F4EA3}.Release|Any CPU.Build.0 = Release|Any CPU
		{A962FB11-19E8-37EF-914E-9186A3457578}.Debug|Any CPU.ActiveCfg = Debug|Any CPU
		{A962FB11-19E8-37EF-914E-9186A3457578}.Debug|Any CPU.Build.0 = Debug|Any CPU
		{A962FB11-19E8-37EF-914E-9186A3457578}.Release|Any CPU.ActiveCfg = Release|Any CPU
		{A962FB11-19E8-37EF-914E-9186A3457578}.Release|Any CPU.Build.0 = Release|Any CPU
		{F842C493-920C-1FE9-E9C8-44AA12B87E19}.Debug|Any CPU.ActiveCfg = Debug|Any CPU
		{F842C493-920C-1FE9-E9C8-44AA12B87E19}.Debug|Any CPU.Build.0 = Debug|Any CPU
		{F842C493-920C-1FE9-E9C8-44AA12B87E19}.Release|Any CPU.ActiveCfg = Release|Any CPU
		{F842C493-920C-1FE9-E9C8-44AA12B87E19}.Release|Any CPU.Build.0 = Release|Any CPU
		{9E44CBF2-4927-274C-7596-5C3E5B62B2E0}.Debug|Any CPU.ActiveCfg = Debug|Any CPU
		{9E44CBF2-4927-274C-7596-5C3E5B62B2E0}.Debug|Any CPU.Build.0 = Debug|Any CPU
		{9E44CBF2-4927-274C-7596-5C3E5B62B2E0}.Release|Any CPU.ActiveCfg = Release|Any CPU
		{9E44CBF2-4927-274C-7596-5C3E5B62B2E0}.Release|Any CPU.Build.0 = Release|Any CPU
		{4187DC3C-EBD0-37CF-EBDE-201EAE5B9BD3}.Debug|Any CPU.ActiveCfg = Debug|Any CPU
		{4187DC3C-EBD0-37CF-EBDE-201EAE5B9BD3}.Debug|Any CPU.Build.0 = Debug|Any CPU
		{4187DC3C-EBD0-37CF-EBDE-201EAE5B9BD3}.Release|Any CPU.ActiveCfg = Release|Any CPU
		{4187DC3C-EBD0-37CF-EBDE-201EAE5B9BD3}.Release|Any CPU.Build.0 = Release|Any CPU
		{7BE90A6C-3151-6BF8-5238-CF358FAA6A77}.Debug|Any CPU.ActiveCfg = Debug|Any CPU
		{7BE90A6C-3151-6BF8-5238-CF358FAA6A77}.Debug|Any CPU.Build.0 = Debug|Any CPU
		{7BE90A6C-3151-6BF8-5238-CF358FAA6A77}.Release|Any CPU.ActiveCfg = Release|Any CPU
		{7BE90A6C-3151-6BF8-5238-CF358FAA6A77}.Release|Any CPU.Build.0 = Release|Any CPU
		{23BEEFE6-A560-C40F-C5A9-03EA0EC4D26D}.Debug|Any CPU.ActiveCfg = Debug|Any CPU
		{23BEEFE6-A560-C40F-C5A9-03EA0EC4D26D}.Debug|Any CPU.Build.0 = Debug|Any CPU
		{23BEEFE6-A560-C40F-C5A9-03EA0EC4D26D}.Release|Any CPU.ActiveCfg = Release|Any CPU
		{23BEEFE6-A560-C40F-C5A9-03EA0EC4D26D}.Release|Any CPU.Build.0 = Release|Any CPU
		{DD85EDD4-8694-86BB-0B30-1955105D2091}.Debug|Any CPU.ActiveCfg = Debug|Any CPU
		{DD85EDD4-8694-86BB-0B30-1955105D2091}.Debug|Any CPU.Build.0 = Debug|Any CPU
		{DD85EDD4-8694-86BB-0B30-1955105D2091}.Release|Any CPU.ActiveCfg = Release|Any CPU
		{DD85EDD4-8694-86BB-0B30-1955105D2091}.Release|Any CPU.Build.0 = Release|Any CPU
		{BDFFD14A-6992-E992-CF19-3E3C7D7D78FA}.Debug|Any CPU.ActiveCfg = Debug|Any CPU
		{BDFFD14A-6992-E992-CF19-3E3C7D7D78FA}.Debug|Any CPU.Build.0 = Debug|Any CPU
		{BDFFD14A-6992-E992-CF19-3E3C7D7D78FA}.Release|Any CPU.ActiveCfg = Release|Any CPU
		{BDFFD14A-6992-E992-CF19-3E3C7D7D78FA}.Release|Any CPU.Build.0 = Release|Any CPU
		{AA6CEDA2-24E7-3400-7CCE-7346AE3D9FE5}.Debug|Any CPU.ActiveCfg = Debug|Any CPU
		{AA6CEDA2-24E7-3400-7CCE-7346AE3D9FE5}.Debug|Any CPU.Build.0 = Debug|Any CPU
		{AA6CEDA2-24E7-3400-7CCE-7346AE3D9FE5}.Release|Any CPU.ActiveCfg = Release|Any CPU
		{AA6CEDA2-24E7-3400-7CCE-7346AE3D9FE5}.Release|Any CPU.Build.0 = Release|Any CPU
		{A18FF2A8-C495-EB46-9985-E7B420EB7D88}.Debug|Any CPU.ActiveCfg = Debug|Any CPU
		{A18FF2A8-C495-EB46-9985-E7B420EB7D88}.Debug|Any CPU.Build.0 = Debug|Any CPU
		{A18FF2A8-C495-EB46-9985-E7B420EB7D88}.Release|Any CPU.ActiveCfg = Release|Any CPU
		{A18FF2A8-C495-EB46-9985-E7B420EB7D88}.Release|Any CPU.Build.0 = Release|Any CPU
		{E1CA3E8C-E3CB-2EA7-EDF4-662EACC3FE2E}.Debug|Any CPU.ActiveCfg = Debug|Any CPU
		{E1CA3E8C-E3CB-2EA7-EDF4-662EACC3FE2E}.Debug|Any CPU.Build.0 = Debug|Any CPU
		{E1CA3E8C-E3CB-2EA7-EDF4-662EACC3FE2E}.Release|Any CPU.ActiveCfg = Release|Any CPU
		{E1CA3E8C-E3CB-2EA7-EDF4-662EACC3FE2E}.Release|Any CPU.Build.0 = Release|Any CPU
		{9F909AFB-1EC4-FD67-1FE6-F423A928FACA}.Debug|Any CPU.ActiveCfg = Debug|Any CPU
		{9F909AFB-1EC4-FD67-1FE6-F423A928FACA}.Debug|Any CPU.Build.0 = Debug|Any CPU
		{9F909AFB-1EC4-FD67-1FE6-F423A928FACA}.Release|Any CPU.ActiveCfg = Release|Any CPU
		{9F909AFB-1EC4-FD67-1FE6-F423A928FACA}.Release|Any CPU.Build.0 = Release|Any CPU
		{7763D46B-6C11-524F-29A3-E7E565393675}.Debug|Any CPU.ActiveCfg = Debug|Any CPU
		{7763D46B-6C11-524F-29A3-E7E565393675}.Debug|Any CPU.Build.0 = Debug|Any CPU
		{7763D46B-6C11-524F-29A3-E7E565393675}.Release|Any CPU.ActiveCfg = Release|Any CPU
		{7763D46B-6C11-524F-29A3-E7E565393675}.Release|Any CPU.Build.0 = Release|Any CPU
		{EF984A89-E211-4142-D19C-5178BA38B6BB}.Debug|Any CPU.ActiveCfg = Debug|Any CPU
		{EF984A89-E211-4142-D19C-5178BA38B6BB}.Debug|Any CPU.Build.0 = Debug|Any CPU
		{EF984A89-E211-4142-D19C-5178BA38B6BB}.Release|Any CPU.ActiveCfg = Release|Any CPU
		{EF984A89-E211-4142-D19C-5178BA38B6BB}.Release|Any CPU.Build.0 = Release|Any CPU
		{5B4CCC11-8E0D-9865-0645-5515F2D3D777}.Debug|Any CPU.ActiveCfg = Debug|Any CPU
		{5B4CCC11-8E0D-9865-0645-5515F2D3D777}.Debug|Any CPU.Build.0 = Debug|Any CPU
		{5B4CCC11-8E0D-9865-0645-5515F2D3D777}.Release|Any CPU.ActiveCfg = Release|Any CPU
		{5B4CCC11-8E0D-9865-0645-5515F2D3D777}.Release|Any CPU.Build.0 = Release|Any CPU
		{47B69B9B-2AF0-577A-EFC0-F55851322709}.Debug|Any CPU.ActiveCfg = Debug|Any CPU
		{47B69B9B-2AF0-577A-EFC0-F55851322709}.Debug|Any CPU.Build.0 = Debug|Any CPU
		{47B69B9B-2AF0-577A-EFC0-F55851322709}.Release|Any CPU.ActiveCfg = Release|Any CPU
		{47B69B9B-2AF0-577A-EFC0-F55851322709}.Release|Any CPU.Build.0 = Release|Any CPU
		{8CCEFE6E-57D5-0926-0120-EFB45F5054FB}.Debug|Any CPU.ActiveCfg = Debug|Any CPU
		{8CCEFE6E-57D5-0926-0120-EFB45F5054FB}.Debug|Any CPU.Build.0 = Debug|Any CPU
		{8CCEFE6E-57D5-0926-0120-EFB45F5054FB}.Release|Any CPU.ActiveCfg = Release|Any CPU
		{8CCEFE6E-57D5-0926-0120-EFB45F5054FB}.Release|Any CPU.Build.0 = Release|Any CPU
		{D3B4516D-24BF-4A4D-CED8-E348EB192338}.Debug|Any CPU.ActiveCfg = Debug|Any CPU
		{D3B4516D-24BF-4A4D-CED8-E348EB192338}.Debug|Any CPU.Build.0 = Debug|Any CPU
		{D3B4516D-24BF-4A4D-CED8-E348EB192338}.Release|Any CPU.ActiveCfg = Release|Any CPU
		{D3B4516D-24BF-4A4D-CED8-E348EB192338}.Release|Any CPU.Build.0 = Release|Any CPU
		{8CD52AF5-B8FB-F352-A230-CEEAF9C64AAF}.Debug|Any CPU.ActiveCfg = Debug|Any CPU
		{8CD52AF5-B8FB-F352-A230-CEEAF9C64AAF}.Debug|Any CPU.Build.0 = Debug|Any CPU
		{8CD52AF5-B8FB-F352-A230-CEEAF9C64AAF}.Release|Any CPU.ActiveCfg = Release|Any CPU
		{8CD52AF5-B8FB-F352-A230-CEEAF9C64AAF}.Release|Any CPU.Build.0 = Release|Any CPU
		{41E9D295-025B-F8B4-8794-90CFC9F0A075}.Debug|Any CPU.ActiveCfg = Debug|Any CPU
		{41E9D295-025B-F8B4-8794-90CFC9F0A075}.Debug|Any CPU.Build.0 = Debug|Any CPU
		{41E9D295-025B-F8B4-8794-90CFC9F0A075}.Release|Any CPU.ActiveCfg = Release|Any CPU
		{41E9D295-025B-F8B4-8794-90CFC9F0A075}.Release|Any CPU.Build.0 = Release|Any CPU
		{34B2CE70-9F73-5203-058B-27BA96A27B93}.Debug|Any CPU.ActiveCfg = Debug|Any CPU
		{34B2CE70-9F73-5203-058B-27BA96A27B93}.Debug|Any CPU.Build.0 = Debug|Any CPU
		{34B2CE70-9F73-5203-058B-27BA96A27B93}.Release|Any CPU.ActiveCfg = Release|Any CPU
		{34B2CE70-9F73-5203-058B-27BA96A27B93}.Release|Any CPU.Build.0 = Release|Any CPU
		{2A147F86-15E4-7ABC-0811-AD3B457798DB}.Debug|Any CPU.ActiveCfg = Debug|Any CPU
		{2A147F86-15E4-7ABC-0811-AD3B457798DB}.Debug|Any CPU.Build.0 = Debug|Any CPU
		{2A147F86-15E4-7ABC-0811-AD3B457798DB}.Release|Any CPU.ActiveCfg = Release|Any CPU
		{2A147F86-15E4-7ABC-0811-AD3B457798DB}.Release|Any CPU.Build.0 = Release|Any CPU
	EndGlobalSection
	GlobalSection(SolutionProperties) = preSolution
		HideSolutionNode = FALSE
	EndGlobalSection
EndGlobal
