
Microsoft Visual Studio Solution File, Format Version 12.00
# Visual Studio 15
Project("{FAE04EC0-301F-11D3-BF4B-00C04F79EFBC}") = "PhotonUnityNetworking.Utilities", "PhotonUnityNetworking.Utilities.csproj", "{53CBA9D2-7147-8262-7D81-174D7BEBC8FB}"
EndProject
Project("{FAE04EC0-301F-11D3-BF4B-00C04F79EFBC}") = "Assembly-CSharp", "Assembly-CSharp.csproj", "{C251146B-4C72-8BF7-DD4A-CDA5A9304A16}"
EndProject
Project("{FAE04EC0-301F-11D3-BF4B-00C04F79EFBC}") = "PhotonUnityNetworking", "PhotonUnityNetworking.csproj", "{FB6E3500-A56A-584E-6BC2-BEC0882CE24E}"
EndProject
Project("{FAE04EC0-301F-11D3-BF4B-00C04F79EFBC}") = "PhotonChat", "PhotonChat.csproj", "{656BEE40-7C07-78B1-0A74-03757EF86E84}"
EndProject
Project("{FAE04EC0-301F-11D3-BF4B-00C04F79EFBC}") = "PhotonWebSocket", "PhotonWebSocket.csproj", "{2ABAC609-76D5-7B9A-30AD-A451EEC2A695}"
EndProject
Project("{FAE04EC0-301F-11D3-BF4B-00C04F79EFBC}") = "PhotonRealtime", "PhotonRealtime.csproj", "{8771DF34-91A3-7CAA-B2F7-E692357E2601}"
EndProject
Project("{FAE04EC0-301F-11D3-BF4B-00C04F79EFBC}") = "CFXRDemo", "CFXRDemo.csproj", "{84E81244-419A-CCA6-DB6C-729D33FDEAE2}"
EndProject
Project("{FAE04EC0-301F-11D3-BF4B-00C04F79EFBC}") = "KinoBloom.Runtime", "KinoBloom.Runtime.csproj", "{EC6928E6-8171-E37F-B5C4-1EFBBA95BD9C}"
EndProject
Project("{FAE04EC0-301F-11D3-BF4B-00C04F79EFBC}") = "CFXRRuntime", "CFXRRuntime.csproj", "{6F37D311-1F5B-196C-F276-D3B3E28C8232}"
EndProject
Project("{FAE04EC0-301F-11D3-BF4B-00C04F79EFBC}") = "CFXR.WelcomeScreen", "CFXR.WelcomeScreen.csproj", "{803BE9E8-4821-756F-E755-A954DF22671F}"
EndProject
Project("{FAE04EC0-301F-11D3-BF4B-00C04F79EFBC}") = "PhotonUnityNetworking.Editor", "PhotonUnityNetworking.Editor.csproj", "{B6AB595B-5C57-2AD7-5837-B776AB272D0E}"
EndProject
Project("{FAE04EC0-301F-11D3-BF4B-00C04F79EFBC}") = "ToonyColorsPro.Demo.Editor", "ToonyColorsPro.Demo.Editor.csproj", "{23AA3177-A869-2718-A34E-F4542195A9CE}"
EndProject
Project("{FAE04EC0-301F-11D3-BF4B-00C04F79EFBC}") = "CFXREditor", "CFXREditor.csproj", "{37934CD0-D39B-9DC0-F503-20A659211B5E}"
EndProject
Project("{FAE04EC0-301F-11D3-BF4B-00C04F79EFBC}") = "Assembly-CSharp-Editor", "Assembly-CSharp-Editor.csproj", "{53AA5E48-0E7A-24CD-6E8F-FB2CAC69382A}"
EndProject
Project("{FAE04EC0-301F-11D3-BF4B-00C04F79EFBC}") = "PhotonUnityNetworking.Utilities.PhotonPlayer.Editor", "PhotonUnityNetworking.Utilities.PhotonPlayer.Editor.csproj", "{AFD75D16-729D-E003-C156-6FCF57D8615D}"
EndProject
Project("{FAE04EC0-301F-11D3-BF4B-00C04F79EFBC}") = "PhotonUnityNetworking.Utilities.Culling.Editor", "PhotonUnityNetworking.Utilities.Culling.Editor.csproj", "{D622E68B-B2AC-6A29-DB29-60E95AB3E533}"
EndProject
Global
	GlobalSection(SolutionConfigurationPlatforms) = preSolution
		Debug|Any CPU = Debug|Any CPU
		Release|Any CPU = Release|Any CPU
	EndGlobalSection
	GlobalSection(ProjectConfigurationPlatforms) = postSolution
		{53CBA9D2-7147-8262-7D81-174D7BEBC8FB}.Debug|Any CPU.ActiveCfg = Debug|Any CPU
		{53CBA9D2-7147-8262-7D81-174D7BEBC8FB}.Debug|Any CPU.Build.0 = Debug|Any CPU
		{53CBA9D2-7147-8262-7D81-174D7BEBC8FB}.Release|Any CPU.ActiveCfg = Release|Any CPU
		{53CBA9D2-7147-8262-7D81-174D7BEBC8FB}.Release|Any CPU.Build.0 = Release|Any CPU
		{C251146B-4C72-8BF7-DD4A-CDA5A9304A16}.Debug|Any CPU.ActiveCfg = Debug|Any CPU
		{C251146B-4C72-8BF7-DD4A-CDA5A9304A16}.Debug|Any CPU.Build.0 = Debug|Any CPU
		{C251146B-4C72-8BF7-DD4A-CDA5A9304A16}.Release|Any CPU.ActiveCfg = Release|Any CPU
		{C251146B-4C72-8BF7-DD4A-CDA5A9304A16}.Release|Any CPU.Build.0 = Release|Any CPU
		{FB6E3500-A56A-584E-6BC2-BEC0882CE24E}.Debug|Any CPU.ActiveCfg = Debug|Any CPU
		{FB6E3500-A56A-584E-6BC2-BEC0882CE24E}.Debug|Any CPU.Build.0 = Debug|Any CPU
		{FB6E3500-A56A-584E-6BC2-BEC0882CE24E}.Release|Any CPU.ActiveCfg = Release|Any CPU
		{FB6E3500-A56A-584E-6BC2-BEC0882CE24E}.Release|Any CPU.Build.0 = Release|Any CPU
		{656BEE40-7C07-78B1-0A74-03757EF86E84}.Debug|Any CPU.ActiveCfg = Debug|Any CPU
		{656BEE40-7C07-78B1-0A74-03757EF86E84}.Debug|Any CPU.Build.0 = Debug|Any CPU
		{656BEE40-7C07-78B1-0A74-03757EF86E84}.Release|Any CPU.ActiveCfg = Release|Any CPU
		{656BEE40-7C07-78B1-0A74-03757EF86E84}.Release|Any CPU.Build.0 = Release|Any CPU
		{2ABAC609-76D5-7B9A-30AD-A451EEC2A695}.Debug|Any CPU.ActiveCfg = Debug|Any CPU
		{2ABAC609-76D5-7B9A-30AD-A451EEC2A695}.Debug|Any CPU.Build.0 = Debug|Any CPU
		{2ABAC609-76D5-7B9A-30AD-A451EEC2A695}.Release|Any CPU.ActiveCfg = Release|Any CPU
		{2ABAC609-76D5-7B9A-30AD-A451EEC2A695}.Release|Any CPU.Build.0 = Release|Any CPU
		{8771DF34-91A3-7CAA-B2F7-E692357E2601}.Debug|Any CPU.ActiveCfg = Debug|Any CPU
		{8771DF34-91A3-7CAA-B2F7-E692357E2601}.Debug|Any CPU.Build.0 = Debug|Any CPU
		{8771DF34-91A3-7CAA-B2F7-E692357E2601}.Release|Any CPU.ActiveCfg = Release|Any CPU
		{8771DF34-91A3-7CAA-B2F7-E692357E2601}.Release|Any CPU.Build.0 = Release|Any CPU
		{84E81244-419A-CCA6-DB6C-729D33FDEAE2}.Debug|Any CPU.ActiveCfg = Debug|Any CPU
		{84E81244-419A-CCA6-DB6C-729D33FDEAE2}.Debug|Any CPU.Build.0 = Debug|Any CPU
		{84E81244-419A-CCA6-DB6C-729D33FDEAE2}.Release|Any CPU.ActiveCfg = Release|Any CPU
		{84E81244-419A-CCA6-DB6C-729D33FDEAE2}.Release|Any CPU.Build.0 = Release|Any CPU
		{EC6928E6-8171-E37F-B5C4-1EFBBA95BD9C}.Debug|Any CPU.ActiveCfg = Debug|Any CPU
		{EC6928E6-8171-E37F-B5C4-1EFBBA95BD9C}.Debug|Any CPU.Build.0 = Debug|Any CPU
		{EC6928E6-8171-E37F-B5C4-1EFBBA95BD9C}.Release|Any CPU.ActiveCfg = Release|Any CPU
		{EC6928E6-8171-E37F-B5C4-1EFBBA95BD9C}.Release|Any CPU.Build.0 = Release|Any CPU
		{6F37D311-1F5B-196C-F276-D3B3E28C8232}.Debug|Any CPU.ActiveCfg = Debug|Any CPU
		{6F37D311-1F5B-196C-F276-D3B3E28C8232}.Debug|Any CPU.Build.0 = Debug|Any CPU
		{6F37D311-1F5B-196C-F276-D3B3E28C8232}.Release|Any CPU.ActiveCfg = Release|Any CPU
		{6F37D311-1F5B-196C-F276-D3B3E28C8232}.Release|Any CPU.Build.0 = Release|Any CPU
		{803BE9E8-4821-756F-E755-A954DF22671F}.Debug|Any CPU.ActiveCfg = Debug|Any CPU
		{803BE9E8-4821-756F-E755-A954DF22671F}.Debug|Any CPU.Build.0 = Debug|Any CPU
		{803BE9E8-4821-756F-E755-A954DF22671F}.Release|Any CPU.ActiveCfg = Release|Any CPU
		{803BE9E8-4821-756F-E755-A954DF22671F}.Release|Any CPU.Build.0 = Release|Any CPU
		{B6AB595B-5C57-2AD7-5837-B776AB272D0E}.Debug|Any CPU.ActiveCfg = Debug|Any CPU
		{B6AB595B-5C57-2AD7-5837-B776AB272D0E}.Debug|Any CPU.Build.0 = Debug|Any CPU
		{B6AB595B-5C57-2AD7-5837-B776AB272D0E}.Release|Any CPU.ActiveCfg = Release|Any CPU
		{B6AB595B-5C57-2AD7-5837-B776AB272D0E}.Release|Any CPU.Build.0 = Release|Any CPU
		{23AA3177-A869-2718-A34E-F4542195A9CE}.Debug|Any CPU.ActiveCfg = Debug|Any CPU
		{23AA3177-A869-2718-A34E-F4542195A9CE}.Debug|Any CPU.Build.0 = Debug|Any CPU
		{23AA3177-A869-2718-A34E-F4542195A9CE}.Release|Any CPU.ActiveCfg = Release|Any CPU
		{23AA3177-A869-2718-A34E-F4542195A9CE}.Release|Any CPU.Build.0 = Release|Any CPU
		{37934CD0-D39B-9DC0-F503-20A659211B5E}.Debug|Any CPU.ActiveCfg = Debug|Any CPU
		{37934CD0-D39B-9DC0-F503-20A659211B5E}.Debug|Any CPU.Build.0 = Debug|Any CPU
		{37934CD0-D39B-9DC0-F503-20A659211B5E}.Release|Any CPU.ActiveCfg = Release|Any CPU
		{37934CD0-D39B-9DC0-F503-20A659211B5E}.Release|Any CPU.Build.0 = Release|Any CPU
		{53AA5E48-0E7A-24CD-6E8F-FB2CAC69382A}.Debug|Any CPU.ActiveCfg = Debug|Any CPU
		{53AA5E48-0E7A-24CD-6E8F-FB2CAC69382A}.Debug|Any CPU.Build.0 = Debug|Any CPU
		{53AA5E48-0E7A-24CD-6E8F-FB2CAC69382A}.Release|Any CPU.ActiveCfg = Release|Any CPU
		{53AA5E48-0E7A-24CD-6E8F-FB2CAC69382A}.Release|Any CPU.Build.0 = Release|Any CPU
		{AFD75D16-729D-E003-C156-6FCF57D8615D}.Debug|Any CPU.ActiveCfg = Debug|Any CPU
		{AFD75D16-729D-E003-C156-6FCF57D8615D}.Debug|Any CPU.Build.0 = Debug|Any CPU
		{AFD75D16-729D-E003-C156-6FCF57D8615D}.Release|Any CPU.ActiveCfg = Release|Any CPU
		{AFD75D16-729D-E003-C156-6FCF57D8615D}.Release|Any CPU.Build.0 = Release|Any CPU
		{D622E68B-B2AC-6A29-DB29-60E95AB3E533}.Debug|Any CPU.ActiveCfg = Debug|Any CPU
		{D622E68B-B2AC-6A29-DB29-60E95AB3E533}.Debug|Any CPU.Build.0 = Debug|Any CPU
		{D622E68B-B2AC-6A29-DB29-60E95AB3E533}.Release|Any CPU.ActiveCfg = Release|Any CPU
		{D622E68B-B2AC-6A29-DB29-60E95AB3E533}.Release|Any CPU.Build.0 = Release|Any CPU
	EndGlobalSection
	GlobalSection(SolutionProperties) = preSolution
		HideSolutionNode = FALSE
	EndGlobalSection
EndGlobal
