
Microsoft Visual Studio Solution File, Format Version 12.00
# Visual Studio 15
Project("{FAE04EC0-301F-11D3-BF4B-00C04F79EFBC}") = "Assembly-CSharp", "Assembly-CSharp.csproj", "{37C904CB-9E31-1753-3644-C4352F626159}"
EndProject
Project("{FAE04EC0-301F-11D3-BF4B-00C04F79EFBC}") = "CFXRDemo", "CFXRDemo.csproj", "{2BF4051C-7E39-251D-17AD-387C28FE02DC}"
EndProject
Project("{FAE04EC0-301F-11D3-BF4B-00C04F79EFBC}") = "CFXRRuntime", "CFXRRuntime.csproj", "{26D513F2-52F5-0DF0-8913-165B83665790}"
EndProject
Project("{FAE04EC0-301F-11D3-BF4B-00C04F79EFBC}") = "KinoBloom.Runtime", "KinoBloom.Runtime.csproj", "{0A25F8E0-547F-F6DB-90E1-588EC6A61900}"
EndProject
Project("{FAE04EC0-301F-11D3-BF4B-00C04F79EFBC}") = "CFXREditor", "CFXREditor.csproj", "{1D6E0FE6-8728-7074-55D4-A3CA80A8ED81}"
EndProject
Project("{FAE04EC0-301F-11D3-BF4B-00C04F79EFBC}") = "Assembly-CSharp-Editor", "Assembly-CSharp-Editor.csproj", "{FC157DB2-D7BD-8A94-7090-A7CD0ED242B2}"
EndProject
Project("{FAE04EC0-301F-11D3-BF4B-00C04F79EFBC}") = "CFXR.WelcomeScreen", "CFXR.WelcomeScreen.csproj", "{60476F84-6D0B-9371-733C-CDFD8BFBE840}"
EndProject
Project("{FAE04EC0-301F-11D3-BF4B-00C04F79EFBC}") = "ToonyColorsPro.Demo.Editor", "ToonyColorsPro.Demo.Editor.csproj", "{0C330B5B-764F-3C66-FDBF-14A14C8915E5}"
EndProject
Global
	GlobalSection(SolutionConfigurationPlatforms) = preSolution
		Debug|Any CPU = Debug|Any CPU
		Release|Any CPU = Release|Any CPU
	EndGlobalSection
	GlobalSection(ProjectConfigurationPlatforms) = postSolution
		{37C904CB-9E31-1753-3644-C4352F626159}.Debug|Any CPU.ActiveCfg = Debug|Any CPU
		{37C904CB-9E31-1753-3644-C4352F626159}.Debug|Any CPU.Build.0 = Debug|Any CPU
		{37C904CB-9E31-1753-3644-C4352F626159}.Release|Any CPU.ActiveCfg = Release|Any CPU
		{37C904CB-9E31-1753-3644-C4352F626159}.Release|Any CPU.Build.0 = Release|Any CPU
		{2BF4051C-7E39-251D-17AD-387C28FE02DC}.Debug|Any CPU.ActiveCfg = Debug|Any CPU
		{2BF4051C-7E39-251D-17AD-387C28FE02DC}.Debug|Any CPU.Build.0 = Debug|Any CPU
		{2BF4051C-7E39-251D-17AD-387C28FE02DC}.Release|Any CPU.ActiveCfg = Release|Any CPU
		{2BF4051C-7E39-251D-17AD-387C28FE02DC}.Release|Any CPU.Build.0 = Release|Any CPU
		{26D513F2-52F5-0DF0-8913-165B83665790}.Debug|Any CPU.ActiveCfg = Debug|Any CPU
		{26D513F2-52F5-0DF0-8913-165B83665790}.Debug|Any CPU.Build.0 = Debug|Any CPU
		{26D513F2-52F5-0DF0-8913-165B83665790}.Release|Any CPU.ActiveCfg = Release|Any CPU
		{26D513F2-52F5-0DF0-8913-165B83665790}.Release|Any CPU.Build.0 = Release|Any CPU
		{0A25F8E0-547F-F6DB-90E1-588EC6A61900}.Debug|Any CPU.ActiveCfg = Debug|Any CPU
		{0A25F8E0-547F-F6DB-90E1-588EC6A61900}.Debug|Any CPU.Build.0 = Debug|Any CPU
		{0A25F8E0-547F-F6DB-90E1-588EC6A61900}.Release|Any CPU.ActiveCfg = Release|Any CPU
		{0A25F8E0-547F-F6DB-90E1-588EC6A61900}.Release|Any CPU.Build.0 = Release|Any CPU
		{1D6E0FE6-8728-7074-55D4-A3CA80A8ED81}.Debug|Any CPU.ActiveCfg = Debug|Any CPU
		{1D6E0FE6-8728-7074-55D4-A3CA80A8ED81}.Debug|Any CPU.Build.0 = Debug|Any CPU
		{1D6E0FE6-8728-7074-55D4-A3CA80A8ED81}.Release|Any CPU.ActiveCfg = Release|Any CPU
		{1D6E0FE6-8728-7074-55D4-A3CA80A8ED81}.Release|Any CPU.Build.0 = Release|Any CPU
		{FC157DB2-D7BD-8A94-7090-A7CD0ED242B2}.Debug|Any CPU.ActiveCfg = Debug|Any CPU
		{FC157DB2-D7BD-8A94-7090-A7CD0ED242B2}.Debug|Any CPU.Build.0 = Debug|Any CPU
		{FC157DB2-D7BD-8A94-7090-A7CD0ED242B2}.Release|Any CPU.ActiveCfg = Release|Any CPU
		{FC157DB2-D7BD-8A94-7090-A7CD0ED242B2}.Release|Any CPU.Build.0 = Release|Any CPU
		{60476F84-6D0B-9371-733C-CDFD8BFBE840}.Debug|Any CPU.ActiveCfg = Debug|Any CPU
		{60476F84-6D0B-9371-733C-CDFD8BFBE840}.Debug|Any CPU.Build.0 = Debug|Any CPU
		{60476F84-6D0B-9371-733C-CDFD8BFBE840}.Release|Any CPU.ActiveCfg = Release|Any CPU
		{60476F84-6D0B-9371-733C-CDFD8BFBE840}.Release|Any CPU.Build.0 = Release|Any CPU
		{0C330B5B-764F-3C66-FDBF-14A14C8915E5}.Debug|Any CPU.ActiveCfg = Debug|Any CPU
		{0C330B5B-764F-3C66-FDBF-14A14C8915E5}.Debug|Any CPU.Build.0 = Debug|Any CPU
		{0C330B5B-764F-3C66-FDBF-14A14C8915E5}.Release|Any CPU.ActiveCfg = Release|Any CPU
		{0C330B5B-764F-3C66-FDBF-14A14C8915E5}.Release|Any CPU.Build.0 = Release|Any CPU
	EndGlobalSection
	GlobalSection(SolutionProperties) = preSolution
		HideSolutionNode = FALSE
	EndGlobalSection
EndGlobal
