
Microsoft Visual Studio Solution File, Format Version 12.00
# Visual Studio 15
Project("{FAE04EC0-301F-11D3-BF4B-00C04F79EFBC}") = "Assembly-CSharp", "Assembly-CSharp.csproj", "{0393C8FE-FCFD-D11E-C7AD-885466668C5F}"
EndProject
Project("{FAE04EC0-301F-11D3-BF4B-00C04F79EFBC}") = "Assembly-CSharp-Editor", "Assembly-CSharp-Editor.csproj", "{24E38CAA-7094-0F57-7558-E5290AE910DA}"
EndProject
Global
	GlobalSection(SolutionConfigurationPlatforms) = preSolution
		Debug|Any CPU = Debug|Any CPU
		Release|Any CPU = Release|Any CPU
	EndGlobalSection
	GlobalSection(ProjectConfigurationPlatforms) = postSolution
		{0393C8FE-FCFD-D11E-C7AD-885466668C5F}.Debug|Any CPU.ActiveCfg = Debug|Any CPU
		{0393C8FE-FCFD-D11E-C7AD-885466668C5F}.Debug|Any CPU.Build.0 = Debug|Any CPU
		{0393C8FE-FCFD-D11E-C7AD-885466668C5F}.Release|Any CPU.ActiveCfg = Release|Any CPU
		{0393C8FE-FCFD-D11E-C7AD-885466668C5F}.Release|Any CPU.Build.0 = Release|Any CPU
		{24E38CAA-7094-0F57-7558-E5290AE910DA}.Debug|Any CPU.ActiveCfg = Debug|Any CPU
		{24E38CAA-7094-0F57-7558-E5290AE910DA}.Debug|Any CPU.Build.0 = Debug|Any CPU
		{24E38CAA-7094-0F57-7558-E5290AE910DA}.Release|Any CPU.ActiveCfg = Release|Any CPU
		{24E38CAA-7094-0F57-7558-E5290AE910DA}.Release|Any CPU.Build.0 = Release|Any CPU
	EndGlobalSection
	GlobalSection(SolutionProperties) = preSolution
		HideSolutionNode = FALSE
	EndGlobalSection
EndGlobal
