
Microsoft Visual Studio Solution File, Format Version 12.00
# Visual Studio 15
Project("{FAE04EC0-301F-11D3-BF4B-00C04F79EFBC}") = "PhotonUnityNetworking.Utilities", "PhotonUnityNetworking.Utilities.csproj", "{C5B7C216-CDAF-8CE3-36B3-0DCAF83BA086}"
EndProject
Project("{FAE04EC0-301F-11D3-BF4B-00C04F79EFBC}") = "PhotonUnityNetworking", "PhotonUnityNetworking.csproj", "{D1A4FEB6-F9F6-B2DE-DE32-01399CC1BA24}"
EndProject
Project("{FAE04EC0-301F-11D3-BF4B-00C04F79EFBC}") = "Assembly-CSharp", "Assembly-CSharp.csproj", "{6B5DCE66-89B0-2ED0-A8B1-77AE3163B6D0}"
EndProject
Project("{FAE04EC0-301F-11D3-BF4B-00C04F79EFBC}") = "PhotonChat", "PhotonChat.csproj", "{DE88BC97-5E19-62E5-8255-9149E6D76B20}"
EndProject
Project("{FAE04EC0-301F-11D3-BF4B-00C04F79EFBC}") = "PhotonWebSocket", "PhotonWebSocket.csproj", "{D143AA3B-D5D4-2DBC-E0B8-711F607BE051}"
EndProject
Project("{FAE04EC0-301F-11D3-BF4B-00C04F79EFBC}") = "PhotonRealtime", "PhotonRealtime.csproj", "{EEE39B58-198A-EC02-E06C-DDD3034CDF1D}"
EndProject
Project("{FAE04EC0-301F-11D3-BF4B-00C04F79EFBC}") = "CFXRDemo", "CFXRDemo.csproj", "{C0272B1B-B6F8-A918-6C07-A2619CE0C9C3}"
EndProject
Project("{FAE04EC0-301F-11D3-BF4B-00C04F79EFBC}") = "KinoBloom.Runtime", "KinoBloom.Runtime.csproj", "{79B23DBB-7099-7A09-FDB6-2421416B9012}"
EndProject
Project("{FAE04EC0-301F-11D3-BF4B-00C04F79EFBC}") = "CFXRRuntime", "CFXRRuntime.csproj", "{B7A3CDBB-D127-1A3C-BE74-7A95FE708276}"
EndProject
Project("{FAE04EC0-301F-11D3-BF4B-00C04F79EFBC}") = "CFXR.WelcomeScreen", "CFXR.WelcomeScreen.csproj", "{D0A08757-276B-9A03-4E66-51641DE4B912}"
EndProject
Project("{FAE04EC0-301F-11D3-BF4B-00C04F79EFBC}") = "PhotonUnityNetworking.Editor", "PhotonUnityNetworking.Editor.csproj", "{031B9B34-FE9D-A5F0-BFF9-072F44C119EB}"
EndProject
Project("{FAE04EC0-301F-11D3-BF4B-00C04F79EFBC}") = "ToonyColorsPro.Demo.Editor", "ToonyColorsPro.Demo.Editor.csproj", "{EE91E116-1A4F-72E6-66F5-787F18CBCA30}"
EndProject
Project("{FAE04EC0-301F-11D3-BF4B-00C04F79EFBC}") = "CFXREditor", "CFXREditor.csproj", "{39B795F2-2042-72DE-C6C6-969ED6797CDE}"
EndProject
Project("{FAE04EC0-301F-11D3-BF4B-00C04F79EFBC}") = "Assembly-CSharp-Editor", "Assembly-CSharp-Editor.csproj", "{338C4BF9-7F7C-7FD3-25EA-16982E0AEEFF}"
EndProject
Project("{FAE04EC0-301F-11D3-BF4B-00C04F79EFBC}") = "PhotonUnityNetworking.Utilities.PhotonPlayer.Editor", "PhotonUnityNetworking.Utilities.PhotonPlayer.Editor.csproj", "{81354213-8543-7882-9446-1DA8ACB0F5C3}"
EndProject
Project("{FAE04EC0-301F-11D3-BF4B-00C04F79EFBC}") = "PhotonUnityNetworking.Utilities.Culling.Editor", "PhotonUnityNetworking.Utilities.Culling.Editor.csproj", "{0DC57719-8960-AC15-FD89-235D9411F5F9}"
EndProject
Global
	GlobalSection(SolutionConfigurationPlatforms) = preSolution
		Debug|Any CPU = Debug|Any CPU
		Release|Any CPU = Release|Any CPU
	EndGlobalSection
	GlobalSection(ProjectConfigurationPlatforms) = postSolution
		{C5B7C216-CDAF-8CE3-36B3-0DCAF83BA086}.Debug|Any CPU.ActiveCfg = Debug|Any CPU
		{C5B7C216-CDAF-8CE3-36B3-0DCAF83BA086}.Debug|Any CPU.Build.0 = Debug|Any CPU
		{C5B7C216-CDAF-8CE3-36B3-0DCAF83BA086}.Release|Any CPU.ActiveCfg = Release|Any CPU
		{C5B7C216-CDAF-8CE3-36B3-0DCAF83BA086}.Release|Any CPU.Build.0 = Release|Any CPU
		{D1A4FEB6-F9F6-B2DE-DE32-01399CC1BA24}.Debug|Any CPU.ActiveCfg = Debug|Any CPU
		{D1A4FEB6-F9F6-B2DE-DE32-01399CC1BA24}.Debug|Any CPU.Build.0 = Debug|Any CPU
		{D1A4FEB6-F9F6-B2DE-DE32-01399CC1BA24}.Release|Any CPU.ActiveCfg = Release|Any CPU
		{D1A4FEB6-F9F6-B2DE-DE32-01399CC1BA24}.Release|Any CPU.Build.0 = Release|Any CPU
		{6B5DCE66-89B0-2ED0-A8B1-77AE3163B6D0}.Debug|Any CPU.ActiveCfg = Debug|Any CPU
		{6B5DCE66-89B0-2ED0-A8B1-77AE3163B6D0}.Debug|Any CPU.Build.0 = Debug|Any CPU
		{6B5DCE66-89B0-2ED0-A8B1-77AE3163B6D0}.Release|Any CPU.ActiveCfg = Release|Any CPU
		{6B5DCE66-89B0-2ED0-A8B1-77AE3163B6D0}.Release|Any CPU.Build.0 = Release|Any CPU
		{DE88BC97-5E19-62E5-8255-9149E6D76B20}.Debug|Any CPU.ActiveCfg = Debug|Any CPU
		{DE88BC97-5E19-62E5-8255-9149E6D76B20}.Debug|Any CPU.Build.0 = Debug|Any CPU
		{DE88BC97-5E19-62E5-8255-9149E6D76B20}.Release|Any CPU.ActiveCfg = Release|Any CPU
		{DE88BC97-5E19-62E5-8255-9149E6D76B20}.Release|Any CPU.Build.0 = Release|Any CPU
		{D143AA3B-D5D4-2DBC-E0B8-711F607BE051}.Debug|Any CPU.ActiveCfg = Debug|Any CPU
		{D143AA3B-D5D4-2DBC-E0B8-711F607BE051}.Debug|Any CPU.Build.0 = Debug|Any CPU
		{D143AA3B-D5D4-2DBC-E0B8-711F607BE051}.Release|Any CPU.ActiveCfg = Release|Any CPU
		{D143AA3B-D5D4-2DBC-E0B8-711F607BE051}.Release|Any CPU.Build.0 = Release|Any CPU
		{EEE39B58-198A-EC02-E06C-DDD3034CDF1D}.Debug|Any CPU.ActiveCfg = Debug|Any CPU
		{EEE39B58-198A-EC02-E06C-DDD3034CDF1D}.Debug|Any CPU.Build.0 = Debug|Any CPU
		{EEE39B58-198A-EC02-E06C-DDD3034CDF1D}.Release|Any CPU.ActiveCfg = Release|Any CPU
		{EEE39B58-198A-EC02-E06C-DDD3034CDF1D}.Release|Any CPU.Build.0 = Release|Any CPU
		{C0272B1B-B6F8-A918-6C07-A2619CE0C9C3}.Debug|Any CPU.ActiveCfg = Debug|Any CPU
		{C0272B1B-B6F8-A918-6C07-A2619CE0C9C3}.Debug|Any CPU.Build.0 = Debug|Any CPU
		{C0272B1B-B6F8-A918-6C07-A2619CE0C9C3}.Release|Any CPU.ActiveCfg = Release|Any CPU
		{C0272B1B-B6F8-A918-6C07-A2619CE0C9C3}.Release|Any CPU.Build.0 = Release|Any CPU
		{79B23DBB-7099-7A09-FDB6-2421416B9012}.Debug|Any CPU.ActiveCfg = Debug|Any CPU
		{79B23DBB-7099-7A09-FDB6-2421416B9012}.Debug|Any CPU.Build.0 = Debug|Any CPU
		{79B23DBB-7099-7A09-FDB6-2421416B9012}.Release|Any CPU.ActiveCfg = Release|Any CPU
		{79B23DBB-7099-7A09-FDB6-2421416B9012}.Release|Any CPU.Build.0 = Release|Any CPU
		{B7A3CDBB-D127-1A3C-BE74-7A95FE708276}.Debug|Any CPU.ActiveCfg = Debug|Any CPU
		{B7A3CDBB-D127-1A3C-BE74-7A95FE708276}.Debug|Any CPU.Build.0 = Debug|Any CPU
		{B7A3CDBB-D127-1A3C-BE74-7A95FE708276}.Release|Any CPU.ActiveCfg = Release|Any CPU
		{B7A3CDBB-D127-1A3C-BE74-7A95FE708276}.Release|Any CPU.Build.0 = Release|Any CPU
		{D0A08757-276B-9A03-4E66-51641DE4B912}.Debug|Any CPU.ActiveCfg = Debug|Any CPU
		{D0A08757-276B-9A03-4E66-51641DE4B912}.Debug|Any CPU.Build.0 = Debug|Any CPU
		{D0A08757-276B-9A03-4E66-51641DE4B912}.Release|Any CPU.ActiveCfg = Release|Any CPU
		{D0A08757-276B-9A03-4E66-51641DE4B912}.Release|Any CPU.Build.0 = Release|Any CPU
		{031B9B34-FE9D-A5F0-BFF9-072F44C119EB}.Debug|Any CPU.ActiveCfg = Debug|Any CPU
		{031B9B34-FE9D-A5F0-BFF9-072F44C119EB}.Debug|Any CPU.Build.0 = Debug|Any CPU
		{031B9B34-FE9D-A5F0-BFF9-072F44C119EB}.Release|Any CPU.ActiveCfg = Release|Any CPU
		{031B9B34-FE9D-A5F0-BFF9-072F44C119EB}.Release|Any CPU.Build.0 = Release|Any CPU
		{EE91E116-1A4F-72E6-66F5-787F18CBCA30}.Debug|Any CPU.ActiveCfg = Debug|Any CPU
		{EE91E116-1A4F-72E6-66F5-787F18CBCA30}.Debug|Any CPU.Build.0 = Debug|Any CPU
		{EE91E116-1A4F-72E6-66F5-787F18CBCA30}.Release|Any CPU.ActiveCfg = Release|Any CPU
		{EE91E116-1A4F-72E6-66F5-787F18CBCA30}.Release|Any CPU.Build.0 = Release|Any CPU
		{39B795F2-2042-72DE-C6C6-969ED6797CDE}.Debug|Any CPU.ActiveCfg = Debug|Any CPU
		{39B795F2-2042-72DE-C6C6-969ED6797CDE}.Debug|Any CPU.Build.0 = Debug|Any CPU
		{39B795F2-2042-72DE-C6C6-969ED6797CDE}.Release|Any CPU.ActiveCfg = Release|Any CPU
		{39B795F2-2042-72DE-C6C6-969ED6797CDE}.Release|Any CPU.Build.0 = Release|Any CPU
		{338C4BF9-7F7C-7FD3-25EA-16982E0AEEFF}.Debug|Any CPU.ActiveCfg = Debug|Any CPU
		{338C4BF9-7F7C-7FD3-25EA-16982E0AEEFF}.Debug|Any CPU.Build.0 = Debug|Any CPU
		{338C4BF9-7F7C-7FD3-25EA-16982E0AEEFF}.Release|Any CPU.ActiveCfg = Release|Any CPU
		{338C4BF9-7F7C-7FD3-25EA-16982E0AEEFF}.Release|Any CPU.Build.0 = Release|Any CPU
		{81354213-8543-7882-9446-1DA8ACB0F5C3}.Debug|Any CPU.ActiveCfg = Debug|Any CPU
		{81354213-8543-7882-9446-1DA8ACB0F5C3}.Debug|Any CPU.Build.0 = Debug|Any CPU
		{81354213-8543-7882-9446-1DA8ACB0F5C3}.Release|Any CPU.ActiveCfg = Release|Any CPU
		{81354213-8543-7882-9446-1DA8ACB0F5C3}.Release|Any CPU.Build.0 = Release|Any CPU
		{0DC57719-8960-AC15-FD89-235D9411F5F9}.Debug|Any CPU.ActiveCfg = Debug|Any CPU
		{0DC57719-8960-AC15-FD89-235D9411F5F9}.Debug|Any CPU.Build.0 = Debug|Any CPU
		{0DC57719-8960-AC15-FD89-235D9411F5F9}.Release|Any CPU.ActiveCfg = Release|Any CPU
		{0DC57719-8960-AC15-FD89-235D9411F5F9}.Release|Any CPU.Build.0 = Release|Any CPU
	EndGlobalSection
	GlobalSection(SolutionProperties) = preSolution
		HideSolutionNode = FALSE
	EndGlobalSection
EndGlobal
