
Microsoft Visual Studio Solution File, Format Version 12.00
# Visual Studio 15
Project("{FAE04EC0-301F-11D3-BF4B-00C04F79EFBC}") = "PhotonUnityNetworking.Utilities", "PhotonUnityNetworking.Utilities.csproj", "{1562F036-CAED-3670-0DC6-82443FED8979}"
EndProject
Project("{FAE04EC0-301F-11D3-BF4B-00C04F79EFBC}") = "Assembly-CSharp", "Assembly-CSharp.csproj", "{3B3D6971-639B-78C8-4656-34A1864D925C}"
EndProject
Project("{FAE04EC0-301F-11D3-BF4B-00C04F79EFBC}") = "PhotonUnityNetworking", "PhotonUnityNetworking.csproj", "{69DBB245-E181-394B-F5A1-3A29FA3C6C37}"
EndProject
Project("{FAE04EC0-301F-11D3-BF4B-00C04F79EFBC}") = "PhotonChat", "PhotonChat.csproj", "{34130F1A-A1CC-2868-0843-CBDC85057258}"
EndProject
Project("{FAE04EC0-301F-11D3-BF4B-00C04F79EFBC}") = "PhotonWebSocket", "PhotonWebSocket.csproj", "{F607F4DB-A27A-1732-18C1-AFC570FCD11B}"
EndProject
Project("{FAE04EC0-301F-11D3-BF4B-00C04F79EFBC}") = "PhotonRealtime", "PhotonRealtime.csproj", "{ED5B1EA3-4DC6-F628-E2D3-2728C50009C6}"
EndProject
Project("{FAE04EC0-301F-11D3-BF4B-00C04F79EFBC}") = "CFXRDemo", "CFXRDemo.csproj", "{0EE712C3-7692-1406-B479-DD990BBD0FDF}"
EndProject
Project("{FAE04EC0-301F-11D3-BF4B-00C04F79EFBC}") = "KinoBloom.Runtime", "KinoBloom.Runtime.csproj", "{4FD8998D-D11C-AF7A-7818-9F341F91F8EA}"
EndProject
Project("{FAE04EC0-301F-11D3-BF4B-00C04F79EFBC}") = "CFXRRuntime", "CFXRRuntime.csproj", "{050DFCAC-1425-B973-F667-354ED68EBE76}"
EndProject
Project("{FAE04EC0-301F-11D3-BF4B-00C04F79EFBC}") = "CFXR.WelcomeScreen", "CFXR.WelcomeScreen.csproj", "{1C33F46A-C5F4-5D6A-2420-D07291C32A0F}"
EndProject
Project("{FAE04EC0-301F-11D3-BF4B-00C04F79EFBC}") = "PhotonUnityNetworking.Editor", "PhotonUnityNetworking.Editor.csproj", "{DA92CE48-65BA-F911-2C47-420C64EF31B3}"
EndProject
Project("{FAE04EC0-301F-11D3-BF4B-00C04F79EFBC}") = "ToonyColorsPro.Demo.Editor", "ToonyColorsPro.Demo.Editor.csproj", "{C4F292FE-824F-35EC-8B02-1579F1C34666}"
EndProject
Project("{FAE04EC0-301F-11D3-BF4B-00C04F79EFBC}") = "CFXREditor", "CFXREditor.csproj", "{D7882F8F-5DB4-3B9E-1E6D-56FB34B85033}"
EndProject
Project("{FAE04EC0-301F-11D3-BF4B-00C04F79EFBC}") = "Assembly-CSharp-Editor", "Assembly-CSharp-Editor.csproj", "{74174210-06B4-4595-22AF-52EC381549B0}"
EndProject
Project("{FAE04EC0-301F-11D3-BF4B-00C04F79EFBC}") = "PhotonUnityNetworking.Utilities.PhotonPlayer.Editor", "PhotonUnityNetworking.Utilities.PhotonPlayer.Editor.csproj", "{62C51211-729E-DEDA-EC41-0AAC884E35EC}"
EndProject
Project("{FAE04EC0-301F-11D3-BF4B-00C04F79EFBC}") = "PhotonUnityNetworking.Utilities.Culling.Editor", "PhotonUnityNetworking.Utilities.Culling.Editor.csproj", "{EF72B3A1-C472-9DD5-F396-3DED1A334047}"
EndProject
Global
	GlobalSection(SolutionConfigurationPlatforms) = preSolution
		Debug|Any CPU = Debug|Any CPU
		Release|Any CPU = Release|Any CPU
	EndGlobalSection
	GlobalSection(ProjectConfigurationPlatforms) = postSolution
		{1562F036-CAED-3670-0DC6-82443FED8979}.Debug|Any CPU.ActiveCfg = Debug|Any CPU
		{1562F036-CAED-3670-0DC6-82443FED8979}.Debug|Any CPU.Build.0 = Debug|Any CPU
		{1562F036-CAED-3670-0DC6-82443FED8979}.Release|Any CPU.ActiveCfg = Release|Any CPU
		{1562F036-CAED-3670-0DC6-82443FED8979}.Release|Any CPU.Build.0 = Release|Any CPU
		{3B3D6971-639B-78C8-4656-34A1864D925C}.Debug|Any CPU.ActiveCfg = Debug|Any CPU
		{3B3D6971-639B-78C8-4656-34A1864D925C}.Debug|Any CPU.Build.0 = Debug|Any CPU
		{3B3D6971-639B-78C8-4656-34A1864D925C}.Release|Any CPU.ActiveCfg = Release|Any CPU
		{3B3D6971-639B-78C8-4656-34A1864D925C}.Release|Any CPU.Build.0 = Release|Any CPU
		{69DBB245-E181-394B-F5A1-3A29FA3C6C37}.Debug|Any CPU.ActiveCfg = Debug|Any CPU
		{69DBB245-E181-394B-F5A1-3A29FA3C6C37}.Debug|Any CPU.Build.0 = Debug|Any CPU
		{69DBB245-E181-394B-F5A1-3A29FA3C6C37}.Release|Any CPU.ActiveCfg = Release|Any CPU
		{69DBB245-E181-394B-F5A1-3A29FA3C6C37}.Release|Any CPU.Build.0 = Release|Any CPU
		{34130F1A-A1CC-2868-0843-CBDC85057258}.Debug|Any CPU.ActiveCfg = Debug|Any CPU
		{34130F1A-A1CC-2868-0843-CBDC85057258}.Debug|Any CPU.Build.0 = Debug|Any CPU
		{34130F1A-A1CC-2868-0843-CBDC85057258}.Release|Any CPU.ActiveCfg = Release|Any CPU
		{34130F1A-A1CC-2868-0843-CBDC85057258}.Release|Any CPU.Build.0 = Release|Any CPU
		{F607F4DB-A27A-1732-18C1-AFC570FCD11B}.Debug|Any CPU.ActiveCfg = Debug|Any CPU
		{F607F4DB-A27A-1732-18C1-AFC570FCD11B}.Debug|Any CPU.Build.0 = Debug|Any CPU
		{F607F4DB-A27A-1732-18C1-AFC570FCD11B}.Release|Any CPU.ActiveCfg = Release|Any CPU
		{F607F4DB-A27A-1732-18C1-AFC570FCD11B}.Release|Any CPU.Build.0 = Release|Any CPU
		{ED5B1EA3-4DC6-F628-E2D3-2728C50009C6}.Debug|Any CPU.ActiveCfg = Debug|Any CPU
		{ED5B1EA3-4DC6-F628-E2D3-2728C50009C6}.Debug|Any CPU.Build.0 = Debug|Any CPU
		{ED5B1EA3-4DC6-F628-E2D3-2728C50009C6}.Release|Any CPU.ActiveCfg = Release|Any CPU
		{ED5B1EA3-4DC6-F628-E2D3-2728C50009C6}.Release|Any CPU.Build.0 = Release|Any CPU
		{0EE712C3-7692-1406-B479-DD990BBD0FDF}.Debug|Any CPU.ActiveCfg = Debug|Any CPU
		{0EE712C3-7692-1406-B479-DD990BBD0FDF}.Debug|Any CPU.Build.0 = Debug|Any CPU
		{0EE712C3-7692-1406-B479-DD990BBD0FDF}.Release|Any CPU.ActiveCfg = Release|Any CPU
		{0EE712C3-7692-1406-B479-DD990BBD0FDF}.Release|Any CPU.Build.0 = Release|Any CPU
		{4FD8998D-D11C-AF7A-7818-9F341F91F8EA}.Debug|Any CPU.ActiveCfg = Debug|Any CPU
		{4FD8998D-D11C-AF7A-7818-9F341F91F8EA}.Debug|Any CPU.Build.0 = Debug|Any CPU
		{4FD8998D-D11C-AF7A-7818-9F341F91F8EA}.Release|Any CPU.ActiveCfg = Release|Any CPU
		{4FD8998D-D11C-AF7A-7818-9F341F91F8EA}.Release|Any CPU.Build.0 = Release|Any CPU
		{050DFCAC-1425-B973-F667-354ED68EBE76}.Debug|Any CPU.ActiveCfg = Debug|Any CPU
		{050DFCAC-1425-B973-F667-354ED68EBE76}.Debug|Any CPU.Build.0 = Debug|Any CPU
		{050DFCAC-1425-B973-F667-354ED68EBE76}.Release|Any CPU.ActiveCfg = Release|Any CPU
		{050DFCAC-1425-B973-F667-354ED68EBE76}.Release|Any CPU.Build.0 = Release|Any CPU
		{1C33F46A-C5F4-5D6A-2420-D07291C32A0F}.Debug|Any CPU.ActiveCfg = Debug|Any CPU
		{1C33F46A-C5F4-5D6A-2420-D07291C32A0F}.Debug|Any CPU.Build.0 = Debug|Any CPU
		{1C33F46A-C5F4-5D6A-2420-D07291C32A0F}.Release|Any CPU.ActiveCfg = Release|Any CPU
		{1C33F46A-C5F4-5D6A-2420-D07291C32A0F}.Release|Any CPU.Build.0 = Release|Any CPU
		{DA92CE48-65BA-F911-2C47-420C64EF31B3}.Debug|Any CPU.ActiveCfg = Debug|Any CPU
		{DA92CE48-65BA-F911-2C47-420C64EF31B3}.Debug|Any CPU.Build.0 = Debug|Any CPU
		{DA92CE48-65BA-F911-2C47-420C64EF31B3}.Release|Any CPU.ActiveCfg = Release|Any CPU
		{DA92CE48-65BA-F911-2C47-420C64EF31B3}.Release|Any CPU.Build.0 = Release|Any CPU
		{C4F292FE-824F-35EC-8B02-1579F1C34666}.Debug|Any CPU.ActiveCfg = Debug|Any CPU
		{C4F292FE-824F-35EC-8B02-1579F1C34666}.Debug|Any CPU.Build.0 = Debug|Any CPU
		{C4F292FE-824F-35EC-8B02-1579F1C34666}.Release|Any CPU.ActiveCfg = Release|Any CPU
		{C4F292FE-824F-35EC-8B02-1579F1C34666}.Release|Any CPU.Build.0 = Release|Any CPU
		{D7882F8F-5DB4-3B9E-1E6D-56FB34B85033}.Debug|Any CPU.ActiveCfg = Debug|Any CPU
		{D7882F8F-5DB4-3B9E-1E6D-56FB34B85033}.Debug|Any CPU.Build.0 = Debug|Any CPU
		{D7882F8F-5DB4-3B9E-1E6D-56FB34B85033}.Release|Any CPU.ActiveCfg = Release|Any CPU
		{D7882F8F-5DB4-3B9E-1E6D-56FB34B85033}.Release|Any CPU.Build.0 = Release|Any CPU
		{74174210-06B4-4595-22AF-52EC381549B0}.Debug|Any CPU.ActiveCfg = Debug|Any CPU
		{74174210-06B4-4595-22AF-52EC381549B0}.Debug|Any CPU.Build.0 = Debug|Any CPU
		{74174210-06B4-4595-22AF-52EC381549B0}.Release|Any CPU.ActiveCfg = Release|Any CPU
		{74174210-06B4-4595-22AF-52EC381549B0}.Release|Any CPU.Build.0 = Release|Any CPU
		{62C51211-729E-DEDA-EC41-0AAC884E35EC}.Debug|Any CPU.ActiveCfg = Debug|Any CPU
		{62C51211-729E-DEDA-EC41-0AAC884E35EC}.Debug|Any CPU.Build.0 = Debug|Any CPU
		{62C51211-729E-DEDA-EC41-0AAC884E35EC}.Release|Any CPU.ActiveCfg = Release|Any CPU
		{62C51211-729E-DEDA-EC41-0AAC884E35EC}.Release|Any CPU.Build.0 = Release|Any CPU
		{EF72B3A1-C472-9DD5-F396-3DED1A334047}.Debug|Any CPU.ActiveCfg = Debug|Any CPU
		{EF72B3A1-C472-9DD5-F396-3DED1A334047}.Debug|Any CPU.Build.0 = Debug|Any CPU
		{EF72B3A1-C472-9DD5-F396-3DED1A334047}.Release|Any CPU.ActiveCfg = Release|Any CPU
		{EF72B3A1-C472-9DD5-F396-3DED1A334047}.Release|Any CPU.Build.0 = Release|Any CPU
	EndGlobalSection
	GlobalSection(SolutionProperties) = preSolution
		HideSolutionNode = FALSE
	EndGlobalSection
EndGlobal
