
Microsoft Visual Studio Solution File, Format Version 12.00
# Visual Studio 15
Project("{FAE04EC0-301F-11D3-BF4B-00C04F79EFBC}") = "Assembly-CSharp", "Assembly-CSharp.csproj", "{5A9A4A4E-0C1E-62CD-3A3C-CA0A1AC762CF}"
EndProject
Project("{FAE04EC0-301F-11D3-BF4B-00C04F79EFBC}") = "CFXRDemo", "CFXRDemo.csproj", "{61423B2D-F47E-B915-71CC-F2A402F74349}"
EndProject
Project("{FAE04EC0-301F-11D3-BF4B-00C04F79EFBC}") = "CFXRRuntime", "CFXRRuntime.csproj", "{3BA7EFA4-7A12-6ED9-FC01-3EE3A513242E}"
EndProject
Project("{FAE04EC0-301F-11D3-BF4B-00C04F79EFBC}") = "KinoBloom.Runtime", "KinoBloom.Runtime.csproj", "{3AFCE927-D71E-5EB0-76A8-1232EBA9E842}"
EndProject
Project("{FAE04EC0-301F-11D3-BF4B-00C04F79EFBC}") = "CFXREditor", "CFXREditor.csproj", "{61F6DF2B-540B-2201-69F1-55ED05039780}"
EndProject
Project("{FAE04EC0-301F-11D3-BF4B-00C04F79EFBC}") = "Assembly-CSharp-Editor", "Assembly-CSharp-Editor.csproj", "{C4F37E28-1752-D987-1C58-3386635238A5}"
EndProject
Project("{FAE04EC0-301F-11D3-BF4B-00C04F79EFBC}") = "CFXR.WelcomeScreen", "CFXR.WelcomeScreen.csproj", "{2FE3B885-4058-A0BB-1E1E-13702D849761}"
EndProject
Project("{FAE04EC0-301F-11D3-BF4B-00C04F79EFBC}") = "ToonyColorsPro.Demo.Editor", "ToonyColorsPro.Demo.Editor.csproj", "{7EBEF52B-6D58-9CDC-F6F9-BFC18CC77414}"
EndProject
Global
	GlobalSection(SolutionConfigurationPlatforms) = preSolution
		Debug|Any CPU = Debug|Any CPU
		Release|Any CPU = Release|Any CPU
	EndGlobalSection
	GlobalSection(ProjectConfigurationPlatforms) = postSolution
		{5A9A4A4E-0C1E-62CD-3A3C-CA0A1AC762CF}.Debug|Any CPU.ActiveCfg = Debug|Any CPU
		{5A9A4A4E-0C1E-62CD-3A3C-CA0A1AC762CF}.Debug|Any CPU.Build.0 = Debug|Any CPU
		{5A9A4A4E-0C1E-62CD-3A3C-CA0A1AC762CF}.Release|Any CPU.ActiveCfg = Release|Any CPU
		{5A9A4A4E-0C1E-62CD-3A3C-CA0A1AC762CF}.Release|Any CPU.Build.0 = Release|Any CPU
		{61423B2D-F47E-B915-71CC-F2A402F74349}.Debug|Any CPU.ActiveCfg = Debug|Any CPU
		{61423B2D-F47E-B915-71CC-F2A402F74349}.Debug|Any CPU.Build.0 = Debug|Any CPU
		{61423B2D-F47E-B915-71CC-F2A402F74349}.Release|Any CPU.ActiveCfg = Release|Any CPU
		{61423B2D-F47E-B915-71CC-F2A402F74349}.Release|Any CPU.Build.0 = Release|Any CPU
		{3BA7EFA4-7A12-6ED9-FC01-3EE3A513242E}.Debug|Any CPU.ActiveCfg = Debug|Any CPU
		{3BA7EFA4-7A12-6ED9-FC01-3EE3A513242E}.Debug|Any CPU.Build.0 = Debug|Any CPU
		{3BA7EFA4-7A12-6ED9-FC01-3EE3A513242E}.Release|Any CPU.ActiveCfg = Release|Any CPU
		{3BA7EFA4-7A12-6ED9-FC01-3EE3A513242E}.Release|Any CPU.Build.0 = Release|Any CPU
		{3AFCE927-D71E-5EB0-76A8-1232EBA9E842}.Debug|Any CPU.ActiveCfg = Debug|Any CPU
		{3AFCE927-D71E-5EB0-76A8-1232EBA9E842}.Debug|Any CPU.Build.0 = Debug|Any CPU
		{3AFCE927-D71E-5EB0-76A8-1232EBA9E842}.Release|Any CPU.ActiveCfg = Release|Any CPU
		{3AFCE927-D71E-5EB0-76A8-1232EBA9E842}.Release|Any CPU.Build.0 = Release|Any CPU
		{61F6DF2B-540B-2201-69F1-55ED05039780}.Debug|Any CPU.ActiveCfg = Debug|Any CPU
		{61F6DF2B-540B-2201-69F1-55ED05039780}.Debug|Any CPU.Build.0 = Debug|Any CPU
		{61F6DF2B-540B-2201-69F1-55ED05039780}.Release|Any CPU.ActiveCfg = Release|Any CPU
		{61F6DF2B-540B-2201-69F1-55ED05039780}.Release|Any CPU.Build.0 = Release|Any CPU
		{C4F37E28-1752-D987-1C58-3386635238A5}.Debug|Any CPU.ActiveCfg = Debug|Any CPU
		{C4F37E28-1752-D987-1C58-3386635238A5}.Debug|Any CPU.Build.0 = Debug|Any CPU
		{C4F37E28-1752-D987-1C58-3386635238A5}.Release|Any CPU.ActiveCfg = Release|Any CPU
		{C4F37E28-1752-D987-1C58-3386635238A5}.Release|Any CPU.Build.0 = Release|Any CPU
		{2FE3B885-4058-A0BB-1E1E-13702D849761}.Debug|Any CPU.ActiveCfg = Debug|Any CPU
		{2FE3B885-4058-A0BB-1E1E-13702D849761}.Debug|Any CPU.Build.0 = Debug|Any CPU
		{2FE3B885-4058-A0BB-1E1E-13702D849761}.Release|Any CPU.ActiveCfg = Release|Any CPU
		{2FE3B885-4058-A0BB-1E1E-13702D849761}.Release|Any CPU.Build.0 = Release|Any CPU
		{7EBEF52B-6D58-9CDC-F6F9-BFC18CC77414}.Debug|Any CPU.ActiveCfg = Debug|Any CPU
		{7EBEF52B-6D58-9CDC-F6F9-BFC18CC77414}.Debug|Any CPU.Build.0 = Debug|Any CPU
		{7EBEF52B-6D58-9CDC-F6F9-BFC18CC77414}.Release|Any CPU.ActiveCfg = Release|Any CPU
		{7EBEF52B-6D58-9CDC-F6F9-BFC18CC77414}.Release|Any CPU.Build.0 = Release|Any CPU
	EndGlobalSection
	GlobalSection(SolutionProperties) = preSolution
		HideSolutionNode = FALSE
	EndGlobalSection
EndGlobal
