
Microsoft Visual Studio Solution File, Format Version 12.00
# Visual Studio 15
Project("{FAE04EC0-301F-11D3-BF4B-00C04F79EFBC}") = "Assembly-CSharp", "Assembly-CSharp.csproj", "{90331A53-6384-C438-2F90-719FC810EC54}"
EndProject
Project("{FAE04EC0-301F-11D3-BF4B-00C04F79EFBC}") = "CFXRDemo", "CFXRDemo.csproj", "{BDB0263B-966F-4B30-43B2-317A5F1C6245}"
EndProject
Project("{FAE04EC0-301F-11D3-BF4B-00C04F79EFBC}") = "Assembly-CSharp-firstpass", "Assembly-CSharp-firstpass.csproj", "{15D1C2F8-8138-AA6F-922D-2524B848FF5F}"
EndProject
Project("{FAE04EC0-301F-11D3-BF4B-00C04F79EFBC}") = "CFXRRuntime", "CFXRRuntime.csproj", "{3FCEC5BB-6729-F568-1F62-BEF677FCAFD2}"
EndProject
Project("{FAE04EC0-301F-11D3-BF4B-00C04F79EFBC}") = "KinoBloom.Runtime", "KinoBloom.Runtime.csproj", "{0232CCEA-E6E8-2F4A-BD03-0B5562E3C062}"
EndProject
Project("{FAE04EC0-301F-11D3-BF4B-00C04F79EFBC}") = "CFXREditor", "CFXREditor.csproj", "{D81833DA-1066-B800-2B72-E25BB942828A}"
EndProject
Project("{FAE04EC0-301F-11D3-BF4B-00C04F79EFBC}") = "Assembly-CSharp-Editor", "Assembly-CSharp-Editor.csproj", "{801CBF5B-58F3-CA15-DC4D-434FB5411B87}"
EndProject
Project("{FAE04EC0-301F-11D3-BF4B-00C04F79EFBC}") = "CFXR.WelcomeScreen", "CFXR.WelcomeScreen.csproj", "{7D1D2504-28E3-AC4F-756E-B36DA8770159}"
EndProject
Project("{FAE04EC0-301F-11D3-BF4B-00C04F79EFBC}") = "ToonyColorsPro.Demo.Editor", "ToonyColorsPro.Demo.Editor.csproj", "{9A05BB1F-5E7C-49BA-9A4B-7CDDF8AD4E6C}"
EndProject
Global
	GlobalSection(SolutionConfigurationPlatforms) = preSolution
		Debug|Any CPU = Debug|Any CPU
		Release|Any CPU = Release|Any CPU
	EndGlobalSection
	GlobalSection(ProjectConfigurationPlatforms) = postSolution
		{90331A53-6384-C438-2F90-719FC810EC54}.Debug|Any CPU.ActiveCfg = Debug|Any CPU
		{90331A53-6384-C438-2F90-719FC810EC54}.Debug|Any CPU.Build.0 = Debug|Any CPU
		{90331A53-6384-C438-2F90-719FC810EC54}.Release|Any CPU.ActiveCfg = Release|Any CPU
		{90331A53-6384-C438-2F90-719FC810EC54}.Release|Any CPU.Build.0 = Release|Any CPU
		{BDB0263B-966F-4B30-43B2-317A5F1C6245}.Debug|Any CPU.ActiveCfg = Debug|Any CPU
		{BDB0263B-966F-4B30-43B2-317A5F1C6245}.Debug|Any CPU.Build.0 = Debug|Any CPU
		{BDB0263B-966F-4B30-43B2-317A5F1C6245}.Release|Any CPU.ActiveCfg = Release|Any CPU
		{BDB0263B-966F-4B30-43B2-317A5F1C6245}.Release|Any CPU.Build.0 = Release|Any CPU
		{15D1C2F8-8138-AA6F-922D-2524B848FF5F}.Debug|Any CPU.ActiveCfg = Debug|Any CPU
		{15D1C2F8-8138-AA6F-922D-2524B848FF5F}.Debug|Any CPU.Build.0 = Debug|Any CPU
		{15D1C2F8-8138-AA6F-922D-2524B848FF5F}.Release|Any CPU.ActiveCfg = Release|Any CPU
		{15D1C2F8-8138-AA6F-922D-2524B848FF5F}.Release|Any CPU.Build.0 = Release|Any CPU
		{3FCEC5BB-6729-F568-1F62-BEF677FCAFD2}.Debug|Any CPU.ActiveCfg = Debug|Any CPU
		{3FCEC5BB-6729-F568-1F62-BEF677FCAFD2}.Debug|Any CPU.Build.0 = Debug|Any CPU
		{3FCEC5BB-6729-F568-1F62-BEF677FCAFD2}.Release|Any CPU.ActiveCfg = Release|Any CPU
		{3FCEC5BB-6729-F568-1F62-BEF677FCAFD2}.Release|Any CPU.Build.0 = Release|Any CPU
		{0232CCEA-E6E8-2F4A-BD03-0B5562E3C062}.Debug|Any CPU.ActiveCfg = Debug|Any CPU
		{0232CCEA-E6E8-2F4A-BD03-0B5562E3C062}.Debug|Any CPU.Build.0 = Debug|Any CPU
		{0232CCEA-E6E8-2F4A-BD03-0B5562E3C062}.Release|Any CPU.ActiveCfg = Release|Any CPU
		{0232CCEA-E6E8-2F4A-BD03-0B5562E3C062}.Release|Any CPU.Build.0 = Release|Any CPU
		{D81833DA-1066-B800-2B72-E25BB942828A}.Debug|Any CPU.ActiveCfg = Debug|Any CPU
		{D81833DA-1066-B800-2B72-E25BB942828A}.Debug|Any CPU.Build.0 = Debug|Any CPU
		{D81833DA-1066-B800-2B72-E25BB942828A}.Release|Any CPU.ActiveCfg = Release|Any CPU
		{D81833DA-1066-B800-2B72-E25BB942828A}.Release|Any CPU.Build.0 = Release|Any CPU
		{801CBF5B-58F3-CA15-DC4D-434FB5411B87}.Debug|Any CPU.ActiveCfg = Debug|Any CPU
		{801CBF5B-58F3-CA15-DC4D-434FB5411B87}.Debug|Any CPU.Build.0 = Debug|Any CPU
		{801CBF5B-58F3-CA15-DC4D-434FB5411B87}.Release|Any CPU.ActiveCfg = Release|Any CPU
		{801CBF5B-58F3-CA15-DC4D-434FB5411B87}.Release|Any CPU.Build.0 = Release|Any CPU
		{7D1D2504-28E3-AC4F-756E-B36DA8770159}.Debug|Any CPU.ActiveCfg = Debug|Any CPU
		{7D1D2504-28E3-AC4F-756E-B36DA8770159}.Debug|Any CPU.Build.0 = Debug|Any CPU
		{7D1D2504-28E3-AC4F-756E-B36DA8770159}.Release|Any CPU.ActiveCfg = Release|Any CPU
		{7D1D2504-28E3-AC4F-756E-B36DA8770159}.Release|Any CPU.Build.0 = Release|Any CPU
		{9A05BB1F-5E7C-49BA-9A4B-7CDDF8AD4E6C}.Debug|Any CPU.ActiveCfg = Debug|Any CPU
		{9A05BB1F-5E7C-49BA-9A4B-7CDDF8AD4E6C}.Debug|Any CPU.Build.0 = Debug|Any CPU
		{9A05BB1F-5E7C-49BA-9A4B-7CDDF8AD4E6C}.Release|Any CPU.ActiveCfg = Release|Any CPU
		{9A05BB1F-5E7C-49BA-9A4B-7CDDF8AD4E6C}.Release|Any CPU.Build.0 = Release|Any CPU
	EndGlobalSection
	GlobalSection(SolutionProperties) = preSolution
		HideSolutionNode = FALSE
	EndGlobalSection
EndGlobal
