
Microsoft Visual Studio Solution File, Format Version 12.00
# Visual Studio 15
Project("{FAE04EC0-301F-11D3-BF4B-00C04F79EFBC}") = "UnityEngine.UI", "UnityEngine.UI.csproj", "{DE209806-91B7-302A-6841-47F25E8B394B}"
EndProject
Project("{FAE04EC0-301F-11D3-BF4B-00C04F79EFBC}") = "UnityEngine.TestRunner", "UnityEngine.TestRunner.csproj", "{B9D15089-B747-5E57-9A55-31CB381A7E54}"
EndProject
Project("{FAE04EC0-301F-11D3-BF4B-00C04F79EFBC}") = "Unity.VisualScripting.Flow", "Unity.VisualScripting.Flow.csproj", "{49E2A615-C4D3-D0A6-E3FF-7F06E483DEA6}"
EndProject
Project("{FAE04EC0-301F-11D3-BF4B-00C04F79EFBC}") = "Unity.Services.Core.Telemetry", "Unity.Services.Core.Telemetry.csproj", "{0CA392B6-2F82-0C1E-38AA-4F388768E85D}"
EndProject
Project("{FAE04EC0-301F-11D3-BF4B-00C04F79EFBC}") = "Unity.VisualScripting.State", "Unity.VisualScripting.State.csproj", "{DECA5F70-D320-A2B6-D32B-EBE027C8848D}"
EndProject
Project("{FAE04EC0-301F-11D3-BF4B-00C04F79EFBC}") = "Unity.VisualScripting.Core", "Unity.VisualScripting.Core.csproj", "{A77A6480-469D-CC0B-F747-0E43E722D3C7}"
EndProject
Project("{FAE04EC0-301F-11D3-BF4B-00C04F79EFBC}") = "Unity.Services.Core.Environments.Internal", "Unity.Services.Core.Environments.Internal.csproj", "{D51CE21E-3EBD-C367-4C7C-2E94BAC439C0}"
EndProject
Project("{FAE04EC0-301F-11D3-BF4B-00C04F79EFBC}") = "Unity.TextMeshPro", "Unity.TextMeshPro.csproj", "{4D67B328-1212-40CC-92A3-04B557159013}"
EndProject
Project("{FAE04EC0-301F-11D3-BF4B-00C04F79EFBC}") = "Assembly-CSharp", "Assembly-CSharp.csproj", "{BDF08F59-189F-EB72-2EB2-8E593072D3F4}"
EndProject
Project("{FAE04EC0-301F-11D3-BF4B-00C04F79EFBC}") = "Unity.Timeline", "Unity.Timeline.csproj", "{FF3B76EE-5E6E-5299-39D8-DB481EBD415F}"
EndProject
Project("{FAE04EC0-301F-11D3-BF4B-00C04F79EFBC}") = "Unity.Services.Core", "Unity.Services.Core.csproj", "{30789382-D0F7-D257-A636-EB0DAF693418}"
EndProject
Project("{FAE04EC0-301F-11D3-BF4B-00C04F79EFBC}") = "Unity.Services.Core.Environments", "Unity.Services.Core.Environments.csproj", "{972A9C84-9A64-06C2-6403-E87EDF163FAA}"
EndProject
Project("{FAE04EC0-301F-11D3-BF4B-00C04F79EFBC}") = "CFXRDemo", "CFXRDemo.csproj", "{277EF701-4ED2-FF70-86E3-8FCCBD9F617C}"
EndProject
Project("{FAE04EC0-301F-11D3-BF4B-00C04F79EFBC}") = "Unity.Services.Core.Internal", "Unity.Services.Core.Internal.csproj", "{86229EF8-3EBA-D4C8-7CDB-EF638C3902FB}"
EndProject
Project("{FAE04EC0-301F-11D3-BF4B-00C04F79EFBC}") = "Unity.Services.Core.Analytics", "Unity.Services.Core.Analytics.csproj", "{484FAB5F-A213-AAFC-B761-A01D8E9DC2FD}"
EndProject
Project("{FAE04EC0-301F-11D3-BF4B-00C04F79EFBC}") = "Unity.Services.Core.Scheduler", "Unity.Services.Core.Scheduler.csproj", "{3537834D-4B3C-B2B7-142F-D8DCCA9AE208}"
EndProject
Project("{FAE04EC0-301F-11D3-BF4B-00C04F79EFBC}") = "Unity.Services.Core.Registration", "Unity.Services.Core.Registration.csproj", "{196A021C-60E9-9134-4817-7595BDD6C48E}"
EndProject
Project("{FAE04EC0-301F-11D3-BF4B-00C04F79EFBC}") = "Unity.Services.Core.Device", "Unity.Services.Core.Device.csproj", "{F5885EC4-059E-6652-1FA6-1C8FFF5122CB}"
EndProject
Project("{FAE04EC0-301F-11D3-BF4B-00C04F79EFBC}") = "CFXRRuntime", "CFXRRuntime.csproj", "{030E8B39-A2BF-767D-49CD-5AC6B0B94484}"
EndProject
Project("{FAE04EC0-301F-11D3-BF4B-00C04F79EFBC}") = "Unity.Services.Core.Threading", "Unity.Services.Core.Threading.csproj", "{F6F57760-987E-C63F-F203-62CC499B2F62}"
EndProject
Project("{FAE04EC0-301F-11D3-BF4B-00C04F79EFBC}") = "Unity.Services.Core.Networking", "Unity.Services.Core.Networking.csproj", "{E7F2AB78-BD87-D468-41B0-4B13EAB57B5B}"
EndProject
Project("{FAE04EC0-301F-11D3-BF4B-00C04F79EFBC}") = "Unity.Services.Core.Configuration", "Unity.Services.Core.Configuration.csproj", "{93F5A4F4-9A0D-61C7-9547-C2E8204DF888}"
EndProject
Project("{FAE04EC0-301F-11D3-BF4B-00C04F79EFBC}") = "KinoBloom.Runtime", "KinoBloom.Runtime.csproj", "{84DF31B4-21B2-792F-370D-421F8471C13A}"
EndProject
Project("{FAE04EC0-301F-11D3-BF4B-00C04F79EFBC}") = "Unity.PlasticSCM.Editor", "Unity.PlasticSCM.Editor.csproj", "{D4B3F0EC-5D37-964E-31D6-A55FA6BF4E8C}"
EndProject
Project("{FAE04EC0-301F-11D3-BF4B-00C04F79EFBC}") = "Unity.VisualScripting.Core.Editor", "Unity.VisualScripting.Core.Editor.csproj", "{0357C21F-3949-3255-3EC0-5C0D9AE5AE61}"
EndProject
Project("{FAE04EC0-301F-11D3-BF4B-00C04F79EFBC}") = "Unity.VisualScripting.Flow.Editor", "Unity.VisualScripting.Flow.Editor.csproj", "{898BDAFC-D7DC-EB93-0A87-CC74306039B1}"
EndProject
Project("{FAE04EC0-301F-11D3-BF4B-00C04F79EFBC}") = "Unity.VisualStudio.Editor", "Unity.VisualStudio.Editor.csproj", "{C523BD79-AC64-3BE1-3F0F-2D805B67E5BF}"
EndProject
Project("{FAE04EC0-301F-11D3-BF4B-00C04F79EFBC}") = "Unity.Timeline.Editor", "Unity.Timeline.Editor.csproj", "{6219EDF1-542B-15CF-44E0-D5BADA402F11}"
EndProject
Project("{FAE04EC0-301F-11D3-BF4B-00C04F79EFBC}") = "Unity.VisualScripting.State.Editor", "Unity.VisualScripting.State.Editor.csproj", "{971E41BD-DDD4-2AED-5944-1D6003C76A37}"
EndProject
Project("{FAE04EC0-301F-11D3-BF4B-00C04F79EFBC}") = "Unity.TextMeshPro.Editor", "Unity.TextMeshPro.Editor.csproj", "{6BE885A4-2CB2-4C0C-EED8-D3AE56620080}"
EndProject
Project("{FAE04EC0-301F-11D3-BF4B-00C04F79EFBC}") = "Unity.VisualScripting.SettingsProvider.Editor", "Unity.VisualScripting.SettingsProvider.Editor.csproj", "{345ECD1C-163C-EA56-DFA6-E8A7A254B54F}"
EndProject
Project("{FAE04EC0-301F-11D3-BF4B-00C04F79EFBC}") = "Unity.CollabProxy.Editor", "Unity.CollabProxy.Editor.csproj", "{44B249AA-8E3B-9ED2-58EC-A6EC1C952120}"
EndProject
Project("{FAE04EC0-301F-11D3-BF4B-00C04F79EFBC}") = "UnityEditor.TestRunner", "UnityEditor.TestRunner.csproj", "{8C355843-BE83-D994-9749-FD6C24C0F563}"
EndProject
Project("{FAE04EC0-301F-11D3-BF4B-00C04F79EFBC}") = "Unity.Services.Core.Editor", "Unity.Services.Core.Editor.csproj", "{A3DEF267-C378-2230-45A0-67FC9F4CA32F}"
EndProject
Project("{FAE04EC0-301F-11D3-BF4B-00C04F79EFBC}") = "Unity.TestTools.CodeCoverage.Editor", "Unity.TestTools.CodeCoverage.Editor.csproj", "{E2758C12-B6BD-CFB2-988D-2997F89BA908}"
EndProject
Project("{FAE04EC0-301F-11D3-BF4B-00C04F79EFBC}") = "Unity.Rider.Editor", "Unity.Rider.Editor.csproj", "{86CE43B0-C9F0-B915-F285-E47D5D96D498}"
EndProject
Project("{FAE04EC0-301F-11D3-BF4B-00C04F79EFBC}") = "Unity.Performance.Profile-Analyzer.Editor", "Unity.Performance.Profile-Analyzer.Editor.csproj", "{0E4A6399-6168-2330-FE95-89F5415FBFED}"
EndProject
Project("{FAE04EC0-301F-11D3-BF4B-00C04F79EFBC}") = "Unity.VSCode.Editor", "Unity.VSCode.Editor.csproj", "{84042132-090B-C631-C020-3423A4105EE0}"
EndProject
Project("{FAE04EC0-301F-11D3-BF4B-00C04F79EFBC}") = "Unity.2D.Sprite.Editor", "Unity.2D.Sprite.Editor.csproj", "{B7FADCDB-D4E8-B112-95EA-808BDFD078D0}"
EndProject
Project("{FAE04EC0-301F-11D3-BF4B-00C04F79EFBC}") = "UnityEditor.UI", "UnityEditor.UI.csproj", "{F29AE0C7-49FE-CD66-D43A-64D3D4846A5F}"
EndProject
Project("{FAE04EC0-301F-11D3-BF4B-00C04F79EFBC}") = "Unity.TestTools.CodeCoverage.Editor.OpenCover.Model", "Unity.TestTools.CodeCoverage.Editor.OpenCover.Model.csproj", "{ADD81D8D-F68B-29EB-5ED1-8F3E18A94E6D}"
EndProject
Project("{FAE04EC0-301F-11D3-BF4B-00C04F79EFBC}") = "Unity.EditorCoroutines.Editor", "Unity.EditorCoroutines.Editor.csproj", "{3963B203-5F62-0A73-8BD9-6B8EAECC97F1}"
EndProject
Project("{FAE04EC0-301F-11D3-BF4B-00C04F79EFBC}") = "CFXREditor", "CFXREditor.csproj", "{C65A1003-8D43-2322-F0C8-DCB8A77E8E5D}"
EndProject
Project("{FAE04EC0-301F-11D3-BF4B-00C04F79EFBC}") = "Unity.Settings.Editor", "Unity.Settings.Editor.csproj", "{2F15812F-9CBF-EB82-3A5C-473B93051BCC}"
EndProject
Project("{FAE04EC0-301F-11D3-BF4B-00C04F79EFBC}") = "Assembly-CSharp-Editor", "Assembly-CSharp-Editor.csproj", "{31DF10EA-3DA2-9CFE-9C93-7CCC2F37A448}"
EndProject
Project("{FAE04EC0-301F-11D3-BF4B-00C04F79EFBC}") = "Unity.Services.Core.Configuration.Editor", "Unity.Services.Core.Configuration.Editor.csproj", "{27F9FB26-F4E3-A764-7BDF-76AB2D8F8A5B}"
EndProject
Project("{FAE04EC0-301F-11D3-BF4B-00C04F79EFBC}") = "Unity.TestTools.CodeCoverage.Editor.OpenCover.Mono.Reflection", "Unity.TestTools.CodeCoverage.Editor.OpenCover.Mono.Reflection.csproj", "{DBDA7BAD-972A-C061-2EE0-C493D27418AA}"
EndProject
Project("{FAE04EC0-301F-11D3-BF4B-00C04F79EFBC}") = "Unity.VisualScripting.Shared.Editor", "Unity.VisualScripting.Shared.Editor.csproj", "{94E791A4-6E3D-0F73-6A79-A77095E31A29}"
EndProject
Project("{FAE04EC0-301F-11D3-BF4B-00C04F79EFBC}") = "CFXR.WelcomeScreen", "CFXR.WelcomeScreen.csproj", "{13197AC1-F5F0-8C5E-435E-31F3D5B8B7B0}"
EndProject
Project("{FAE04EC0-301F-11D3-BF4B-00C04F79EFBC}") = "ToonyColorsPro.Demo.Editor", "ToonyColorsPro.Demo.Editor.csproj", "{1A2061B0-1B46-0CE7-0282-24F37A9C4BE8}"
EndProject
Global
	GlobalSection(SolutionConfigurationPlatforms) = preSolution
		Debug|Any CPU = Debug|Any CPU
		Release|Any CPU = Release|Any CPU
	EndGlobalSection
	GlobalSection(ProjectConfigurationPlatforms) = postSolution
		{DE209806-91B7-302A-6841-47F25E8B394B}.Debug|Any CPU.ActiveCfg = Debug|Any CPU
		{DE209806-91B7-302A-6841-47F25E8B394B}.Debug|Any CPU.Build.0 = Debug|Any CPU
		{DE209806-91B7-302A-6841-47F25E8B394B}.Release|Any CPU.ActiveCfg = Release|Any CPU
		{DE209806-91B7-302A-6841-47F25E8B394B}.Release|Any CPU.Build.0 = Release|Any CPU
		{B9D15089-B747-5E57-9A55-31CB381A7E54}.Debug|Any CPU.ActiveCfg = Debug|Any CPU
		{B9D15089-B747-5E57-9A55-31CB381A7E54}.Debug|Any CPU.Build.0 = Debug|Any CPU
		{B9D15089-B747-5E57-9A55-31CB381A7E54}.Release|Any CPU.ActiveCfg = Release|Any CPU
		{B9D15089-B747-5E57-9A55-31CB381A7E54}.Release|Any CPU.Build.0 = Release|Any CPU
		{49E2A615-C4D3-D0A6-E3FF-7F06E483DEA6}.Debug|Any CPU.ActiveCfg = Debug|Any CPU
		{49E2A615-C4D3-D0A6-E3FF-7F06E483DEA6}.Debug|Any CPU.Build.0 = Debug|Any CPU
		{49E2A615-C4D3-D0A6-E3FF-7F06E483DEA6}.Release|Any CPU.ActiveCfg = Release|Any CPU
		{49E2A615-C4D3-D0A6-E3FF-7F06E483DEA6}.Release|Any CPU.Build.0 = Release|Any CPU
		{0CA392B6-2F82-0C1E-38AA-4F388768E85D}.Debug|Any CPU.ActiveCfg = Debug|Any CPU
		{0CA392B6-2F82-0C1E-38AA-4F388768E85D}.Debug|Any CPU.Build.0 = Debug|Any CPU
		{0CA392B6-2F82-0C1E-38AA-4F388768E85D}.Release|Any CPU.ActiveCfg = Release|Any CPU
		{0CA392B6-2F82-0C1E-38AA-4F388768E85D}.Release|Any CPU.Build.0 = Release|Any CPU
		{DECA5F70-D320-A2B6-D32B-EBE027C8848D}.Debug|Any CPU.ActiveCfg = Debug|Any CPU
		{DECA5F70-D320-A2B6-D32B-EBE027C8848D}.Debug|Any CPU.Build.0 = Debug|Any CPU
		{DECA5F70-D320-A2B6-D32B-EBE027C8848D}.Release|Any CPU.ActiveCfg = Release|Any CPU
		{DECA5F70-D320-A2B6-D32B-EBE027C8848D}.Release|Any CPU.Build.0 = Release|Any CPU
		{A77A6480-469D-CC0B-F747-0E43E722D3C7}.Debug|Any CPU.ActiveCfg = Debug|Any CPU
		{A77A6480-469D-CC0B-F747-0E43E722D3C7}.Debug|Any CPU.Build.0 = Debug|Any CPU
		{A77A6480-469D-CC0B-F747-0E43E722D3C7}.Release|Any CPU.ActiveCfg = Release|Any CPU
		{A77A6480-469D-CC0B-F747-0E43E722D3C7}.Release|Any CPU.Build.0 = Release|Any CPU
		{D51CE21E-3EBD-C367-4C7C-2E94BAC439C0}.Debug|Any CPU.ActiveCfg = Debug|Any CPU
		{D51CE21E-3EBD-C367-4C7C-2E94BAC439C0}.Debug|Any CPU.Build.0 = Debug|Any CPU
		{D51CE21E-3EBD-C367-4C7C-2E94BAC439C0}.Release|Any CPU.ActiveCfg = Release|Any CPU
		{D51CE21E-3EBD-C367-4C7C-2E94BAC439C0}.Release|Any CPU.Build.0 = Release|Any CPU
		{4D67B328-1212-40CC-92A3-04B557159013}.Debug|Any CPU.ActiveCfg = Debug|Any CPU
		{4D67B328-1212-40CC-92A3-04B557159013}.Debug|Any CPU.Build.0 = Debug|Any CPU
		{4D67B328-1212-40CC-92A3-04B557159013}.Release|Any CPU.ActiveCfg = Release|Any CPU
		{4D67B328-1212-40CC-92A3-04B557159013}.Release|Any CPU.Build.0 = Release|Any CPU
		{BDF08F59-189F-EB72-2EB2-8E593072D3F4}.Debug|Any CPU.ActiveCfg = Debug|Any CPU
		{BDF08F59-189F-EB72-2EB2-8E593072D3F4}.Debug|Any CPU.Build.0 = Debug|Any CPU
		{BDF08F59-189F-EB72-2EB2-8E593072D3F4}.Release|Any CPU.ActiveCfg = Release|Any CPU
		{BDF08F59-189F-EB72-2EB2-8E593072D3F4}.Release|Any CPU.Build.0 = Release|Any CPU
		{FF3B76EE-5E6E-5299-39D8-DB481EBD415F}.Debug|Any CPU.ActiveCfg = Debug|Any CPU
		{FF3B76EE-5E6E-5299-39D8-DB481EBD415F}.Debug|Any CPU.Build.0 = Debug|Any CPU
		{FF3B76EE-5E6E-5299-39D8-DB481EBD415F}.Release|Any CPU.ActiveCfg = Release|Any CPU
		{FF3B76EE-5E6E-5299-39D8-DB481EBD415F}.Release|Any CPU.Build.0 = Release|Any CPU
		{30789382-D0F7-D257-A636-EB0DAF693418}.Debug|Any CPU.ActiveCfg = Debug|Any CPU
		{30789382-D0F7-D257-A636-EB0DAF693418}.Debug|Any CPU.Build.0 = Debug|Any CPU
		{30789382-D0F7-D257-A636-EB0DAF693418}.Release|Any CPU.ActiveCfg = Release|Any CPU
		{30789382-D0F7-D257-A636-EB0DAF693418}.Release|Any CPU.Build.0 = Release|Any CPU
		{972A9C84-9A64-06C2-6403-E87EDF163FAA}.Debug|Any CPU.ActiveCfg = Debug|Any CPU
		{972A9C84-9A64-06C2-6403-E87EDF163FAA}.Debug|Any CPU.Build.0 = Debug|Any CPU
		{972A9C84-9A64-06C2-6403-E87EDF163FAA}.Release|Any CPU.ActiveCfg = Release|Any CPU
		{972A9C84-9A64-06C2-6403-E87EDF163FAA}.Release|Any CPU.Build.0 = Release|Any CPU
		{277EF701-4ED2-FF70-86E3-8FCCBD9F617C}.Debug|Any CPU.ActiveCfg = Debug|Any CPU
		{277EF701-4ED2-FF70-86E3-8FCCBD9F617C}.Debug|Any CPU.Build.0 = Debug|Any CPU
		{277EF701-4ED2-FF70-86E3-8FCCBD9F617C}.Release|Any CPU.ActiveCfg = Release|Any CPU
		{277EF701-4ED2-FF70-86E3-8FCCBD9F617C}.Release|Any CPU.Build.0 = Release|Any CPU
		{86229EF8-3EBA-D4C8-7CDB-EF638C3902FB}.Debug|Any CPU.ActiveCfg = Debug|Any CPU
		{86229EF8-3EBA-D4C8-7CDB-EF638C3902FB}.Debug|Any CPU.Build.0 = Debug|Any CPU
		{86229EF8-3EBA-D4C8-7CDB-EF638C3902FB}.Release|Any CPU.ActiveCfg = Release|Any CPU
		{86229EF8-3EBA-D4C8-7CDB-EF638C3902FB}.Release|Any CPU.Build.0 = Release|Any CPU
		{484FAB5F-A213-AAFC-B761-A01D8E9DC2FD}.Debug|Any CPU.ActiveCfg = Debug|Any CPU
		{484FAB5F-A213-AAFC-B761-A01D8E9DC2FD}.Debug|Any CPU.Build.0 = Debug|Any CPU
		{484FAB5F-A213-AAFC-B761-A01D8E9DC2FD}.Release|Any CPU.ActiveCfg = Release|Any CPU
		{484FAB5F-A213-AAFC-B761-A01D8E9DC2FD}.Release|Any CPU.Build.0 = Release|Any CPU
		{3537834D-4B3C-B2B7-142F-D8DCCA9AE208}.Debug|Any CPU.ActiveCfg = Debug|Any CPU
		{3537834D-4B3C-B2B7-142F-D8DCCA9AE208}.Debug|Any CPU.Build.0 = Debug|Any CPU
		{3537834D-4B3C-B2B7-142F-D8DCCA9AE208}.Release|Any CPU.ActiveCfg = Release|Any CPU
		{3537834D-4B3C-B2B7-142F-D8DCCA9AE208}.Release|Any CPU.Build.0 = Release|Any CPU
		{196A021C-60E9-9134-4817-7595BDD6C48E}.Debug|Any CPU.ActiveCfg = Debug|Any CPU
		{196A021C-60E9-9134-4817-7595BDD6C48E}.Debug|Any CPU.Build.0 = Debug|Any CPU
		{196A021C-60E9-9134-4817-7595BDD6C48E}.Release|Any CPU.ActiveCfg = Release|Any CPU
		{196A021C-60E9-9134-4817-7595BDD6C48E}.Release|Any CPU.Build.0 = Release|Any CPU
		{F5885EC4-059E-6652-1FA6-1C8FFF5122CB}.Debug|Any CPU.ActiveCfg = Debug|Any CPU
		{F5885EC4-059E-6652-1FA6-1C8FFF5122CB}.Debug|Any CPU.Build.0 = Debug|Any CPU
		{F5885EC4-059E-6652-1FA6-1C8FFF5122CB}.Release|Any CPU.ActiveCfg = Release|Any CPU
		{F5885EC4-059E-6652-1FA6-1C8FFF5122CB}.Release|Any CPU.Build.0 = Release|Any CPU
		{030E8B39-A2BF-767D-49CD-5AC6B0B94484}.Debug|Any CPU.ActiveCfg = Debug|Any CPU
		{030E8B39-A2BF-767D-49CD-5AC6B0B94484}.Debug|Any CPU.Build.0 = Debug|Any CPU
		{030E8B39-A2BF-767D-49CD-5AC6B0B94484}.Release|Any CPU.ActiveCfg = Release|Any CPU
		{030E8B39-A2BF-767D-49CD-5AC6B0B94484}.Release|Any CPU.Build.0 = Release|Any CPU
		{F6F57760-987E-C63F-F203-62CC499B2F62}.Debug|Any CPU.ActiveCfg = Debug|Any CPU
		{F6F57760-987E-C63F-F203-62CC499B2F62}.Debug|Any CPU.Build.0 = Debug|Any CPU
		{F6F57760-987E-C63F-F203-62CC499B2F62}.Release|Any CPU.ActiveCfg = Release|Any CPU
		{F6F57760-987E-C63F-F203-62CC499B2F62}.Release|Any CPU.Build.0 = Release|Any CPU
		{E7F2AB78-BD87-D468-41B0-4B13EAB57B5B}.Debug|Any CPU.ActiveCfg = Debug|Any CPU
		{E7F2AB78-BD87-D468-41B0-4B13EAB57B5B}.Debug|Any CPU.Build.0 = Debug|Any CPU
		{E7F2AB78-BD87-D468-41B0-4B13EAB57B5B}.Release|Any CPU.ActiveCfg = Release|Any CPU
		{E7F2AB78-BD87-D468-41B0-4B13EAB57B5B}.Release|Any CPU.Build.0 = Release|Any CPU
		{93F5A4F4-9A0D-61C7-9547-C2E8204DF888}.Debug|Any CPU.ActiveCfg = Debug|Any CPU
		{93F5A4F4-9A0D-61C7-9547-C2E8204DF888}.Debug|Any CPU.Build.0 = Debug|Any CPU
		{93F5A4F4-9A0D-61C7-9547-C2E8204DF888}.Release|Any CPU.ActiveCfg = Release|Any CPU
		{93F5A4F4-9A0D-61C7-9547-C2E8204DF888}.Release|Any CPU.Build.0 = Release|Any CPU
		{84DF31B4-21B2-792F-370D-421F8471C13A}.Debug|Any CPU.ActiveCfg = Debug|Any CPU
		{84DF31B4-21B2-792F-370D-421F8471C13A}.Debug|Any CPU.Build.0 = Debug|Any CPU
		{84DF31B4-21B2-792F-370D-421F8471C13A}.Release|Any CPU.ActiveCfg = Release|Any CPU
		{84DF31B4-21B2-792F-370D-421F8471C13A}.Release|Any CPU.Build.0 = Release|Any CPU
		{D4B3F0EC-5D37-964E-31D6-A55FA6BF4E8C}.Debug|Any CPU.ActiveCfg = Debug|Any CPU
		{D4B3F0EC-5D37-964E-31D6-A55FA6BF4E8C}.Debug|Any CPU.Build.0 = Debug|Any CPU
		{D4B3F0EC-5D37-964E-31D6-A55FA6BF4E8C}.Release|Any CPU.ActiveCfg = Release|Any CPU
		{D4B3F0EC-5D37-964E-31D6-A55FA6BF4E8C}.Release|Any CPU.Build.0 = Release|Any CPU
		{0357C21F-3949-3255-3EC0-5C0D9AE5AE61}.Debug|Any CPU.ActiveCfg = Debug|Any CPU
		{0357C21F-3949-3255-3EC0-5C0D9AE5AE61}.Debug|Any CPU.Build.0 = Debug|Any CPU
		{0357C21F-3949-3255-3EC0-5C0D9AE5AE61}.Release|Any CPU.ActiveCfg = Release|Any CPU
		{0357C21F-3949-3255-3EC0-5C0D9AE5AE61}.Release|Any CPU.Build.0 = Release|Any CPU
		{898BDAFC-D7DC-EB93-0A87-CC74306039B1}.Debug|Any CPU.ActiveCfg = Debug|Any CPU
		{898BDAFC-D7DC-EB93-0A87-CC74306039B1}.Debug|Any CPU.Build.0 = Debug|Any CPU
		{898BDAFC-D7DC-EB93-0A87-CC74306039B1}.Release|Any CPU.ActiveCfg = Release|Any CPU
		{898BDAFC-D7DC-EB93-0A87-CC74306039B1}.Release|Any CPU.Build.0 = Release|Any CPU
		{C523BD79-AC64-3BE1-3F0F-2D805B67E5BF}.Debug|Any CPU.ActiveCfg = Debug|Any CPU
		{C523BD79-AC64-3BE1-3F0F-2D805B67E5BF}.Debug|Any CPU.Build.0 = Debug|Any CPU
		{C523BD79-AC64-3BE1-3F0F-2D805B67E5BF}.Release|Any CPU.ActiveCfg = Release|Any CPU
		{C523BD79-AC64-3BE1-3F0F-2D805B67E5BF}.Release|Any CPU.Build.0 = Release|Any CPU
		{6219EDF1-542B-15CF-44E0-D5BADA402F11}.Debug|Any CPU.ActiveCfg = Debug|Any CPU
		{6219EDF1-542B-15CF-44E0-D5BADA402F11}.Debug|Any CPU.Build.0 = Debug|Any CPU
		{6219EDF1-542B-15CF-44E0-D5BADA402F11}.Release|Any CPU.ActiveCfg = Release|Any CPU
		{6219EDF1-542B-15CF-44E0-D5BADA402F11}.Release|Any CPU.Build.0 = Release|Any CPU
		{971E41BD-DDD4-2AED-5944-1D6003C76A37}.Debug|Any CPU.ActiveCfg = Debug|Any CPU
		{971E41BD-DDD4-2AED-5944-1D6003C76A37}.Debug|Any CPU.Build.0 = Debug|Any CPU
		{971E41BD-DDD4-2AED-5944-1D6003C76A37}.Release|Any CPU.ActiveCfg = Release|Any CPU
		{971E41BD-DDD4-2AED-5944-1D6003C76A37}.Release|Any CPU.Build.0 = Release|Any CPU
		{6BE885A4-2CB2-4C0C-EED8-D3AE56620080}.Debug|Any CPU.ActiveCfg = Debug|Any CPU
		{6BE885A4-2CB2-4C0C-EED8-D3AE56620080}.Debug|Any CPU.Build.0 = Debug|Any CPU
		{6BE885A4-2CB2-4C0C-EED8-D3AE56620080}.Release|Any CPU.ActiveCfg = Release|Any CPU
		{6BE885A4-2CB2-4C0C-EED8-D3AE56620080}.Release|Any CPU.Build.0 = Release|Any CPU
		{345ECD1C-163C-EA56-DFA6-E8A7A254B54F}.Debug|Any CPU.ActiveCfg = Debug|Any CPU
		{345ECD1C-163C-EA56-DFA6-E8A7A254B54F}.Debug|Any CPU.Build.0 = Debug|Any CPU
		{345ECD1C-163C-EA56-DFA6-E8A7A254B54F}.Release|Any CPU.ActiveCfg = Release|Any CPU
		{345ECD1C-163C-EA56-DFA6-E8A7A254B54F}.Release|Any CPU.Build.0 = Release|Any CPU
		{44B249AA-8E3B-9ED2-58EC-A6EC1C952120}.Debug|Any CPU.ActiveCfg = Debug|Any CPU
		{44B249AA-8E3B-9ED2-58EC-A6EC1C952120}.Debug|Any CPU.Build.0 = Debug|Any CPU
		{44B249AA-8E3B-9ED2-58EC-A6EC1C952120}.Release|Any CPU.ActiveCfg = Release|Any CPU
		{44B249AA-8E3B-9ED2-58EC-A6EC1C952120}.Release|Any CPU.Build.0 = Release|Any CPU
		{8C355843-BE83-D994-9749-FD6C24C0F563}.Debug|Any CPU.ActiveCfg = Debug|Any CPU
		{8C355843-BE83-D994-9749-FD6C24C0F563}.Debug|Any CPU.Build.0 = Debug|Any CPU
		{8C355843-BE83-D994-9749-FD6C24C0F563}.Release|Any CPU.ActiveCfg = Release|Any CPU
		{8C355843-BE83-D994-9749-FD6C24C0F563}.Release|Any CPU.Build.0 = Release|Any CPU
		{A3DEF267-C378-2230-45A0-67FC9F4CA32F}.Debug|Any CPU.ActiveCfg = Debug|Any CPU
		{A3DEF267-C378-2230-45A0-67FC9F4CA32F}.Debug|Any CPU.Build.0 = Debug|Any CPU
		{A3DEF267-C378-2230-45A0-67FC9F4CA32F}.Release|Any CPU.ActiveCfg = Release|Any CPU
		{A3DEF267-C378-2230-45A0-67FC9F4CA32F}.Release|Any CPU.Build.0 = Release|Any CPU
		{E2758C12-B6BD-CFB2-988D-2997F89BA908}.Debug|Any CPU.ActiveCfg = Debug|Any CPU
		{E2758C12-B6BD-CFB2-988D-2997F89BA908}.Debug|Any CPU.Build.0 = Debug|Any CPU
		{E2758C12-B6BD-CFB2-988D-2997F89BA908}.Release|Any CPU.ActiveCfg = Release|Any CPU
		{E2758C12-B6BD-CFB2-988D-2997F89BA908}.Release|Any CPU.Build.0 = Release|Any CPU
		{86CE43B0-C9F0-B915-F285-E47D5D96D498}.Debug|Any CPU.ActiveCfg = Debug|Any CPU
		{86CE43B0-C9F0-B915-F285-E47D5D96D498}.Debug|Any CPU.Build.0 = Debug|Any CPU
		{86CE43B0-C9F0-B915-F285-E47D5D96D498}.Release|Any CPU.ActiveCfg = Release|Any CPU
		{86CE43B0-C9F0-B915-F285-E47D5D96D498}.Release|Any CPU.Build.0 = Release|Any CPU
		{0E4A6399-6168-2330-FE95-89F5415FBFED}.Debug|Any CPU.ActiveCfg = Debug|Any CPU
		{0E4A6399-6168-2330-FE95-89F5415FBFED}.Debug|Any CPU.Build.0 = Debug|Any CPU
		{0E4A6399-6168-2330-FE95-89F5415FBFED}.Release|Any CPU.ActiveCfg = Release|Any CPU
		{0E4A6399-6168-2330-FE95-89F5415FBFED}.Release|Any CPU.Build.0 = Release|Any CPU
		{84042132-090B-C631-C020-3423A4105EE0}.Debug|Any CPU.ActiveCfg = Debug|Any CPU
		{84042132-090B-C631-C020-3423A4105EE0}.Debug|Any CPU.Build.0 = Debug|Any CPU
		{84042132-090B-C631-C020-3423A4105EE0}.Release|Any CPU.ActiveCfg = Release|Any CPU
		{84042132-090B-C631-C020-3423A4105EE0}.Release|Any CPU.Build.0 = Release|Any CPU
		{B7FADCDB-D4E8-B112-95EA-808BDFD078D0}.Debug|Any CPU.ActiveCfg = Debug|Any CPU
		{B7FADCDB-D4E8-B112-95EA-808BDFD078D0}.Debug|Any CPU.Build.0 = Debug|Any CPU
		{B7FADCDB-D4E8-B112-95EA-808BDFD078D0}.Release|Any CPU.ActiveCfg = Release|Any CPU
		{B7FADCDB-D4E8-B112-95EA-808BDFD078D0}.Release|Any CPU.Build.0 = Release|Any CPU
		{F29AE0C7-49FE-CD66-D43A-64D3D4846A5F}.Debug|Any CPU.ActiveCfg = Debug|Any CPU
		{F29AE0C7-49FE-CD66-D43A-64D3D4846A5F}.Debug|Any CPU.Build.0 = Debug|Any CPU
		{F29AE0C7-49FE-CD66-D43A-64D3D4846A5F}.Release|Any CPU.ActiveCfg = Release|Any CPU
		{F29AE0C7-49FE-CD66-D43A-64D3D4846A5F}.Release|Any CPU.Build.0 = Release|Any CPU
		{ADD81D8D-F68B-29EB-5ED1-8F3E18A94E6D}.Debug|Any CPU.ActiveCfg = Debug|Any CPU
		{ADD81D8D-F68B-29EB-5ED1-8F3E18A94E6D}.Debug|Any CPU.Build.0 = Debug|Any CPU
		{ADD81D8D-F68B-29EB-5ED1-8F3E18A94E6D}.Release|Any CPU.ActiveCfg = Release|Any CPU
		{ADD81D8D-F68B-29EB-5ED1-8F3E18A94E6D}.Release|Any CPU.Build.0 = Release|Any CPU
		{3963B203-5F62-0A73-8BD9-6B8EAECC97F1}.Debug|Any CPU.ActiveCfg = Debug|Any CPU
		{3963B203-5F62-0A73-8BD9-6B8EAECC97F1}.Debug|Any CPU.Build.0 = Debug|Any CPU
		{3963B203-5F62-0A73-8BD9-6B8EAECC97F1}.Release|Any CPU.ActiveCfg = Release|Any CPU
		{3963B203-5F62-0A73-8BD9-6B8EAECC97F1}.Release|Any CPU.Build.0 = Release|Any CPU
		{C65A1003-8D43-2322-F0C8-DCB8A77E8E5D}.Debug|Any CPU.ActiveCfg = Debug|Any CPU
		{C65A1003-8D43-2322-F0C8-DCB8A77E8E5D}.Debug|Any CPU.Build.0 = Debug|Any CPU
		{C65A1003-8D43-2322-F0C8-DCB8A77E8E5D}.Release|Any CPU.ActiveCfg = Release|Any CPU
		{C65A1003-8D43-2322-F0C8-DCB8A77E8E5D}.Release|Any CPU.Build.0 = Release|Any CPU
		{2F15812F-9CBF-EB82-3A5C-473B93051BCC}.Debug|Any CPU.ActiveCfg = Debug|Any CPU
		{2F15812F-9CBF-EB82-3A5C-473B93051BCC}.Debug|Any CPU.Build.0 = Debug|Any CPU
		{2F15812F-9CBF-EB82-3A5C-473B93051BCC}.Release|Any CPU.ActiveCfg = Release|Any CPU
		{2F15812F-9CBF-EB82-3A5C-473B93051BCC}.Release|Any CPU.Build.0 = Release|Any CPU
		{31DF10EA-3DA2-9CFE-9C93-7CCC2F37A448}.Debug|Any CPU.ActiveCfg = Debug|Any CPU
		{31DF10EA-3DA2-9CFE-9C93-7CCC2F37A448}.Debug|Any CPU.Build.0 = Debug|Any CPU
		{31DF10EA-3DA2-9CFE-9C93-7CCC2F37A448}.Release|Any CPU.ActiveCfg = Release|Any CPU
		{31DF10EA-3DA2-9CFE-9C93-7CCC2F37A448}.Release|Any CPU.Build.0 = Release|Any CPU
		{27F9FB26-F4E3-A764-7BDF-76AB2D8F8A5B}.Debug|Any CPU.ActiveCfg = Debug|Any CPU
		{27F9FB26-F4E3-A764-7BDF-76AB2D8F8A5B}.Debug|Any CPU.Build.0 = Debug|Any CPU
		{27F9FB26-F4E3-A764-7BDF-76AB2D8F8A5B}.Release|Any CPU.ActiveCfg = Release|Any CPU
		{27F9FB26-F4E3-A764-7BDF-76AB2D8F8A5B}.Release|Any CPU.Build.0 = Release|Any CPU
		{DBDA7BAD-972A-C061-2EE0-C493D27418AA}.Debug|Any CPU.ActiveCfg = Debug|Any CPU
		{DBDA7BAD-972A-C061-2EE0-C493D27418AA}.Debug|Any CPU.Build.0 = Debug|Any CPU
		{DBDA7BAD-972A-C061-2EE0-C493D27418AA}.Release|Any CPU.ActiveCfg = Release|Any CPU
		{DBDA7BAD-972A-C061-2EE0-C493D27418AA}.Release|Any CPU.Build.0 = Release|Any CPU
		{94E791A4-6E3D-0F73-6A79-A77095E31A29}.Debug|Any CPU.ActiveCfg = Debug|Any CPU
		{94E791A4-6E3D-0F73-6A79-A77095E31A29}.Debug|Any CPU.Build.0 = Debug|Any CPU
		{94E791A4-6E3D-0F73-6A79-A77095E31A29}.Release|Any CPU.ActiveCfg = Release|Any CPU
		{94E791A4-6E3D-0F73-6A79-A77095E31A29}.Release|Any CPU.Build.0 = Release|Any CPU
		{13197AC1-F5F0-8C5E-435E-31F3D5B8B7B0}.Debug|Any CPU.ActiveCfg = Debug|Any CPU
		{13197AC1-F5F0-8C5E-435E-31F3D5B8B7B0}.Debug|Any CPU.Build.0 = Debug|Any CPU
		{13197AC1-F5F0-8C5E-435E-31F3D5B8B7B0}.Release|Any CPU.ActiveCfg = Release|Any CPU
		{13197AC1-F5F0-8C5E-435E-31F3D5B8B7B0}.Release|Any CPU.Build.0 = Release|Any CPU
		{1A2061B0-1B46-0CE7-0282-24F37A9C4BE8}.Debug|Any CPU.ActiveCfg = Debug|Any CPU
		{1A2061B0-1B46-0CE7-0282-24F37A9C4BE8}.Debug|Any CPU.Build.0 = Debug|Any CPU
		{1A2061B0-1B46-0CE7-0282-24F37A9C4BE8}.Release|Any CPU.ActiveCfg = Release|Any CPU
		{1A2061B0-1B46-0CE7-0282-24F37A9C4BE8}.Release|Any CPU.Build.0 = Release|Any CPU
	EndGlobalSection
	GlobalSection(SolutionProperties) = preSolution
		HideSolutionNode = FALSE
	EndGlobalSection
EndGlobal
