
Microsoft Visual Studio Solution File, Format Version 12.00
# Visual Studio 15
Project("{FAE04EC0-301F-11D3-BF4B-00C04F79EFBC}") = "Assembly-CSharp", "Assembly-CSharp.csproj", "{60F5F775-563B-0B78-B175-53512FFDAA33}"
EndProject
Project("{FAE04EC0-301F-11D3-BF4B-00C04F79EFBC}") = "CFXRDemo", "CFXRDemo.csproj", "{88C6FEA6-8BA5-3E06-8810-F3E67BE71EF6}"
EndProject
Project("{FAE04EC0-301F-11D3-BF4B-00C04F79EFBC}") = "CFXRRuntime", "CFXRRuntime.csproj", "{54B0A0BE-BE09-3B7B-0582-59ECCCBBA46E}"
EndProject
Project("{FAE04EC0-301F-11D3-BF4B-00C04F79EFBC}") = "KinoBloom.Runtime", "KinoBloom.Runtime.csproj", "{639FF6C1-166E-44C4-73AC-4C3B202B6E1C}"
EndProject
Project("{FAE04EC0-301F-11D3-BF4B-00C04F79EFBC}") = "CFXREditor", "CFXREditor.csproj", "{6607D09E-935E-D375-79FB-4D09FBDDC2C4}"
EndProject
Project("{FAE04EC0-301F-11D3-BF4B-00C04F79EFBC}") = "Assembly-CSharp-Editor", "Assembly-CSharp-Editor.csproj", "{601DC8C3-073A-2D0A-F753-9C838039CCFA}"
EndProject
Project("{FAE04EC0-301F-11D3-BF4B-00C04F79EFBC}") = "CFXR.WelcomeScreen", "CFXR.WelcomeScreen.csproj", "{086B3FE7-06E5-00F7-A614-1B4BA53DC32B}"
EndProject
Project("{FAE04EC0-301F-11D3-BF4B-00C04F79EFBC}") = "ToonyColorsPro.Demo.Editor", "ToonyColorsPro.Demo.Editor.csproj", "{A7BDBE19-A46D-3B21-9D7E-6BD16404BDC1}"
EndProject
Global
	GlobalSection(SolutionConfigurationPlatforms) = preSolution
		Debug|Any CPU = Debug|Any CPU
		Release|Any CPU = Release|Any CPU
	EndGlobalSection
	GlobalSection(ProjectConfigurationPlatforms) = postSolution
		{60F5F775-563B-0B78-B175-53512FFDAA33}.Debug|Any CPU.ActiveCfg = Debug|Any CPU
		{60F5F775-563B-0B78-B175-53512FFDAA33}.Debug|Any CPU.Build.0 = Debug|Any CPU
		{60F5F775-563B-0B78-B175-53512FFDAA33}.Release|Any CPU.ActiveCfg = Release|Any CPU
		{60F5F775-563B-0B78-B175-53512FFDAA33}.Release|Any CPU.Build.0 = Release|Any CPU
		{88C6FEA6-8BA5-3E06-8810-F3E67BE71EF6}.Debug|Any CPU.ActiveCfg = Debug|Any CPU
		{88C6FEA6-8BA5-3E06-8810-F3E67BE71EF6}.Debug|Any CPU.Build.0 = Debug|Any CPU
		{88C6FEA6-8BA5-3E06-8810-F3E67BE71EF6}.Release|Any CPU.ActiveCfg = Release|Any CPU
		{88C6FEA6-8BA5-3E06-8810-F3E67BE71EF6}.Release|Any CPU.Build.0 = Release|Any CPU
		{54B0A0BE-BE09-3B7B-0582-59ECCCBBA46E}.Debug|Any CPU.ActiveCfg = Debug|Any CPU
		{54B0A0BE-BE09-3B7B-0582-59ECCCBBA46E}.Debug|Any CPU.Build.0 = Debug|Any CPU
		{54B0A0BE-BE09-3B7B-0582-59ECCCBBA46E}.Release|Any CPU.ActiveCfg = Release|Any CPU
		{54B0A0BE-BE09-3B7B-0582-59ECCCBBA46E}.Release|Any CPU.Build.0 = Release|Any CPU
		{639FF6C1-166E-44C4-73AC-4C3B202B6E1C}.Debug|Any CPU.ActiveCfg = Debug|Any CPU
		{639FF6C1-166E-44C4-73AC-4C3B202B6E1C}.Debug|Any CPU.Build.0 = Debug|Any CPU
		{639FF6C1-166E-44C4-73AC-4C3B202B6E1C}.Release|Any CPU.ActiveCfg = Release|Any CPU
		{639FF6C1-166E-44C4-73AC-4C3B202B6E1C}.Release|Any CPU.Build.0 = Release|Any CPU
		{6607D09E-935E-D375-79FB-4D09FBDDC2C4}.Debug|Any CPU.ActiveCfg = Debug|Any CPU
		{6607D09E-935E-D375-79FB-4D09FBDDC2C4}.Debug|Any CPU.Build.0 = Debug|Any CPU
		{6607D09E-935E-D375-79FB-4D09FBDDC2C4}.Release|Any CPU.ActiveCfg = Release|Any CPU
		{6607D09E-935E-D375-79FB-4D09FBDDC2C4}.Release|Any CPU.Build.0 = Release|Any CPU
		{601DC8C3-073A-2D0A-F753-9C838039CCFA}.Debug|Any CPU.ActiveCfg = Debug|Any CPU
		{601DC8C3-073A-2D0A-F753-9C838039CCFA}.Debug|Any CPU.Build.0 = Debug|Any CPU
		{601DC8C3-073A-2D0A-F753-9C838039CCFA}.Release|Any CPU.ActiveCfg = Release|Any CPU
		{601DC8C3-073A-2D0A-F753-9C838039CCFA}.Release|Any CPU.Build.0 = Release|Any CPU
		{086B3FE7-06E5-00F7-A614-1B4BA53DC32B}.Debug|Any CPU.ActiveCfg = Debug|Any CPU
		{086B3FE7-06E5-00F7-A614-1B4BA53DC32B}.Debug|Any CPU.Build.0 = Debug|Any CPU
		{086B3FE7-06E5-00F7-A614-1B4BA53DC32B}.Release|Any CPU.ActiveCfg = Release|Any CPU
		{086B3FE7-06E5-00F7-A614-1B4BA53DC32B}.Release|Any CPU.Build.0 = Release|Any CPU
		{A7BDBE19-A46D-3B21-9D7E-6BD16404BDC1}.Debug|Any CPU.ActiveCfg = Debug|Any CPU
		{A7BDBE19-A46D-3B21-9D7E-6BD16404BDC1}.Debug|Any CPU.Build.0 = Debug|Any CPU
		{A7BDBE19-A46D-3B21-9D7E-6BD16404BDC1}.Release|Any CPU.ActiveCfg = Release|Any CPU
		{A7BDBE19-A46D-3B21-9D7E-6BD16404BDC1}.Release|Any CPU.Build.0 = Release|Any CPU
	EndGlobalSection
	GlobalSection(SolutionProperties) = preSolution
		HideSolutionNode = FALSE
	EndGlobalSection
EndGlobal
