
Microsoft Visual Studio Solution File, Format Version 12.00
# Visual Studio 15
Project("{FAE04EC0-301F-11D3-BF4B-00C04F79EFBC}") = "UnityEngine.UI", "UnityEngine.UI.csproj", "{BB55AFA2-D84C-D207-8972-35F2E0E99237}"
EndProject
Project("{FAE04EC0-301F-11D3-BF4B-00C04F79EFBC}") = "UnityEngine.TestRunner", "UnityEngine.TestRunner.csproj", "{737B592C-11AC-1797-080E-974A6096C894}"
EndProject
Project("{FAE04EC0-301F-11D3-BF4B-00C04F79EFBC}") = "Unity.VisualScripting.Flow", "Unity.VisualScripting.Flow.csproj", "{89FED8A9-ECDB-DBD2-1C1D-46E043432D60}"
EndProject
Project("{FAE04EC0-301F-11D3-BF4B-00C04F79EFBC}") = "Unity.Services.Core.Telemetry", "Unity.Services.Core.Telemetry.csproj", "{13CCBD84-44C0-9A42-1DE9-59A9A312BF9E}"
EndProject
Project("{FAE04EC0-301F-11D3-BF4B-00C04F79EFBC}") = "Unity.VisualScripting.State", "Unity.VisualScripting.State.csproj", "{FF08D2E4-FDAB-CD71-7502-288A093BC941}"
EndProject
Project("{FAE04EC0-301F-11D3-BF4B-00C04F79EFBC}") = "Unity.VisualScripting.Core", "Unity.VisualScripting.Core.csproj", "{2E90FE8F-3E99-BC5C-80E4-C3EFFCB56AF4}"
EndProject
Project("{FAE04EC0-301F-11D3-BF4B-00C04F79EFBC}") = "Unity.Services.Core.Environments.Internal", "Unity.Services.Core.Environments.Internal.csproj", "{035C75F2-903F-F62B-47B2-A7E21B609445}"
EndProject
Project("{FAE04EC0-301F-11D3-BF4B-00C04F79EFBC}") = "Unity.TextMeshPro", "Unity.TextMeshPro.csproj", "{4BDC4645-D7EA-3368-AC40-C6704C7AFD27}"
EndProject
Project("{FAE04EC0-301F-11D3-BF4B-00C04F79EFBC}") = "Assembly-CSharp", "Assembly-CSharp.csproj", "{725712AC-100A-DBDE-B192-C63EDC09D868}"
EndProject
Project("{FAE04EC0-301F-11D3-BF4B-00C04F79EFBC}") = "Unity.Timeline", "Unity.Timeline.csproj", "{8310CACA-518E-28AB-FB06-A38CE9242EAB}"
EndProject
Project("{FAE04EC0-301F-11D3-BF4B-00C04F79EFBC}") = "Unity.Services.Core", "Unity.Services.Core.csproj", "{1DF61F73-BFD2-EBC5-23F4-AFD0D7920CCF}"
EndProject
Project("{FAE04EC0-301F-11D3-BF4B-00C04F79EFBC}") = "Unity.Services.Core.Environments", "Unity.Services.Core.Environments.csproj", "{E88BC425-B13D-2142-56C3-5C7038985493}"
EndProject
Project("{FAE04EC0-301F-11D3-BF4B-00C04F79EFBC}") = "CFXRDemo", "CFXRDemo.csproj", "{FC8978D2-A1D9-C458-9D90-CF953443A362}"
EndProject
Project("{FAE04EC0-301F-11D3-BF4B-00C04F79EFBC}") = "Unity.Services.Core.Internal", "Unity.Services.Core.Internal.csproj", "{EB3B9CB0-6978-63FF-C8F0-B25E58B1300B}"
EndProject
Project("{FAE04EC0-301F-11D3-BF4B-00C04F79EFBC}") = "Unity.Services.Core.Analytics", "Unity.Services.Core.Analytics.csproj", "{CC8D6BFE-465E-F4AA-40F1-4357AA46BEB7}"
EndProject
Project("{FAE04EC0-301F-11D3-BF4B-00C04F79EFBC}") = "Unity.Services.Core.Scheduler", "Unity.Services.Core.Scheduler.csproj", "{0750012F-A59A-655E-1B2A-14D1A2C3747A}"
EndProject
Project("{FAE04EC0-301F-11D3-BF4B-00C04F79EFBC}") = "Unity.Services.Core.Registration", "Unity.Services.Core.Registration.csproj", "{75BE12C4-D085-D646-00F3-8D7EDF1370D5}"
EndProject
Project("{FAE04EC0-301F-11D3-BF4B-00C04F79EFBC}") = "Unity.Services.Core.Device", "Unity.Services.Core.Device.csproj", "{AD909AFA-5116-CDD9-B4E7-6E82D1569AE3}"
EndProject
Project("{FAE04EC0-301F-11D3-BF4B-00C04F79EFBC}") = "CFXRRuntime", "CFXRRuntime.csproj", "{E5F450AA-BCF4-5E1E-DFCE-86CEC49DEC6B}"
EndProject
Project("{FAE04EC0-301F-11D3-BF4B-00C04F79EFBC}") = "Unity.Services.Core.Threading", "Unity.Services.Core.Threading.csproj", "{4CD1DE46-734B-13DE-A152-741F80997225}"
EndProject
Project("{FAE04EC0-301F-11D3-BF4B-00C04F79EFBC}") = "Unity.Services.Core.Networking", "Unity.Services.Core.Networking.csproj", "{AADAE36A-EA54-5206-FC31-7E98EDC0DBF8}"
EndProject
Project("{FAE04EC0-301F-11D3-BF4B-00C04F79EFBC}") = "Unity.Services.Core.Configuration", "Unity.Services.Core.Configuration.csproj", "{53679AA9-AB97-9EB9-B604-343278B6FA25}"
EndProject
Project("{FAE04EC0-301F-11D3-BF4B-00C04F79EFBC}") = "KinoBloom.Runtime", "KinoBloom.Runtime.csproj", "{51F2B015-42E0-DDAA-E16A-B95EF7A2597C}"
EndProject
Project("{FAE04EC0-301F-11D3-BF4B-00C04F79EFBC}") = "Unity.PlasticSCM.Editor", "Unity.PlasticSCM.Editor.csproj", "{E88D53F2-5C8C-28B8-0B6D-07AB30E9D5E8}"
EndProject
Project("{FAE04EC0-301F-11D3-BF4B-00C04F79EFBC}") = "Unity.VisualScripting.Core.Editor", "Unity.VisualScripting.Core.Editor.csproj", "{4F41F184-E90C-4D13-D05E-9443E1D87043}"
EndProject
Project("{FAE04EC0-301F-11D3-BF4B-00C04F79EFBC}") = "Unity.VisualScripting.Flow.Editor", "Unity.VisualScripting.Flow.Editor.csproj", "{654C13B0-1065-7CDC-63BE-1487264F5CF4}"
EndProject
Project("{FAE04EC0-301F-11D3-BF4B-00C04F79EFBC}") = "Unity.VisualStudio.Editor", "Unity.VisualStudio.Editor.csproj", "{18E08054-5A88-C5D0-E722-A3FA2EFB58EE}"
EndProject
Project("{FAE04EC0-301F-11D3-BF4B-00C04F79EFBC}") = "Unity.Timeline.Editor", "Unity.Timeline.Editor.csproj", "{3193078B-F302-B294-F746-6153E0199542}"
EndProject
Project("{FAE04EC0-301F-11D3-BF4B-00C04F79EFBC}") = "Unity.VisualScripting.State.Editor", "Unity.VisualScripting.State.Editor.csproj", "{2FD1D4A2-75A2-8666-C30C-162B9B59FCC0}"
EndProject
Project("{FAE04EC0-301F-11D3-BF4B-00C04F79EFBC}") = "Unity.TextMeshPro.Editor", "Unity.TextMeshPro.Editor.csproj", "{9E83D42B-BC52-28B6-EC6F-749A95C21397}"
EndProject
Project("{FAE04EC0-301F-11D3-BF4B-00C04F79EFBC}") = "Unity.VisualScripting.SettingsProvider.Editor", "Unity.VisualScripting.SettingsProvider.Editor.csproj", "{3041C37B-FDBF-3703-CF0A-80725523D8E4}"
EndProject
Project("{FAE04EC0-301F-11D3-BF4B-00C04F79EFBC}") = "Unity.CollabProxy.Editor", "Unity.CollabProxy.Editor.csproj", "{A0A78B20-E574-50B9-D356-5D5D7542575E}"
EndProject
Project("{FAE04EC0-301F-11D3-BF4B-00C04F79EFBC}") = "UnityEditor.TestRunner", "UnityEditor.TestRunner.csproj", "{BD49638A-B0A2-39F4-2375-E91FFE11F255}"
EndProject
Project("{FAE04EC0-301F-11D3-BF4B-00C04F79EFBC}") = "Unity.Services.Core.Editor", "Unity.Services.Core.Editor.csproj", "{63BF3F4A-5848-7911-19DD-8040618F7385}"
EndProject
Project("{FAE04EC0-301F-11D3-BF4B-00C04F79EFBC}") = "Unity.TestTools.CodeCoverage.Editor", "Unity.TestTools.CodeCoverage.Editor.csproj", "{DCFEBA31-7FBE-BC1C-1A51-F9C1172DE16F}"
EndProject
Project("{FAE04EC0-301F-11D3-BF4B-00C04F79EFBC}") = "Unity.Rider.Editor", "Unity.Rider.Editor.csproj", "{E641EB41-D7D1-0B39-E454-E7F140D53792}"
EndProject
Project("{FAE04EC0-301F-11D3-BF4B-00C04F79EFBC}") = "Unity.Performance.Profile-Analyzer.Editor", "Unity.Performance.Profile-Analyzer.Editor.csproj", "{866F7688-D697-EF4E-A4C9-FA36AB1D6F8F}"
EndProject
Project("{FAE04EC0-301F-11D3-BF4B-00C04F79EFBC}") = "Unity.VSCode.Editor", "Unity.VSCode.Editor.csproj", "{11C51EBD-4F3F-4329-81DF-80CC5DC1A98D}"
EndProject
Project("{FAE04EC0-301F-11D3-BF4B-00C04F79EFBC}") = "Unity.2D.Sprite.Editor", "Unity.2D.Sprite.Editor.csproj", "{D2EE6612-B7FE-A1A5-885D-F0B8BB4EA3B3}"
EndProject
Project("{FAE04EC0-301F-11D3-BF4B-00C04F79EFBC}") = "UnityEditor.UI", "UnityEditor.UI.csproj", "{3D3EBAC4-B3BB-41D5-530B-574F5B127048}"
EndProject
Project("{FAE04EC0-301F-11D3-BF4B-00C04F79EFBC}") = "Unity.TestTools.CodeCoverage.Editor.OpenCover.Model", "Unity.TestTools.CodeCoverage.Editor.OpenCover.Model.csproj", "{96EC5E1E-C7BB-2623-219C-06DA142F4745}"
EndProject
Project("{FAE04EC0-301F-11D3-BF4B-00C04F79EFBC}") = "Unity.EditorCoroutines.Editor", "Unity.EditorCoroutines.Editor.csproj", "{EC92E923-CFB7-6221-52D9-CD85127C3A7A}"
EndProject
Project("{FAE04EC0-301F-11D3-BF4B-00C04F79EFBC}") = "CFXREditor", "CFXREditor.csproj", "{DE023D21-B94C-7B79-DC65-C1FB15ADBFF4}"
EndProject
Project("{FAE04EC0-301F-11D3-BF4B-00C04F79EFBC}") = "Unity.Settings.Editor", "Unity.Settings.Editor.csproj", "{E9C8C1DE-E7A0-0AC0-FCD3-018865835A7C}"
EndProject
Project("{FAE04EC0-301F-11D3-BF4B-00C04F79EFBC}") = "Assembly-CSharp-Editor", "Assembly-CSharp-Editor.csproj", "{DA098A42-ECD6-9C38-2B78-DDA36F62B4C9}"
EndProject
Project("{FAE04EC0-301F-11D3-BF4B-00C04F79EFBC}") = "Unity.Services.Core.Configuration.Editor", "Unity.Services.Core.Configuration.Editor.csproj", "{124C5978-21F7-EB8B-5124-98846680B03D}"
EndProject
Project("{FAE04EC0-301F-11D3-BF4B-00C04F79EFBC}") = "Unity.TestTools.CodeCoverage.Editor.OpenCover.Mono.Reflection", "Unity.TestTools.CodeCoverage.Editor.OpenCover.Mono.Reflection.csproj", "{E679FDE4-9352-F023-FBFA-917B48F77EEA}"
EndProject
Project("{FAE04EC0-301F-11D3-BF4B-00C04F79EFBC}") = "Unity.VisualScripting.Shared.Editor", "Unity.VisualScripting.Shared.Editor.csproj", "{A143270F-A77A-C985-9303-C29DB09FBCC1}"
EndProject
Project("{FAE04EC0-301F-11D3-BF4B-00C04F79EFBC}") = "CFXR.WelcomeScreen", "CFXR.WelcomeScreen.csproj", "{BDA17F33-7C76-CAE2-FDCD-F8A93D06B2CA}"
EndProject
Project("{FAE04EC0-301F-11D3-BF4B-00C04F79EFBC}") = "ToonyColorsPro.Demo.Editor", "ToonyColorsPro.Demo.Editor.csproj", "{ED8F27D1-9A02-B480-1511-0F0545D577A5}"
EndProject
Global
	GlobalSection(SolutionConfigurationPlatforms) = preSolution
		Debug|Any CPU = Debug|Any CPU
		Release|Any CPU = Release|Any CPU
	EndGlobalSection
	GlobalSection(ProjectConfigurationPlatforms) = postSolution
		{BB55AFA2-D84C-D207-8972-35F2E0E99237}.Debug|Any CPU.ActiveCfg = Debug|Any CPU
		{BB55AFA2-D84C-D207-8972-35F2E0E99237}.Debug|Any CPU.Build.0 = Debug|Any CPU
		{BB55AFA2-D84C-D207-8972-35F2E0E99237}.Release|Any CPU.ActiveCfg = Release|Any CPU
		{BB55AFA2-D84C-D207-8972-35F2E0E99237}.Release|Any CPU.Build.0 = Release|Any CPU
		{737B592C-11AC-1797-080E-974A6096C894}.Debug|Any CPU.ActiveCfg = Debug|Any CPU
		{737B592C-11AC-1797-080E-974A6096C894}.Debug|Any CPU.Build.0 = Debug|Any CPU
		{737B592C-11AC-1797-080E-974A6096C894}.Release|Any CPU.ActiveCfg = Release|Any CPU
		{737B592C-11AC-1797-080E-974A6096C894}.Release|Any CPU.Build.0 = Release|Any CPU
		{89FED8A9-ECDB-DBD2-1C1D-46E043432D60}.Debug|Any CPU.ActiveCfg = Debug|Any CPU
		{89FED8A9-ECDB-DBD2-1C1D-46E043432D60}.Debug|Any CPU.Build.0 = Debug|Any CPU
		{89FED8A9-ECDB-DBD2-1C1D-46E043432D60}.Release|Any CPU.ActiveCfg = Release|Any CPU
		{89FED8A9-ECDB-DBD2-1C1D-46E043432D60}.Release|Any CPU.Build.0 = Release|Any CPU
		{13CCBD84-44C0-9A42-1DE9-59A9A312BF9E}.Debug|Any CPU.ActiveCfg = Debug|Any CPU
		{13CCBD84-44C0-9A42-1DE9-59A9A312BF9E}.Debug|Any CPU.Build.0 = Debug|Any CPU
		{13CCBD84-44C0-9A42-1DE9-59A9A312BF9E}.Release|Any CPU.ActiveCfg = Release|Any CPU
		{13CCBD84-44C0-9A42-1DE9-59A9A312BF9E}.Release|Any CPU.Build.0 = Release|Any CPU
		{FF08D2E4-FDAB-CD71-7502-288A093BC941}.Debug|Any CPU.ActiveCfg = Debug|Any CPU
		{FF08D2E4-FDAB-CD71-7502-288A093BC941}.Debug|Any CPU.Build.0 = Debug|Any CPU
		{FF08D2E4-FDAB-CD71-7502-288A093BC941}.Release|Any CPU.ActiveCfg = Release|Any CPU
		{FF08D2E4-FDAB-CD71-7502-288A093BC941}.Release|Any CPU.Build.0 = Release|Any CPU
		{2E90FE8F-3E99-BC5C-80E4-C3EFFCB56AF4}.Debug|Any CPU.ActiveCfg = Debug|Any CPU
		{2E90FE8F-3E99-BC5C-80E4-C3EFFCB56AF4}.Debug|Any CPU.Build.0 = Debug|Any CPU
		{2E90FE8F-3E99-BC5C-80E4-C3EFFCB56AF4}.Release|Any CPU.ActiveCfg = Release|Any CPU
		{2E90FE8F-3E99-BC5C-80E4-C3EFFCB56AF4}.Release|Any CPU.Build.0 = Release|Any CPU
		{035C75F2-903F-F62B-47B2-A7E21B609445}.Debug|Any CPU.ActiveCfg = Debug|Any CPU
		{035C75F2-903F-F62B-47B2-A7E21B609445}.Debug|Any CPU.Build.0 = Debug|Any CPU
		{035C75F2-903F-F62B-47B2-A7E21B609445}.Release|Any CPU.ActiveCfg = Release|Any CPU
		{035C75F2-903F-F62B-47B2-A7E21B609445}.Release|Any CPU.Build.0 = Release|Any CPU
		{4BDC4645-D7EA-3368-AC40-C6704C7AFD27}.Debug|Any CPU.ActiveCfg = Debug|Any CPU
		{4BDC4645-D7EA-3368-AC40-C6704C7AFD27}.Debug|Any CPU.Build.0 = Debug|Any CPU
		{4BDC4645-D7EA-3368-AC40-C6704C7AFD27}.Release|Any CPU.ActiveCfg = Release|Any CPU
		{4BDC4645-D7EA-3368-AC40-C6704C7AFD27}.Release|Any CPU.Build.0 = Release|Any CPU
		{725712AC-100A-DBDE-B192-C63EDC09D868}.Debug|Any CPU.ActiveCfg = Debug|Any CPU
		{725712AC-100A-DBDE-B192-C63EDC09D868}.Debug|Any CPU.Build.0 = Debug|Any CPU
		{725712AC-100A-DBDE-B192-C63EDC09D868}.Release|Any CPU.ActiveCfg = Release|Any CPU
		{725712AC-100A-DBDE-B192-C63EDC09D868}.Release|Any CPU.Build.0 = Release|Any CPU
		{8310CACA-518E-28AB-FB06-A38CE9242EAB}.Debug|Any CPU.ActiveCfg = Debug|Any CPU
		{8310CACA-518E-28AB-FB06-A38CE9242EAB}.Debug|Any CPU.Build.0 = Debug|Any CPU
		{8310CACA-518E-28AB-FB06-A38CE9242EAB}.Release|Any CPU.ActiveCfg = Release|Any CPU
		{8310CACA-518E-28AB-FB06-A38CE9242EAB}.Release|Any CPU.Build.0 = Release|Any CPU
		{1DF61F73-BFD2-EBC5-23F4-AFD0D7920CCF}.Debug|Any CPU.ActiveCfg = Debug|Any CPU
		{1DF61F73-BFD2-EBC5-23F4-AFD0D7920CCF}.Debug|Any CPU.Build.0 = Debug|Any CPU
		{1DF61F73-BFD2-EBC5-23F4-AFD0D7920CCF}.Release|Any CPU.ActiveCfg = Release|Any CPU
		{1DF61F73-BFD2-EBC5-23F4-AFD0D7920CCF}.Release|Any CPU.Build.0 = Release|Any CPU
		{E88BC425-B13D-2142-56C3-5C7038985493}.Debug|Any CPU.ActiveCfg = Debug|Any CPU
		{E88BC425-B13D-2142-56C3-5C7038985493}.Debug|Any CPU.Build.0 = Debug|Any CPU
		{E88BC425-B13D-2142-56C3-5C7038985493}.Release|Any CPU.ActiveCfg = Release|Any CPU
		{E88BC425-B13D-2142-56C3-5C7038985493}.Release|Any CPU.Build.0 = Release|Any CPU
		{FC8978D2-A1D9-C458-9D90-CF953443A362}.Debug|Any CPU.ActiveCfg = Debug|Any CPU
		{FC8978D2-A1D9-C458-9D90-CF953443A362}.Debug|Any CPU.Build.0 = Debug|Any CPU
		{FC8978D2-A1D9-C458-9D90-CF953443A362}.Release|Any CPU.ActiveCfg = Release|Any CPU
		{FC8978D2-A1D9-C458-9D90-CF953443A362}.Release|Any CPU.Build.0 = Release|Any CPU
		{EB3B9CB0-6978-63FF-C8F0-B25E58B1300B}.Debug|Any CPU.ActiveCfg = Debug|Any CPU
		{EB3B9CB0-6978-63FF-C8F0-B25E58B1300B}.Debug|Any CPU.Build.0 = Debug|Any CPU
		{EB3B9CB0-6978-63FF-C8F0-B25E58B1300B}.Release|Any CPU.ActiveCfg = Release|Any CPU
		{EB3B9CB0-6978-63FF-C8F0-B25E58B1300B}.Release|Any CPU.Build.0 = Release|Any CPU
		{CC8D6BFE-465E-F4AA-40F1-4357AA46BEB7}.Debug|Any CPU.ActiveCfg = Debug|Any CPU
		{CC8D6BFE-465E-F4AA-40F1-4357AA46BEB7}.Debug|Any CPU.Build.0 = Debug|Any CPU
		{CC8D6BFE-465E-F4AA-40F1-4357AA46BEB7}.Release|Any CPU.ActiveCfg = Release|Any CPU
		{CC8D6BFE-465E-F4AA-40F1-4357AA46BEB7}.Release|Any CPU.Build.0 = Release|Any CPU
		{0750012F-A59A-655E-1B2A-14D1A2C3747A}.Debug|Any CPU.ActiveCfg = Debug|Any CPU
		{0750012F-A59A-655E-1B2A-14D1A2C3747A}.Debug|Any CPU.Build.0 = Debug|Any CPU
		{0750012F-A59A-655E-1B2A-14D1A2C3747A}.Release|Any CPU.ActiveCfg = Release|Any CPU
		{0750012F-A59A-655E-1B2A-14D1A2C3747A}.Release|Any CPU.Build.0 = Release|Any CPU
		{75BE12C4-D085-D646-00F3-8D7EDF1370D5}.Debug|Any CPU.ActiveCfg = Debug|Any CPU
		{75BE12C4-D085-D646-00F3-8D7EDF1370D5}.Debug|Any CPU.Build.0 = Debug|Any CPU
		{75BE12C4-D085-D646-00F3-8D7EDF1370D5}.Release|Any CPU.ActiveCfg = Release|Any CPU
		{75BE12C4-D085-D646-00F3-8D7EDF1370D5}.Release|Any CPU.Build.0 = Release|Any CPU
		{AD909AFA-5116-CDD9-B4E7-6E82D1569AE3}.Debug|Any CPU.ActiveCfg = Debug|Any CPU
		{AD909AFA-5116-CDD9-B4E7-6E82D1569AE3}.Debug|Any CPU.Build.0 = Debug|Any CPU
		{AD909AFA-5116-CDD9-B4E7-6E82D1569AE3}.Release|Any CPU.ActiveCfg = Release|Any CPU
		{AD909AFA-5116-CDD9-B4E7-6E82D1569AE3}.Release|Any CPU.Build.0 = Release|Any CPU
		{E5F450AA-BCF4-5E1E-DFCE-86CEC49DEC6B}.Debug|Any CPU.ActiveCfg = Debug|Any CPU
		{E5F450AA-BCF4-5E1E-DFCE-86CEC49DEC6B}.Debug|Any CPU.Build.0 = Debug|Any CPU
		{E5F450AA-BCF4-5E1E-DFCE-86CEC49DEC6B}.Release|Any CPU.ActiveCfg = Release|Any CPU
		{E5F450AA-BCF4-5E1E-DFCE-86CEC49DEC6B}.Release|Any CPU.Build.0 = Release|Any CPU
		{4CD1DE46-734B-13DE-A152-741F80997225}.Debug|Any CPU.ActiveCfg = Debug|Any CPU
		{4CD1DE46-734B-13DE-A152-741F80997225}.Debug|Any CPU.Build.0 = Debug|Any CPU
		{4CD1DE46-734B-13DE-A152-741F80997225}.Release|Any CPU.ActiveCfg = Release|Any CPU
		{4CD1DE46-734B-13DE-A152-741F80997225}.Release|Any CPU.Build.0 = Release|Any CPU
		{AADAE36A-EA54-5206-FC31-7E98EDC0DBF8}.Debug|Any CPU.ActiveCfg = Debug|Any CPU
		{AADAE36A-EA54-5206-FC31-7E98EDC0DBF8}.Debug|Any CPU.Build.0 = Debug|Any CPU
		{AADAE36A-EA54-5206-FC31-7E98EDC0DBF8}.Release|Any CPU.ActiveCfg = Release|Any CPU
		{AADAE36A-EA54-5206-FC31-7E98EDC0DBF8}.Release|Any CPU.Build.0 = Release|Any CPU
		{53679AA9-AB97-9EB9-B604-343278B6FA25}.Debug|Any CPU.ActiveCfg = Debug|Any CPU
		{53679AA9-AB97-9EB9-B604-343278B6FA25}.Debug|Any CPU.Build.0 = Debug|Any CPU
		{53679AA9-AB97-9EB9-B604-343278B6FA25}.Release|Any CPU.ActiveCfg = Release|Any CPU
		{53679AA9-AB97-9EB9-B604-343278B6FA25}.Release|Any CPU.Build.0 = Release|Any CPU
		{51F2B015-42E0-DDAA-E16A-B95EF7A2597C}.Debug|Any CPU.ActiveCfg = Debug|Any CPU
		{51F2B015-42E0-DDAA-E16A-B95EF7A2597C}.Debug|Any CPU.Build.0 = Debug|Any CPU
		{51F2B015-42E0-DDAA-E16A-B95EF7A2597C}.Release|Any CPU.ActiveCfg = Release|Any CPU
		{51F2B015-42E0-DDAA-E16A-B95EF7A2597C}.Release|Any CPU.Build.0 = Release|Any CPU
		{E88D53F2-5C8C-28B8-0B6D-07AB30E9D5E8}.Debug|Any CPU.ActiveCfg = Debug|Any CPU
		{E88D53F2-5C8C-28B8-0B6D-07AB30E9D5E8}.Debug|Any CPU.Build.0 = Debug|Any CPU
		{E88D53F2-5C8C-28B8-0B6D-07AB30E9D5E8}.Release|Any CPU.ActiveCfg = Release|Any CPU
		{E88D53F2-5C8C-28B8-0B6D-07AB30E9D5E8}.Release|Any CPU.Build.0 = Release|Any CPU
		{4F41F184-E90C-4D13-D05E-9443E1D87043}.Debug|Any CPU.ActiveCfg = Debug|Any CPU
		{4F41F184-E90C-4D13-D05E-9443E1D87043}.Debug|Any CPU.Build.0 = Debug|Any CPU
		{4F41F184-E90C-4D13-D05E-9443E1D87043}.Release|Any CPU.ActiveCfg = Release|Any CPU
		{4F41F184-E90C-4D13-D05E-9443E1D87043}.Release|Any CPU.Build.0 = Release|Any CPU
		{654C13B0-1065-7CDC-63BE-1487264F5CF4}.Debug|Any CPU.ActiveCfg = Debug|Any CPU
		{654C13B0-1065-7CDC-63BE-1487264F5CF4}.Debug|Any CPU.Build.0 = Debug|Any CPU
		{654C13B0-1065-7CDC-63BE-1487264F5CF4}.Release|Any CPU.ActiveCfg = Release|Any CPU
		{654C13B0-1065-7CDC-63BE-1487264F5CF4}.Release|Any CPU.Build.0 = Release|Any CPU
		{18E08054-5A88-C5D0-E722-A3FA2EFB58EE}.Debug|Any CPU.ActiveCfg = Debug|Any CPU
		{18E08054-5A88-C5D0-E722-A3FA2EFB58EE}.Debug|Any CPU.Build.0 = Debug|Any CPU
		{18E08054-5A88-C5D0-E722-A3FA2EFB58EE}.Release|Any CPU.ActiveCfg = Release|Any CPU
		{18E08054-5A88-C5D0-E722-A3FA2EFB58EE}.Release|Any CPU.Build.0 = Release|Any CPU
		{3193078B-F302-B294-F746-6153E0199542}.Debug|Any CPU.ActiveCfg = Debug|Any CPU
		{3193078B-F302-B294-F746-6153E0199542}.Debug|Any CPU.Build.0 = Debug|Any CPU
		{3193078B-F302-B294-F746-6153E0199542}.Release|Any CPU.ActiveCfg = Release|Any CPU
		{3193078B-F302-B294-F746-6153E0199542}.Release|Any CPU.Build.0 = Release|Any CPU
		{2FD1D4A2-75A2-8666-C30C-162B9B59FCC0}.Debug|Any CPU.ActiveCfg = Debug|Any CPU
		{2FD1D4A2-75A2-8666-C30C-162B9B59FCC0}.Debug|Any CPU.Build.0 = Debug|Any CPU
		{2FD1D4A2-75A2-8666-C30C-162B9B59FCC0}.Release|Any CPU.ActiveCfg = Release|Any CPU
		{2FD1D4A2-75A2-8666-C30C-162B9B59FCC0}.Release|Any CPU.Build.0 = Release|Any CPU
		{9E83D42B-BC52-28B6-EC6F-749A95C21397}.Debug|Any CPU.ActiveCfg = Debug|Any CPU
		{9E83D42B-BC52-28B6-EC6F-749A95C21397}.Debug|Any CPU.Build.0 = Debug|Any CPU
		{9E83D42B-BC52-28B6-EC6F-749A95C21397}.Release|Any CPU.ActiveCfg = Release|Any CPU
		{9E83D42B-BC52-28B6-EC6F-749A95C21397}.Release|Any CPU.Build.0 = Release|Any CPU
		{3041C37B-FDBF-3703-CF0A-80725523D8E4}.Debug|Any CPU.ActiveCfg = Debug|Any CPU
		{3041C37B-FDBF-3703-CF0A-80725523D8E4}.Debug|Any CPU.Build.0 = Debug|Any CPU
		{3041C37B-FDBF-3703-CF0A-80725523D8E4}.Release|Any CPU.ActiveCfg = Release|Any CPU
		{3041C37B-FDBF-3703-CF0A-80725523D8E4}.Release|Any CPU.Build.0 = Release|Any CPU
		{A0A78B20-E574-50B9-D356-5D5D7542575E}.Debug|Any CPU.ActiveCfg = Debug|Any CPU
		{A0A78B20-E574-50B9-D356-5D5D7542575E}.Debug|Any CPU.Build.0 = Debug|Any CPU
		{A0A78B20-E574-50B9-D356-5D5D7542575E}.Release|Any CPU.ActiveCfg = Release|Any CPU
		{A0A78B20-E574-50B9-D356-5D5D7542575E}.Release|Any CPU.Build.0 = Release|Any CPU
		{BD49638A-B0A2-39F4-2375-E91FFE11F255}.Debug|Any CPU.ActiveCfg = Debug|Any CPU
		{BD49638A-B0A2-39F4-2375-E91FFE11F255}.Debug|Any CPU.Build.0 = Debug|Any CPU
		{BD49638A-B0A2-39F4-2375-E91FFE11F255}.Release|Any CPU.ActiveCfg = Release|Any CPU
		{BD49638A-B0A2-39F4-2375-E91FFE11F255}.Release|Any CPU.Build.0 = Release|Any CPU
		{63BF3F4A-5848-7911-19DD-8040618F7385}.Debug|Any CPU.ActiveCfg = Debug|Any CPU
		{63BF3F4A-5848-7911-19DD-8040618F7385}.Debug|Any CPU.Build.0 = Debug|Any CPU
		{63BF3F4A-5848-7911-19DD-8040618F7385}.Release|Any CPU.ActiveCfg = Release|Any CPU
		{63BF3F4A-5848-7911-19DD-8040618F7385}.Release|Any CPU.Build.0 = Release|Any CPU
		{DCFEBA31-7FBE-BC1C-1A51-F9C1172DE16F}.Debug|Any CPU.ActiveCfg = Debug|Any CPU
		{DCFEBA31-7FBE-BC1C-1A51-F9C1172DE16F}.Debug|Any CPU.Build.0 = Debug|Any CPU
		{DCFEBA31-7FBE-BC1C-1A51-F9C1172DE16F}.Release|Any CPU.ActiveCfg = Release|Any CPU
		{DCFEBA31-7FBE-BC1C-1A51-F9C1172DE16F}.Release|Any CPU.Build.0 = Release|Any CPU
		{E641EB41-D7D1-0B39-E454-E7F140D53792}.Debug|Any CPU.ActiveCfg = Debug|Any CPU
		{E641EB41-D7D1-0B39-E454-E7F140D53792}.Debug|Any CPU.Build.0 = Debug|Any CPU
		{E641EB41-D7D1-0B39-E454-E7F140D53792}.Release|Any CPU.ActiveCfg = Release|Any CPU
		{E641EB41-D7D1-0B39-E454-E7F140D53792}.Release|Any CPU.Build.0 = Release|Any CPU
		{866F7688-D697-EF4E-A4C9-FA36AB1D6F8F}.Debug|Any CPU.ActiveCfg = Debug|Any CPU
		{866F7688-D697-EF4E-A4C9-FA36AB1D6F8F}.Debug|Any CPU.Build.0 = Debug|Any CPU
		{866F7688-D697-EF4E-A4C9-FA36AB1D6F8F}.Release|Any CPU.ActiveCfg = Release|Any CPU
		{866F7688-D697-EF4E-A4C9-FA36AB1D6F8F}.Release|Any CPU.Build.0 = Release|Any CPU
		{11C51EBD-4F3F-4329-81DF-80CC5DC1A98D}.Debug|Any CPU.ActiveCfg = Debug|Any CPU
		{11C51EBD-4F3F-4329-81DF-80CC5DC1A98D}.Debug|Any CPU.Build.0 = Debug|Any CPU
		{11C51EBD-4F3F-4329-81DF-80CC5DC1A98D}.Release|Any CPU.ActiveCfg = Release|Any CPU
		{11C51EBD-4F3F-4329-81DF-80CC5DC1A98D}.Release|Any CPU.Build.0 = Release|Any CPU
		{D2EE6612-B7FE-A1A5-885D-F0B8BB4EA3B3}.Debug|Any CPU.ActiveCfg = Debug|Any CPU
		{D2EE6612-B7FE-A1A5-885D-F0B8BB4EA3B3}.Debug|Any CPU.Build.0 = Debug|Any CPU
		{D2EE6612-B7FE-A1A5-885D-F0B8BB4EA3B3}.Release|Any CPU.ActiveCfg = Release|Any CPU
		{D2EE6612-B7FE-A1A5-885D-F0B8BB4EA3B3}.Release|Any CPU.Build.0 = Release|Any CPU
		{3D3EBAC4-B3BB-41D5-530B-574F5B127048}.Debug|Any CPU.ActiveCfg = Debug|Any CPU
		{3D3EBAC4-B3BB-41D5-530B-574F5B127048}.Debug|Any CPU.Build.0 = Debug|Any CPU
		{3D3EBAC4-B3BB-41D5-530B-574F5B127048}.Release|Any CPU.ActiveCfg = Release|Any CPU
		{3D3EBAC4-B3BB-41D5-530B-574F5B127048}.Release|Any CPU.Build.0 = Release|Any CPU
		{96EC5E1E-C7BB-2623-219C-06DA142F4745}.Debug|Any CPU.ActiveCfg = Debug|Any CPU
		{96EC5E1E-C7BB-2623-219C-06DA142F4745}.Debug|Any CPU.Build.0 = Debug|Any CPU
		{96EC5E1E-C7BB-2623-219C-06DA142F4745}.Release|Any CPU.ActiveCfg = Release|Any CPU
		{96EC5E1E-C7BB-2623-219C-06DA142F4745}.Release|Any CPU.Build.0 = Release|Any CPU
		{EC92E923-CFB7-6221-52D9-CD85127C3A7A}.Debug|Any CPU.ActiveCfg = Debug|Any CPU
		{EC92E923-CFB7-6221-52D9-CD85127C3A7A}.Debug|Any CPU.Build.0 = Debug|Any CPU
		{EC92E923-CFB7-6221-52D9-CD85127C3A7A}.Release|Any CPU.ActiveCfg = Release|Any CPU
		{EC92E923-CFB7-6221-52D9-CD85127C3A7A}.Release|Any CPU.Build.0 = Release|Any CPU
		{DE023D21-B94C-7B79-DC65-C1FB15ADBFF4}.Debug|Any CPU.ActiveCfg = Debug|Any CPU
		{DE023D21-B94C-7B79-DC65-C1FB15ADBFF4}.Debug|Any CPU.Build.0 = Debug|Any CPU
		{DE023D21-B94C-7B79-DC65-C1FB15ADBFF4}.Release|Any CPU.ActiveCfg = Release|Any CPU
		{DE023D21-B94C-7B79-DC65-C1FB15ADBFF4}.Release|Any CPU.Build.0 = Release|Any CPU
		{E9C8C1DE-E7A0-0AC0-FCD3-018865835A7C}.Debug|Any CPU.ActiveCfg = Debug|Any CPU
		{E9C8C1DE-E7A0-0AC0-FCD3-018865835A7C}.Debug|Any CPU.Build.0 = Debug|Any CPU
		{E9C8C1DE-E7A0-0AC0-FCD3-018865835A7C}.Release|Any CPU.ActiveCfg = Release|Any CPU
		{E9C8C1DE-E7A0-0AC0-FCD3-018865835A7C}.Release|Any CPU.Build.0 = Release|Any CPU
		{DA098A42-ECD6-9C38-2B78-DDA36F62B4C9}.Debug|Any CPU.ActiveCfg = Debug|Any CPU
		{DA098A42-ECD6-9C38-2B78-DDA36F62B4C9}.Debug|Any CPU.Build.0 = Debug|Any CPU
		{DA098A42-ECD6-9C38-2B78-DDA36F62B4C9}.Release|Any CPU.ActiveCfg = Release|Any CPU
		{DA098A42-ECD6-9C38-2B78-DDA36F62B4C9}.Release|Any CPU.Build.0 = Release|Any CPU
		{124C5978-21F7-EB8B-5124-98846680B03D}.Debug|Any CPU.ActiveCfg = Debug|Any CPU
		{124C5978-21F7-EB8B-5124-98846680B03D}.Debug|Any CPU.Build.0 = Debug|Any CPU
		{124C5978-21F7-EB8B-5124-98846680B03D}.Release|Any CPU.ActiveCfg = Release|Any CPU
		{124C5978-21F7-EB8B-5124-98846680B03D}.Release|Any CPU.Build.0 = Release|Any CPU
		{E679FDE4-9352-F023-FBFA-917B48F77EEA}.Debug|Any CPU.ActiveCfg = Debug|Any CPU
		{E679FDE4-9352-F023-FBFA-917B48F77EEA}.Debug|Any CPU.Build.0 = Debug|Any CPU
		{E679FDE4-9352-F023-FBFA-917B48F77EEA}.Release|Any CPU.ActiveCfg = Release|Any CPU
		{E679FDE4-9352-F023-FBFA-917B48F77EEA}.Release|Any CPU.Build.0 = Release|Any CPU
		{A143270F-A77A-C985-9303-C29DB09FBCC1}.Debug|Any CPU.ActiveCfg = Debug|Any CPU
		{A143270F-A77A-C985-9303-C29DB09FBCC1}.Debug|Any CPU.Build.0 = Debug|Any CPU
		{A143270F-A77A-C985-9303-C29DB09FBCC1}.Release|Any CPU.ActiveCfg = Release|Any CPU
		{A143270F-A77A-C985-9303-C29DB09FBCC1}.Release|Any CPU.Build.0 = Release|Any CPU
		{BDA17F33-7C76-CAE2-FDCD-F8A93D06B2CA}.Debug|Any CPU.ActiveCfg = Debug|Any CPU
		{BDA17F33-7C76-CAE2-FDCD-F8A93D06B2CA}.Debug|Any CPU.Build.0 = Debug|Any CPU
		{BDA17F33-7C76-CAE2-FDCD-F8A93D06B2CA}.Release|Any CPU.ActiveCfg = Release|Any CPU
		{BDA17F33-7C76-CAE2-FDCD-F8A93D06B2CA}.Release|Any CPU.Build.0 = Release|Any CPU
		{ED8F27D1-9A02-B480-1511-0F0545D577A5}.Debug|Any CPU.ActiveCfg = Debug|Any CPU
		{ED8F27D1-9A02-B480-1511-0F0545D577A5}.Debug|Any CPU.Build.0 = Debug|Any CPU
		{ED8F27D1-9A02-B480-1511-0F0545D577A5}.Release|Any CPU.ActiveCfg = Release|Any CPU
		{ED8F27D1-9A02-B480-1511-0F0545D577A5}.Release|Any CPU.Build.0 = Release|Any CPU
	EndGlobalSection
	GlobalSection(SolutionProperties) = preSolution
		HideSolutionNode = FALSE
	EndGlobalSection
EndGlobal
