
Microsoft Visual Studio Solution File, Format Version 12.00
# Visual Studio 15
Project("{FAE04EC0-301F-11D3-BF4B-00C04F79EFBC}") = "Assembly-CSharp", "Assembly-CSharp.csproj", "{725712AC-100A-DBDE-B192-C63EDC09D868}"
EndProject
Project("{FAE04EC0-301F-11D3-BF4B-00C04F79EFBC}") = "CFXRDemo", "CFXRDemo.csproj", "{FC8978D2-A1D9-C458-9D90-CF953443A362}"
EndProject
Project("{FAE04EC0-301F-11D3-BF4B-00C04F79EFBC}") = "CFXRRuntime", "CFXRRuntime.csproj", "{E5F450AA-BCF4-5E1E-DFCE-86CEC49DEC6B}"
EndProject
Project("{FAE04EC0-301F-11D3-BF4B-00C04F79EFBC}") = "KinoBloom.Runtime", "KinoBloom.Runtime.csproj", "{51F2B015-42E0-DDAA-E16A-B95EF7A2597C}"
EndProject
Project("{FAE04EC0-301F-11D3-BF4B-00C04F79EFBC}") = "CFXREditor", "CFXREditor.csproj", "{DE023D21-B94C-7B79-DC65-C1FB15ADBFF4}"
EndProject
Project("{FAE04EC0-301F-11D3-BF4B-00C04F79EFBC}") = "Assembly-CSharp-Editor", "Assembly-CSharp-Editor.csproj", "{DA098A42-ECD6-9C38-2B78-DDA36F62B4C9}"
EndProject
Project("{FAE04EC0-301F-11D3-BF4B-00C04F79EFBC}") = "CFXR.WelcomeScreen", "CFXR.WelcomeScreen.csproj", "{BDA17F33-7C76-CAE2-FDCD-F8A93D06B2CA}"
EndProject
Project("{FAE04EC0-301F-11D3-BF4B-00C04F79EFBC}") = "ToonyColorsPro.Demo.Editor", "ToonyColorsPro.Demo.Editor.csproj", "{ED8F27D1-9A02-B480-1511-0F0545D577A5}"
EndProject
Global
	GlobalSection(SolutionConfigurationPlatforms) = preSolution
		Debug|Any CPU = Debug|Any CPU
		Release|Any CPU = Release|Any CPU
	EndGlobalSection
	GlobalSection(ProjectConfigurationPlatforms) = postSolution
		{725712AC-100A-DBDE-B192-C63EDC09D868}.Debug|Any CPU.ActiveCfg = Debug|Any CPU
		{725712AC-100A-DBDE-B192-C63EDC09D868}.Debug|Any CPU.Build.0 = Debug|Any CPU
		{725712AC-100A-DBDE-B192-C63EDC09D868}.Release|Any CPU.ActiveCfg = Release|Any CPU
		{725712AC-100A-DBDE-B192-C63EDC09D868}.Release|Any CPU.Build.0 = Release|Any CPU
		{FC8978D2-A1D9-C458-9D90-CF953443A362}.Debug|Any CPU.ActiveCfg = Debug|Any CPU
		{FC8978D2-A1D9-C458-9D90-CF953443A362}.Debug|Any CPU.Build.0 = Debug|Any CPU
		{FC8978D2-A1D9-C458-9D90-CF953443A362}.Release|Any CPU.ActiveCfg = Release|Any CPU
		{FC8978D2-A1D9-C458-9D90-CF953443A362}.Release|Any CPU.Build.0 = Release|Any CPU
		{E5F450AA-BCF4-5E1E-DFCE-86CEC49DEC6B}.Debug|Any CPU.ActiveCfg = Debug|Any CPU
		{E5F450AA-BCF4-5E1E-DFCE-86CEC49DEC6B}.Debug|Any CPU.Build.0 = Debug|Any CPU
		{E5F450AA-BCF4-5E1E-DFCE-86CEC49DEC6B}.Release|Any CPU.ActiveCfg = Release|Any CPU
		{E5F450AA-BCF4-5E1E-DFCE-86CEC49DEC6B}.Release|Any CPU.Build.0 = Release|Any CPU
		{51F2B015-42E0-DDAA-E16A-B95EF7A2597C}.Debug|Any CPU.ActiveCfg = Debug|Any CPU
		{51F2B015-42E0-DDAA-E16A-B95EF7A2597C}.Debug|Any CPU.Build.0 = Debug|Any CPU
		{51F2B015-42E0-DDAA-E16A-B95EF7A2597C}.Release|Any CPU.ActiveCfg = Release|Any CPU
		{51F2B015-42E0-DDAA-E16A-B95EF7A2597C}.Release|Any CPU.Build.0 = Release|Any CPU
		{DE023D21-B94C-7B79-DC65-C1FB15ADBFF4}.Debug|Any CPU.ActiveCfg = Debug|Any CPU
		{DE023D21-B94C-7B79-DC65-C1FB15ADBFF4}.Debug|Any CPU.Build.0 = Debug|Any CPU
		{DE023D21-B94C-7B79-DC65-C1FB15ADBFF4}.Release|Any CPU.ActiveCfg = Release|Any CPU
		{DE023D21-B94C-7B79-DC65-C1FB15ADBFF4}.Release|Any CPU.Build.0 = Release|Any CPU
		{DA098A42-ECD6-9C38-2B78-DDA36F62B4C9}.Debug|Any CPU.ActiveCfg = Debug|Any CPU
		{DA098A42-ECD6-9C38-2B78-DDA36F62B4C9}.Debug|Any CPU.Build.0 = Debug|Any CPU
		{DA098A42-ECD6-9C38-2B78-DDA36F62B4C9}.Release|Any CPU.ActiveCfg = Release|Any CPU
		{DA098A42-ECD6-9C38-2B78-DDA36F62B4C9}.Release|Any CPU.Build.0 = Release|Any CPU
		{BDA17F33-7C76-CAE2-FDCD-F8A93D06B2CA}.Debug|Any CPU.ActiveCfg = Debug|Any CPU
		{BDA17F33-7C76-CAE2-FDCD-F8A93D06B2CA}.Debug|Any CPU.Build.0 = Debug|Any CPU
		{BDA17F33-7C76-CAE2-FDCD-F8A93D06B2CA}.Release|Any CPU.ActiveCfg = Release|Any CPU
		{BDA17F33-7C76-CAE2-FDCD-F8A93D06B2CA}.Release|Any CPU.Build.0 = Release|Any CPU
		{ED8F27D1-9A02-B480-1511-0F0545D577A5}.Debug|Any CPU.ActiveCfg = Debug|Any CPU
		{ED8F27D1-9A02-B480-1511-0F0545D577A5}.Debug|Any CPU.Build.0 = Debug|Any CPU
		{ED8F27D1-9A02-B480-1511-0F0545D577A5}.Release|Any CPU.ActiveCfg = Release|Any CPU
		{ED8F27D1-9A02-B480-1511-0F0545D577A5}.Release|Any CPU.Build.0 = Release|Any CPU
	EndGlobalSection
	GlobalSection(SolutionProperties) = preSolution
		HideSolutionNode = FALSE
	EndGlobalSection
EndGlobal
